
Microsoft Visual Studio Solution File, Format Version 12.00
# Visual Studio Version 17
VisualStudioVersion = 17.1.32210.238
MinimumVisualStudioVersion = 10.0.40219.1
Project("{FAE04EC0-301F-11D3-BF4B-00C04F79EFBC}") = "MapCallMVC", "MapCallMVC\MapCallMVC.csproj", "{787BEADF-BD8F-439B-99A3-B7F0B360DF55}"
EndProject
Project("{FAE04EC0-301F-11D3-BF4B-00C04F79EFBC}") = "MapCallMVC.Tests", "MapCallMVC.Tests\MapCallMVC.Tests.csproj", "{0C6BDFD1-6ADF-448B-8BE7-68D3ECD0FC3D}"
	ProjectSection(ProjectDependencies) = postProject
		{804B85DC-3AFE-499B-B357-5BFD10CCEC68} = {804B85DC-3AFE-499B-B357-5BFD10CCEC68}
	EndProjectSection
EndProject
Project("{FAE04EC0-301F-11D3-BF4B-00C04F79EFBC}") = "MMSINC.Core", "..\mmsinc\MMSINC.Core\MMSINC.Core.csproj", "{122B2768-130D-4BEE-A23A-9B2916EAFC67}"
EndProject
Project("{9A19103F-16F7-4668-BE54-9A1E7A4F7556}") = "MapCall.Common.Mvc", "..\mmsinc\MapCall.Common.Mvc\MapCall.Common.Mvc.csproj", "{2BF5A04B-77D0-435B-AE0F-D9E3C5370030}"
EndProject
Project("{FAE04EC0-301F-11D3-BF4B-00C04F79EFBC}") = "MMSINC.Core.Mvc", "..\mmsinc\MMSINC.Core.Mvc\MMSINC.Core.Mvc.csproj", "{53CF0CDE-856B-4DC1-ABAE-9BD835C9C5D2}"
EndProject
Project("{FAE04EC0-301F-11D3-BF4B-00C04F79EFBC}") = "MMSINC.Testing", "..\mmsinc\MMSINC.Testing\MMSINC.Testing.csproj", "{D6110CB2-1E3C-41B8-8056-26A9C6DF07B3}"
EndProject
Project("{FAE04EC0-301F-11D3-BF4B-00C04F79EFBC}") = "Deleporter", "..\mmsinc\Deleporter\Deleporter.csproj", "{442A205A-2803-4EAE-9CC9-0E20A000FAE1}"
EndProject
Project("{9A19103F-16F7-4668-BE54-9A1E7A4F7556}") = "MapCall.Common", "..\mmsinc\MapCall.Common\MapCall.Common.csproj", "{63ECD277-D26D-4306-A752-1246A35B63BD}"
EndProject
Project("{FAE04EC0-301F-11D3-BF4B-00C04F79EFBC}") = "RegressionTests", "RegressionTests\RegressionTests.csproj", "{804B85DC-3AFE-499B-B357-5BFD10CCEC68}"
	ProjectSection(ProjectDependencies) = postProject
		{787BEADF-BD8F-439B-99A3-B7F0B360DF55} = {787BEADF-BD8F-439B-99A3-B7F0B360DF55}
	EndProjectSection
EndProject
Project("{FAE04EC0-301F-11D3-BF4B-00C04F79EFBC}") = "MMSINC.Testing.Mvc", "..\mmsinc\MMSINC.Testing.Mvc\MMSINC.Testing.Mvc.csproj", "{E6C5BFE0-B68E-427C-9A4C-8C801ED6CA9C}"
EndProject
Project("{9A19103F-16F7-4668-BE54-9A1E7A4F7556}") = "MapCall.Common.Testing", "..\mmsinc\MapCall.Common.Testing\MapCall.Common.Testing.csproj", "{00096530-6883-4BBA-87D8-D8F49FB41692}"
EndProject
Project("{FAE04EC0-301F-11D3-BF4B-00C04F79EFBC}") = "AuthorizeNET", "..\mmsinc\Authorize.NET\AuthorizeNET.csproj", "{5D52EAEC-42FB-4313-83B8-69E2F55EBF14}"
EndProject
Project("{FAE04EC0-301F-11D3-BF4B-00C04F79EFBC}") = "AuthorizeNet.Helpers", "..\mmsinc\AuthorizeNet.Helpers\AuthorizeNet.Helpers.csproj", "{D8408F53-8F1E-4A71-8B05-76023B09B716}"
EndProject
Project("{FAE04EC0-301F-11D3-BF4B-00C04F79EFBC}") = "Permits.Data.Client", "..\mmsinc\Permits.Data.Client\Permits.Data.Client.csproj", "{17B00AD4-E78B-4CA2-88D2-9101A372FEA5}"
EndProject
Project("{FAE04EC0-301F-11D3-BF4B-00C04F79EFBC}") = "Historian.Data.Client", "..\mmsinc\Historian.Data.Client\Historian.Data.Client.csproj", "{CF6EA71F-8570-42D0-BCC9-D35E58181E6E}"
EndProject
Project("{9A19103F-16F7-4668-BE54-9A1E7A4F7556}") = "MapCall.SAP", "..\mmsinc\MapCall.SAP\MapCall.SAP.csproj", "{9EE96C6B-095A-4792-B247-2F7B28430A9B}"
EndProject
Project("{FAE04EC0-301F-11D3-BF4B-00C04F79EFBC}") = "MapCall.SAPTest", "..\mmsinc\MapCall.SAPTest\MapCall.SAPTest.csproj", "{5929EC51-6E63-4FCD-A804-A78923E561AC}"
EndProject
Project("{2150E333-8FDC-42A3-9474-1A3956D46DE8}") = "src", "src", "{C347D7B7-01EB-4D1D-A5BA-A0E776701E30}"
EndProject
Project("{2150E333-8FDC-42A3-9474-1A3956D46DE8}") = "lib", "lib", "{528B17B6-1258-4165-AE04-8F936E6906BB}"
EndProject
Project("{2150E333-8FDC-42A3-9474-1A3956D46DE8}") = "tests", "tests", "{ED131C31-457F-4E61-BEC1-92B649D63116}"
EndProject
Global
	GlobalSection(SolutionConfigurationPlatforms) = preSolution
		Debug|x64 = Debug|x64
		QA2|x64 = QA2|x64
		QA3|x64 = QA3|x64
		QA4|x64 = QA4|x64
		Release|x64 = Release|x64
		Training|x64 = Training|x64
		QA1|x64 = QA1|x64
	EndGlobalSection
	GlobalSection(ProjectConfigurationPlatforms) = postSolution
		{787BEADF-BD8F-439B-99A3-B7F0B360DF55}.Debug|x64.ActiveCfg = Debug|x64
		{787BEADF-BD8F-439B-99A3-B7F0B360DF55}.Debug|x64.Build.0 = Debug|x64
		{787BEADF-BD8F-439B-99A3-B7F0B360DF55}.QA2|x64.ActiveCfg = QA2|x64
		{787BEADF-BD8F-439B-99A3-B7F0B360DF55}.QA2|x64.Build.0 = QA2|x64
		{787BEADF-BD8F-439B-99A3-B7F0B360DF55}.QA3|x64.ActiveCfg = QA3|x64
		{787BEADF-BD8F-439B-99A3-B7F0B360DF55}.QA3|x64.Build.0 = QA3|x64
		{787BEADF-BD8F-439B-99A3-B7F0B360DF55}.QA4|x64.ActiveCfg = QA4|x64
		{787BEADF-BD8F-439B-99A3-B7F0B360DF55}.QA4|x64.Build.0 = QA4|x64
		{787BEADF-BD8F-439B-99A3-B7F0B360DF55}.Release|x64.ActiveCfg = Release|x64
		{787BEADF-BD8F-439B-99A3-B7F0B360DF55}.Release|x64.Build.0 = Release|x64
		{787BEADF-BD8F-439B-99A3-B7F0B360DF55}.Training|x64.ActiveCfg = Training|x64
		{787BEADF-BD8F-439B-99A3-B7F0B360DF55}.Training|x64.Build.0 = Training|x64
		{787BEADF-BD8F-439B-99A3-B7F0B360DF55}.QA1|x64.ActiveCfg = QA1|x64
		{787BEADF-BD8F-439B-99A3-B7F0B360DF55}.QA1|x64.Build.0 = QA1|x64
		{0C6BDFD1-6ADF-448B-8BE7-68D3ECD0FC3D}.Debug|x64.ActiveCfg = Debug|x64
		{0C6BDFD1-6ADF-448B-8BE7-68D3ECD0FC3D}.Debug|x64.Build.0 = Debug|x64
		{0C6BDFD1-6ADF-448B-8BE7-68D3ECD0FC3D}.Release|x64.ActiveCfg = Release|x64
		{0C6BDFD1-6ADF-448B-8BE7-68D3ECD0FC3D}.QA1|x64.ActiveCfg = QA1|x64
		{0C6BDFD1-6ADF-448B-8BE7-68D3ECD0FC3D}.QA3|x64.ActiveCfg = Debug|x64
		{122B2768-130D-4BEE-A23A-9B2916EAFC67}.Debug|x64.ActiveCfg = Debug|x64
		{122B2768-130D-4BEE-A23A-9B2916EAFC67}.Debug|x64.Build.0 = Debug|x64
		{122B2768-130D-4BEE-A23A-9B2916EAFC67}.QA2|x64.ActiveCfg = Debug|x64
		{122B2768-130D-4BEE-A23A-9B2916EAFC67}.QA2|x64.Build.0 = Debug|x64
		{122B2768-130D-4BEE-A23A-9B2916EAFC67}.QA3|x64.ActiveCfg = Debug|x64
		{122B2768-130D-4BEE-A23A-9B2916EAFC67}.QA3|x64.Build.0 = Debug|x64
		{122B2768-130D-4BEE-A23A-9B2916EAFC67}.QA4|x64.ActiveCfg = Debug|x64
		{122B2768-130D-4BEE-A23A-9B2916EAFC67}.QA4|x64.Build.0 = Debug|x64
		{122B2768-130D-4BEE-A23A-9B2916EAFC67}.Release|x64.ActiveCfg = Release|x64
		{122B2768-130D-4BEE-A23A-9B2916EAFC67}.Release|x64.Build.0 = Release|x64
		{122B2768-130D-4BEE-A23A-9B2916EAFC67}.Training|x64.ActiveCfg = Debug|x64
		{122B2768-130D-4BEE-A23A-9B2916EAFC67}.Training|x64.Build.0 = Debug|x64
		{122B2768-130D-4BEE-A23A-9B2916EAFC67}.QA1|x64.ActiveCfg = QA1|x64
		{122B2768-130D-4BEE-A23A-9B2916EAFC67}.QA1|x64.Build.0 = QA1|x64
		{2BF5A04B-77D0-435B-AE0F-D9E3C5370030}.Debug|x64.ActiveCfg = Debug|Any CPU
		{2BF5A04B-77D0-435B-AE0F-D9E3C5370030}.Debug|x64.Build.0 = Debug|Any CPU
		{2BF5A04B-77D0-435B-AE0F-D9E3C5370030}.QA2|x64.ActiveCfg = Debug|Any CPU
		{2BF5A04B-77D0-435B-AE0F-D9E3C5370030}.QA2|x64.Build.0 = Debug|Any CPU
		{2BF5A04B-77D0-435B-AE0F-D9E3C5370030}.QA3|x64.ActiveCfg = Debug|Any CPU
		{2BF5A04B-77D0-435B-AE0F-D9E3C5370030}.QA3|x64.Build.0 = Debug|Any CPU
		{2BF5A04B-77D0-435B-AE0F-D9E3C5370030}.QA4|x64.ActiveCfg = Debug|Any CPU
		{2BF5A04B-77D0-435B-AE0F-D9E3C5370030}.QA4|x64.Build.0 = Debug|Any CPU
		{2BF5A04B-77D0-435B-AE0F-D9E3C5370030}.Release|x64.ActiveCfg = Release|x64
		{2BF5A04B-77D0-435B-AE0F-D9E3C5370030}.Release|x64.Build.0 = Release|x64
		{2BF5A04B-77D0-435B-AE0F-D9E3C5370030}.Training|x64.ActiveCfg = Debug|Any CPU
		{2BF5A04B-77D0-435B-AE0F-D9E3C5370030}.Training|x64.Build.0 = Debug|Any CPU
		{2BF5A04B-77D0-435B-AE0F-D9E3C5370030}.QA1|x64.ActiveCfg = QA1|x64
		{2BF5A04B-77D0-435B-AE0F-D9E3C5370030}.QA1|x64.Build.0 = QA1|x64
		{53CF0CDE-856B-4DC1-ABAE-9BD835C9C5D2}.Debug|x64.ActiveCfg = Debug|x64
		{53CF0CDE-856B-4DC1-ABAE-9BD835C9C5D2}.Debug|x64.Build.0 = Debug|x64
		{53CF0CDE-856B-4DC1-ABAE-9BD835C9C5D2}.QA2|x64.ActiveCfg = Debug|x64
		{53CF0CDE-856B-4DC1-ABAE-9BD835C9C5D2}.QA2|x64.Build.0 = Debug|x64
		{53CF0CDE-856B-4DC1-ABAE-9BD835C9C5D2}.QA3|x64.ActiveCfg = Debug|x64
		{53CF0CDE-856B-4DC1-ABAE-9BD835C9C5D2}.QA3|x64.Build.0 = Debug|x64
		{53CF0CDE-856B-4DC1-ABAE-9BD835C9C5D2}.QA4|x64.ActiveCfg = Debug|x64
		{53CF0CDE-856B-4DC1-ABAE-9BD835C9C5D2}.QA4|x64.Build.0 = Debug|x64
		{53CF0CDE-856B-4DC1-ABAE-9BD835C9C5D2}.Release|x64.ActiveCfg = Release|x64
		{53CF0CDE-856B-4DC1-ABAE-9BD835C9C5D2}.Release|x64.Build.0 = Release|x64
		{53CF0CDE-856B-4DC1-ABAE-9BD835C9C5D2}.Training|x64.ActiveCfg = Debug|x64
		{53CF0CDE-856B-4DC1-ABAE-9BD835C9C5D2}.Training|x64.Build.0 = Debug|x64
		{53CF0CDE-856B-4DC1-ABAE-9BD835C9C5D2}.QA1|x64.ActiveCfg = QA1|x64
		{53CF0CDE-856B-4DC1-ABAE-9BD835C9C5D2}.QA1|x64.Build.0 = QA1|x64
		{D6110CB2-1E3C-41B8-8056-26A9C6DF07B3}.Debug|x64.ActiveCfg = Debug|x64
		{D6110CB2-1E3C-41B8-8056-26A9C6DF07B3}.Debug|x64.Build.0 = Debug|x64
		{D6110CB2-1E3C-41B8-8056-26A9C6DF07B3}.QA2|x64.ActiveCfg = QA2|x64
		{D6110CB2-1E3C-41B8-8056-26A9C6DF07B3}.QA3|x64.ActiveCfg = QA3|x64
		{D6110CB2-1E3C-41B8-8056-26A9C6DF07B3}.QA4|x64.ActiveCfg = QA4|x64
		{D6110CB2-1E3C-41B8-8056-26A9C6DF07B3}.Release|x64.ActiveCfg = Release|x64
		{D6110CB2-1E3C-41B8-8056-26A9C6DF07B3}.Training|x64.ActiveCfg = Training|x64
		{D6110CB2-1E3C-41B8-8056-26A9C6DF07B3}.QA1|x64.ActiveCfg = QA1|x64
		{442A205A-2803-4EAE-9CC9-0E20A000FAE1}.Debug|x64.ActiveCfg = Debug|x64
		{442A205A-2803-4EAE-9CC9-0E20A000FAE1}.Debug|x64.Build.0 = Debug|x64
		{442A205A-2803-4EAE-9CC9-0E20A000FAE1}.QA2|x64.ActiveCfg = QA2|x64
		{442A205A-2803-4EAE-9CC9-0E20A000FAE1}.QA3|x64.ActiveCfg = QA3|x64
		{442A205A-2803-4EAE-9CC9-0E20A000FAE1}.QA3|x64.Build.0 = QA3|x64
		{442A205A-2803-4EAE-9CC9-0E20A000FAE1}.QA4|x64.ActiveCfg = QA4|x64
		{442A205A-2803-4EAE-9CC9-0E20A000FAE1}.Release|x64.ActiveCfg = Release|x64
		{442A205A-2803-4EAE-9CC9-0E20A000FAE1}.Training|x64.ActiveCfg = Training|x64
		{442A205A-2803-4EAE-9CC9-0E20A000FAE1}.Training|x64.Build.0 = Training|x64
		{442A205A-2803-4EAE-9CC9-0E20A000FAE1}.QA1|x64.ActiveCfg = QA1|x64
		{63ECD277-D26D-4306-A752-1246A35B63BD}.Debug|x64.ActiveCfg = Debug|Any CPU
		{63ECD277-D26D-4306-A752-1246A35B63BD}.Debug|x64.Build.0 = Debug|Any CPU
		{63ECD277-D26D-4306-A752-1246A35B63BD}.QA2|x64.ActiveCfg = Debug|Any CPU
		{63ECD277-D26D-4306-A752-1246A35B63BD}.QA2|x64.Build.0 = Debug|Any CPU
		{63ECD277-D26D-4306-A752-1246A35B63BD}.QA3|x64.ActiveCfg = Debug|Any CPU
		{63ECD277-D26D-4306-A752-1246A35B63BD}.QA3|x64.Build.0 = Debug|Any CPU
		{63ECD277-D26D-4306-A752-1246A35B63BD}.QA4|x64.ActiveCfg = Debug|Any CPU
		{63ECD277-D26D-4306-A752-1246A35B63BD}.QA4|x64.Build.0 = Debug|Any CPU
		{63ECD277-D26D-4306-A752-1246A35B63BD}.Release|x64.ActiveCfg = Release|x64
		{63ECD277-D26D-4306-A752-1246A35B63BD}.Release|x64.Build.0 = Release|x64
		{63ECD277-D26D-4306-A752-1246A35B63BD}.Training|x64.ActiveCfg = Debug|Any CPU
		{63ECD277-D26D-4306-A752-1246A35B63BD}.Training|x64.Build.0 = Debug|Any CPU
		{63ECD277-D26D-4306-A752-1246A35B63BD}.QA1|x64.ActiveCfg = QA1|x64
		{63ECD277-D26D-4306-A752-1246A35B63BD}.QA1|x64.Build.0 = QA1|x64
		{804B85DC-3AFE-499B-B357-5BFD10CCEC68}.Debug|x64.ActiveCfg = Debug|x64
		{804B85DC-3AFE-499B-B357-5BFD10CCEC68}.Debug|x64.Build.0 = Debug|x64
		{804B85DC-3AFE-499B-B357-5BFD10CCEC68}.QA2|x64.ActiveCfg = QA2|x64
		{804B85DC-3AFE-499B-B357-5BFD10CCEC68}.QA3|x64.ActiveCfg = QA3|x64
		{804B85DC-3AFE-499B-B357-5BFD10CCEC68}.QA4|x64.ActiveCfg = QA4|x64
		{804B85DC-3AFE-499B-B357-5BFD10CCEC68}.Release|x64.ActiveCfg = Release|x64
		{804B85DC-3AFE-499B-B357-5BFD10CCEC68}.Training|x64.ActiveCfg = Training|x64
		{804B85DC-3AFE-499B-B357-5BFD10CCEC68}.QA1|x64.ActiveCfg = QA1|x64
		{E6C5BFE0-B68E-427C-9A4C-8C801ED6CA9C}.Debug|x64.ActiveCfg = Debug|x64
		{E6C5BFE0-B68E-427C-9A4C-8C801ED6CA9C}.Debug|x64.Build.0 = Debug|x64
		{E6C5BFE0-B68E-427C-9A4C-8C801ED6CA9C}.QA2|x64.ActiveCfg = QA2|x64
		{E6C5BFE0-B68E-427C-9A4C-8C801ED6CA9C}.QA3|x64.ActiveCfg = QA3|x64
		{E6C5BFE0-B68E-427C-9A4C-8C801ED6CA9C}.QA4|x64.ActiveCfg = QA4|x64
		{E6C5BFE0-B68E-427C-9A4C-8C801ED6CA9C}.Release|x64.ActiveCfg = Release|x64
		{E6C5BFE0-B68E-427C-9A4C-8C801ED6CA9C}.Training|x64.ActiveCfg = Training|x64
		{E6C5BFE0-B68E-427C-9A4C-8C801ED6CA9C}.QA1|x64.ActiveCfg = QA1|x64
		{00096530-6883-4BBA-87D8-D8F49FB41692}.Debug|x64.ActiveCfg = Debug|Any CPU
		{00096530-6883-4BBA-87D8-D8F49FB41692}.Debug|x64.Build.0 = Debug|Any CPU
		{00096530-6883-4BBA-87D8-D8F49FB41692}.QA2|x64.ActiveCfg = Debug|Any CPU
		{00096530-6883-4BBA-87D8-D8F49FB41692}.QA3|x64.ActiveCfg = Debug|Any CPU
		{00096530-6883-4BBA-87D8-D8F49FB41692}.QA4|x64.ActiveCfg = Debug|Any CPU
		{00096530-6883-4BBA-87D8-D8F49FB41692}.Release|x64.ActiveCfg = Release|x64
		{00096530-6883-4BBA-87D8-D8F49FB41692}.Training|x64.ActiveCfg = Debug|Any CPU
		{00096530-6883-4BBA-87D8-D8F49FB41692}.QA1|x64.ActiveCfg = QA1|x64
		{5D52EAEC-42FB-4313-83B8-69E2F55EBF14}.Debug|x64.ActiveCfg = Debug|x64
		{5D52EAEC-42FB-4313-83B8-69E2F55EBF14}.Debug|x64.Build.0 = Debug|x64
		{5D52EAEC-42FB-4313-83B8-69E2F55EBF14}.QA2|x64.ActiveCfg = Debug|x64
		{5D52EAEC-42FB-4313-83B8-69E2F55EBF14}.QA2|x64.Build.0 = Debug|x64
		{5D52EAEC-42FB-4313-83B8-69E2F55EBF14}.QA3|x64.ActiveCfg = Debug|x64
		{5D52EAEC-42FB-4313-83B8-69E2F55EBF14}.QA3|x64.Build.0 = Debug|x64
		{5D52EAEC-42FB-4313-83B8-69E2F55EBF14}.QA4|x64.ActiveCfg = Debug|x64
		{5D52EAEC-42FB-4313-83B8-69E2F55EBF14}.QA4|x64.Build.0 = Debug|x64
		{5D52EAEC-42FB-4313-83B8-69E2F55EBF14}.Release|x64.ActiveCfg = Release|x64
		{5D52EAEC-42FB-4313-83B8-69E2F55EBF14}.Release|x64.Build.0 = Release|x64
		{5D52EAEC-42FB-4313-83B8-69E2F55EBF14}.Training|x64.ActiveCfg = Debug|x64
		{5D52EAEC-42FB-4313-83B8-69E2F55EBF14}.Training|x64.Build.0 = Debug|x64
		{5D52EAEC-42FB-4313-83B8-69E2F55EBF14}.QA1|x64.ActiveCfg = QA1|x64
		{5D52EAEC-42FB-4313-83B8-69E2F55EBF14}.QA1|x64.Build.0 = QA1|x64
		{D8408F53-8F1E-4A71-8B05-76023B09B716}.Debug|x64.ActiveCfg = Debug|x64
		{D8408F53-8F1E-4A71-8B05-76023B09B716}.Debug|x64.Build.0 = Debug|x64
		{D8408F53-8F1E-4A71-8B05-76023B09B716}.QA2|x64.ActiveCfg = Debug|x64
		{D8408F53-8F1E-4A71-8B05-76023B09B716}.QA2|x64.Build.0 = Debug|x64
		{D8408F53-8F1E-4A71-8B05-76023B09B716}.QA3|x64.ActiveCfg = Debug|x64
		{D8408F53-8F1E-4A71-8B05-76023B09B716}.QA3|x64.Build.0 = Debug|x64
		{D8408F53-8F1E-4A71-8B05-76023B09B716}.QA4|x64.ActiveCfg = Debug|x64
		{D8408F53-8F1E-4A71-8B05-76023B09B716}.QA4|x64.Build.0 = Debug|x64
		{D8408F53-8F1E-4A71-8B05-76023B09B716}.Release|x64.ActiveCfg = Release|x64
		{D8408F53-8F1E-4A71-8B05-76023B09B716}.Release|x64.Build.0 = Release|x64
		{D8408F53-8F1E-4A71-8B05-76023B09B716}.Training|x64.ActiveCfg = Debug|x64
		{D8408F53-8F1E-4A71-8B05-76023B09B716}.Training|x64.Build.0 = Debug|x64
		{D8408F53-8F1E-4A71-8B05-76023B09B716}.QA1|x64.ActiveCfg = QA1|x64
		{D8408F53-8F1E-4A71-8B05-76023B09B716}.QA1|x64.Build.0 = QA1|x64
		{17B00AD4-E78B-4CA2-88D2-9101A372FEA5}.Debug|x64.ActiveCfg = Debug|x64
		{17B00AD4-E78B-4CA2-88D2-9101A372FEA5}.Debug|x64.Build.0 = Debug|x64
		{17B00AD4-E78B-4CA2-88D2-9101A372FEA5}.QA2|x64.ActiveCfg = Debug|x64
		{17B00AD4-E78B-4CA2-88D2-9101A372FEA5}.QA2|x64.Build.0 = Debug|x64
		{17B00AD4-E78B-4CA2-88D2-9101A372FEA5}.QA3|x64.ActiveCfg = Debug|x64
		{17B00AD4-E78B-4CA2-88D2-9101A372FEA5}.QA3|x64.Build.0 = Debug|x64
		{17B00AD4-E78B-4CA2-88D2-9101A372FEA5}.QA4|x64.ActiveCfg = Debug|x64
		{17B00AD4-E78B-4CA2-88D2-9101A372FEA5}.QA4|x64.Build.0 = Debug|x64
		{17B00AD4-E78B-4CA2-88D2-9101A372FEA5}.Release|x64.ActiveCfg = Release|x64
		{17B00AD4-E78B-4CA2-88D2-9101A372FEA5}.Release|x64.Build.0 = Release|x64
		{17B00AD4-E78B-4CA2-88D2-9101A372FEA5}.Training|x64.ActiveCfg = Debug|x64
		{17B00AD4-E78B-4CA2-88D2-9101A372FEA5}.Training|x64.Build.0 = Debug|x64
		{17B00AD4-E78B-4CA2-88D2-9101A372FEA5}.QA1|x64.ActiveCfg = QA1|x64
		{17B00AD4-E78B-4CA2-88D2-9101A372FEA5}.QA1|x64.Build.0 = QA1|x64
		{CF6EA71F-8570-42D0-BCC9-D35E58181E6E}.Debug|x64.ActiveCfg = Debug|x64
		{CF6EA71F-8570-42D0-BCC9-D35E58181E6E}.Debug|x64.Build.0 = Debug|x64
		{CF6EA71F-8570-42D0-BCC9-D35E58181E6E}.QA2|x64.ActiveCfg = Debug|x64
		{CF6EA71F-8570-42D0-BCC9-D35E58181E6E}.QA2|x64.Build.0 = Debug|x64
		{CF6EA71F-8570-42D0-BCC9-D35E58181E6E}.QA3|x64.ActiveCfg = Debug|x64
		{CF6EA71F-8570-42D0-BCC9-D35E58181E6E}.QA3|x64.Build.0 = Debug|x64
		{CF6EA71F-8570-42D0-BCC9-D35E58181E6E}.QA4|x64.ActiveCfg = Debug|x64
		{CF6EA71F-8570-42D0-BCC9-D35E58181E6E}.QA4|x64.Build.0 = Debug|x64
		{CF6EA71F-8570-42D0-BCC9-D35E58181E6E}.Release|x64.ActiveCfg = Release|x64
		{CF6EA71F-8570-42D0-BCC9-D35E58181E6E}.Release|x64.Build.0 = Release|x64
		{CF6EA71F-8570-42D0-BCC9-D35E58181E6E}.Training|x64.ActiveCfg = Debug|x64
		{CF6EA71F-8570-42D0-BCC9-D35E58181E6E}.Training|x64.Build.0 = Debug|x64
		{CF6EA71F-8570-42D0-BCC9-D35E58181E6E}.QA1|x64.ActiveCfg = QA1|x64
		{CF6EA71F-8570-42D0-BCC9-D35E58181E6E}.QA1|x64.Build.0 = QA1|x64
		{9EE96C6B-095A-4792-B247-2F7B28430A9B}.Debug|x64.ActiveCfg = Debug|Any CPU
		{9EE96C6B-095A-4792-B247-2F7B28430A9B}.Debug|x64.Build.0 = Debug|Any CPU
		{9EE96C6B-095A-4792-B247-2F7B28430A9B}.QA2|x64.ActiveCfg = Debug|Any CPU
		{9EE96C6B-095A-4792-B247-2F7B28430A9B}.QA2|x64.Build.0 = Debug|Any CPU
		{9EE96C6B-095A-4792-B247-2F7B28430A9B}.QA3|x64.ActiveCfg = Debug|Any CPU
		{9EE96C6B-095A-4792-B247-2F7B28430A9B}.QA3|x64.Build.0 = Debug|Any CPU
		{9EE96C6B-095A-4792-B247-2F7B28430A9B}.QA4|x64.ActiveCfg = Debug|Any CPU
		{9EE96C6B-095A-4792-B247-2F7B28430A9B}.QA4|x64.Build.0 = Debug|Any CPU
		{9EE96C6B-095A-4792-B247-2F7B28430A9B}.Release|x64.ActiveCfg = Release|x64
		{9EE96C6B-095A-4792-B247-2F7B28430A9B}.Release|x64.Build.0 = Release|x64
		{9EE96C6B-095A-4792-B247-2F7B28430A9B}.Training|x64.ActiveCfg = Debug|Any CPU
		{9EE96C6B-095A-4792-B247-2F7B28430A9B}.Training|x64.Build.0 = Debug|Any CPU
		{9EE96C6B-095A-4792-B247-2F7B28430A9B}.QA1|x64.ActiveCfg = QA1|x64
		{9EE96C6B-095A-4792-B247-2F7B28430A9B}.QA1|x64.Build.0 = QA1|x64
		{5929EC51-6E63-4FCD-A804-A78923E561AC}.Debug|x64.ActiveCfg = Debug|x64
		{5929EC51-6E63-4FCD-A804-A78923E561AC}.Debug|x64.Build.0 = Debug|x64
		{5929EC51-6E63-4FCD-A804-A78923E561AC}.QA2|x64.ActiveCfg = QA2|x64
		{5929EC51-6E63-4FCD-A804-A78923E561AC}.QA3|x64.ActiveCfg = QA3|x64
		{5929EC51-6E63-4FCD-A804-A78923E561AC}.QA4|x64.ActiveCfg = QA4|x64
		{5929EC51-6E63-4FCD-A804-A78923E561AC}.Release|x64.ActiveCfg = Release|x64
		{5929EC51-6E63-4FCD-A804-A78923E561AC}.Training|x64.ActiveCfg = Training|x64
		{5929EC51-6E63-4FCD-A804-A78923E561AC}.QA1|x64.ActiveCfg = QA1|x64
	EndGlobalSection
	GlobalSection(SolutionProperties) = preSolution
		HideSolutionNode = FALSE
	EndGlobalSection
	GlobalSection(NestedProjects) = preSolution
		{787BEADF-BD8F-439B-99A3-B7F0B360DF55} = {C347D7B7-01EB-4D1D-A5BA-A0E776701E30}
		{0C6BDFD1-6ADF-448B-8BE7-68D3ECD0FC3D} = {ED131C31-457F-4E61-BEC1-92B649D63116}
		{122B2768-130D-4BEE-A23A-9B2916EAFC67} = {528B17B6-1258-4165-AE04-8F936E6906BB}
		{2BF5A04B-77D0-435B-AE0F-D9E3C5370030} = {528B17B6-1258-4165-AE04-8F936E6906BB}
		{53CF0CDE-856B-4DC1-ABAE-9BD835C9C5D2} = {528B17B6-1258-4165-AE04-8F936E6906BB}
		{D6110CB2-1E3C-41B8-8056-26A9C6DF07B3} = {528B17B6-1258-4165-AE04-8F936E6906BB}
		{442A205A-2803-4EAE-9CC9-0E20A000FAE1} = {528B17B6-1258-4165-AE04-8F936E6906BB}
		{63ECD277-D26D-4306-A752-1246A35B63BD} = {528B17B6-1258-4165-AE04-8F936E6906BB}
		{804B85DC-3AFE-499B-B357-5BFD10CCEC68} = {ED131C31-457F-4E61-BEC1-92B649D63116}
		{E6C5BFE0-B68E-427C-9A4C-8C801ED6CA9C} = {528B17B6-1258-4165-AE04-8F936E6906BB}
		{00096530-6883-4BBA-87D8-D8F49FB41692} = {528B17B6-1258-4165-AE04-8F936E6906BB}
		{5D52EAEC-42FB-4313-83B8-69E2F55EBF14} = {528B17B6-1258-4165-AE04-8F936E6906BB}
		{D8408F53-8F1E-4A71-8B05-76023B09B716} = {528B17B6-1258-4165-AE04-8F936E6906BB}
		{17B00AD4-E78B-4CA2-88D2-9101A372FEA5} = {528B17B6-1258-4165-AE04-8F936E6906BB}
		{CF6EA71F-8570-42D0-BCC9-D35E58181E6E} = {528B17B6-1258-4165-AE04-8F936E6906BB}
		{9EE96C6B-095A-4792-B247-2F7B28430A9B} = {528B17B6-1258-4165-AE04-8F936E6906BB}
		{5929EC51-6E63-4FCD-A804-A78923E561AC} = {528B17B6-1258-4165-AE04-8F936E6906BB}
	EndGlobalSection
	GlobalSection(ExtensibilityGlobals) = postSolution
		SolutionGuid = {55A400E6-E6D2-43B6-8008-5D3F4EC9908F}
	EndGlobalSection
	GlobalSection(TestCaseManagementSettings) = postSolution
		CategoryFile = MapCallMVC.vsmdi
	EndGlobalSection
EndGlobal
