
Microsoft Visual Studio Solution File, Format Version 12.00
# Visual Studio Version 17
VisualStudioVersion = 17.1.32210.238
MinimumVisualStudioVersion = 10.0.40219.1
Project("{2150E333-8FDC-42A3-9474-1A3956D46DE8}") = "api", "api", "{A66BBD57-BF78-47BD-B1D2-53B79B610B93}"
EndProject
Project("{2150E333-8FDC-42A3-9474-1A3956D46DE8}") = "contractors", "contractors", "{805007DE-3FD2-4817-9A5B-B80042C09901}"
EndProject
Project("{2150E333-8FDC-42A3-9474-1A3956D46DE8}") = "importer", "importer", "{D7F765F7-6211-4781-B34D-06A6446B64C4}"
EndProject
Project("{2150E333-8FDC-42A3-9474-1A3956D46DE8}") = "listener", "listener", "{964FC646-8C02-4735-915A-6E66E33B7DF0}"
EndProject
Project("{2150E333-8FDC-42A3-9474-1A3956D46DE8}") = "mapcall", "mapcall", "{88DACD6C-21CC-47BA-A0DB-BBB2A4FE2152}"
EndProject
Project("{2150E333-8FDC-42A3-9474-1A3956D46DE8}") = "mmsinc", "mmsinc", "{7F2E094C-46C3-4098-8334-63BF92A63B7F}"
EndProject
Project("{2150E333-8FDC-42A3-9474-1A3956D46DE8}") = "mvc", "mvc", "{10DF6494-9AD9-473C-9BCD-F90CAACBD7D6}"
EndProject
Project("{2150E333-8FDC-42A3-9474-1A3956D46DE8}") = "publisher", "publisher", "{F20FBB98-B0C7-41F9-82D2-2374C572C766}"
EndProject
Project("{2150E333-8FDC-42A3-9474-1A3956D46DE8}") = "scheduler", "scheduler", "{D94E7B15-1205-4939-8BC5-2C38141934FC}"
EndProject
Project("{2150E333-8FDC-42A3-9474-1A3956D46DE8}") = "workorders", "workorders", "{F238DD4D-9DC7-4074-B7B6-9B3780DC80FD}"
EndProject
Project("{2150E333-8FDC-42A3-9474-1A3956D46DE8}") = "lib", "lib", "{DBFD7CC6-984B-4310-BA13-0BFBDFBD4D2A}"
EndProject
Project("{2150E333-8FDC-42A3-9474-1A3956D46DE8}") = "src", "src", "{03E0B280-A840-4DC2-8B95-C64E96CC1076}"
EndProject
Project("{2150E333-8FDC-42A3-9474-1A3956D46DE8}") = "tests", "tests", "{2ACA4F92-EBC6-48E9-AD37-88602D6884B2}"
EndProject
Project("{FAE04EC0-301F-11D3-BF4B-00C04F79EFBC}") = "AuthorizeNET", "..\mmsinc\Authorize.NET\AuthorizeNET.csproj", "{5D52EAEC-42FB-4313-83B8-69E2F55EBF14}"
EndProject
Project("{FAE04EC0-301F-11D3-BF4B-00C04F79EFBC}") = "AuthorizeNet.Helpers", "..\mmsinc\AuthorizeNet.Helpers\AuthorizeNet.Helpers.csproj", "{D8408F53-8F1E-4A71-8B05-76023B09B716}"
EndProject
Project("{FAE04EC0-301F-11D3-BF4B-00C04F79EFBC}") = "Deleporter", "..\mmsinc\Deleporter\Deleporter.csproj", "{442A205A-2803-4EAE-9CC9-0E20A000FAE1}"
EndProject
Project("{FAE04EC0-301F-11D3-BF4B-00C04F79EFBC}") = "Historian.Data.Client", "..\mmsinc\Historian.Data.Client\Historian.Data.Client.csproj", "{CF6EA71F-8570-42D0-BCC9-D35E58181E6E}"
EndProject
Project("{9A19103F-16F7-4668-BE54-9A1E7A4F7556}") = "MapCall.Common", "..\mmsinc\MapCall.Common\MapCall.Common.csproj", "{63ECD277-D26D-4306-A752-1246A35B63BD}"
EndProject
Project("{9A19103F-16F7-4668-BE54-9A1E7A4F7556}") = "MapCall.Common.Mvc", "..\mmsinc\MapCall.Common.Mvc\MapCall.Common.Mvc.csproj", "{2BF5A04B-77D0-435B-AE0F-D9E3C5370030}"
EndProject
Project("{9A19103F-16F7-4668-BE54-9A1E7A4F7556}") = "MapCall.Common.WebForms", "..\mmsinc\MapCall.Common.WebForms\MapCall.Common.WebForms.csproj", "{336D9861-ACDD-4C64-AC42-6F80AC1693EE}"
EndProject
Project("{9A19103F-16F7-4668-BE54-9A1E7A4F7556}") = "MapCall.SAP", "..\mmsinc\MapCall.SAP\MapCall.SAP.csproj", "{9EE96C6B-095A-4792-B247-2F7B28430A9B}"
EndProject
Project("{FAE04EC0-301F-11D3-BF4B-00C04F79EFBC}") = "MMSINC.Core", "..\mmsinc\MMSINC.Core\MMSINC.Core.csproj", "{122B2768-130D-4BEE-A23A-9B2916EAFC67}"
EndProject
Project("{FAE04EC0-301F-11D3-BF4B-00C04F79EFBC}") = "MMSINC.Core.Mvc", "..\mmsinc\MMSINC.Core.Mvc\MMSINC.Core.Mvc.csproj", "{53CF0CDE-856B-4DC1-ABAE-9BD835C9C5D2}"
EndProject
Project("{FAE04EC0-301F-11D3-BF4B-00C04F79EFBC}") = "MMSINC.Core.WebForms", "..\mmsinc\MMSINC.Core.WebForms\MMSINC.Core.WebForms.csproj", "{718E1B61-19B4-45DE-985F-3B583C0F7705}"
EndProject
Project("{9A19103F-16F7-4668-BE54-9A1E7A4F7556}") = "MapCall.Common.Testing", "..\mmsinc\MapCall.Common.Testing\MapCall.Common.Testing.csproj", "{00096530-6883-4BBA-87D8-D8F49FB41692}"
EndProject
Project("{9A19103F-16F7-4668-BE54-9A1E7A4F7556}") = "MMSINC.Testing", "..\mmsinc\MMSINC.Testing\MMSINC.Testing.csproj", "{D6110CB2-1E3C-41B8-8056-26A9C6DF07B3}"
EndProject
Project("{9A19103F-16F7-4668-BE54-9A1E7A4F7556}") = "MMSINC.Testing.Mvc", "..\mmsinc\MMSINC.Testing.Mvc\MMSINC.Testing.Mvc.csproj", "{E6C5BFE0-B68E-427C-9A4C-8C801ED6CA9C}"
EndProject
Project("{FAE04EC0-301F-11D3-BF4B-00C04F79EFBC}") = "MMSINC.Testing.WebForms", "..\mmsinc\MMSINC.Testing.WebForms\MMSINC.Testing.WebForms.csproj", "{F613FDBA-47D4-4516-A1E6-1D73F962170E}"
EndProject
Project("{FAE04EC0-301F-11D3-BF4B-00C04F79EFBC}") = "Permits.Data.Client", "..\mmsinc\Permits.Data.Client\Permits.Data.Client.csproj", "{17B00AD4-E78B-4CA2-88D2-9101A372FEA5}"
EndProject
Project("{FAE04EC0-301F-11D3-BF4B-00C04F79EFBC}") = "MapCall.Common.MvcTest", "..\mmsinc\MapCall.Common.MvcTest\MapCall.Common.MvcTest.csproj", "{ED44B43A-34D3-47DC-AAD7-5BC141801DD2}"
EndProject
Project("{FAE04EC0-301F-11D3-BF4B-00C04F79EFBC}") = "MapCall.Common.WebFormsTest", "..\mmsinc\MapCall.Common.WebFormsTest\MapCall.Common.WebFormsTest.csproj", "{8984572E-BDC9-4E43-9A93-54D1E89F62A9}"
EndProject
Project("{FAE04EC0-301F-11D3-BF4B-00C04F79EFBC}") = "MapCall.CommonTest", "..\mmsinc\MapCall.CommonTest\MapCall.CommonTest.csproj", "{3EBC02C2-A1F2-44E7-976D-666A546C3004}"
EndProject
Project("{FAE04EC0-301F-11D3-BF4B-00C04F79EFBC}") = "MapCall.SAPTest", "..\mmsinc\MapCall.SAPTest\MapCall.SAPTest.csproj", "{5929EC51-6E63-4FCD-A804-A78923E561AC}"
EndProject
Project("{FAE04EC0-301F-11D3-BF4B-00C04F79EFBC}") = "MMSINC.Core.MvcTest", "..\mmsinc\MMSINC.Core.MvcTest\MMSINC.Core.MvcTest.csproj", "{B66A8CEE-F3CB-4FF0-9C1F-AC8437507D22}"
EndProject
Project("{FAE04EC0-301F-11D3-BF4B-00C04F79EFBC}") = "MMSINC.Core.WebFormsTest", "..\mmsinc\MMSINC.Core.WebFormsTest\MMSINC.Core.WebFormsTest.csproj", "{98287808-E02C-4CC4-8D47-514818385BD5}"
EndProject
Project("{FAE04EC0-301F-11D3-BF4B-00C04F79EFBC}") = "MMSINC.CoreTest", "..\mmsinc\MMSINC.CoreTest\MMSINC.CoreTest.csproj", "{7BB97AF6-4333-4DC4-90F7-B5CE67DAF476}"
EndProject
Project("{FAE04EC0-301F-11D3-BF4B-00C04F79EFBC}") = "MMSINC.TestingTest", "..\mmsinc\MMSINC.TestingTest\MMSINC.TestingTest.csproj", "{A8DB1DC3-449B-4DD3-8ECE-E9AAA20F8ACD}"
EndProject
Project("{FAE04EC0-301F-11D3-BF4B-00C04F79EFBC}") = "MMSINCTestImplementation", "..\mmsinc\MMSINCTestImplementation\MMSINCTestImplementation.csproj", "{8E4A1BA7-2A13-4A05-BF80-29D34D5AC627}"
EndProject
Project("{FAE04EC0-301F-11D3-BF4B-00C04F79EFBC}") = "MMSINCTestImplementationTest", "..\mmsinc\MMSINCTestImplementationTest\MMSINCTestImplementationTest.csproj", "{1147F255-8D1A-40E1-94DA-617A9072B5C7}"
EndProject
Project("{FAE04EC0-301F-11D3-BF4B-00C04F79EFBC}") = "Permits.Data.ClientTest", "..\mmsinc\Permits.Data.ClientTest\Permits.Data.ClientTest.csproj", "{C1BB7DF7-96C9-4671-8719-52638B0FA579}"
EndProject
Project("{2150E333-8FDC-42A3-9474-1A3956D46DE8}") = "src", "src", "{B7AEA5DE-C87E-4576-B522-93575806CAAE}"
EndProject
Project("{FAE04EC0-301F-11D3-BF4B-00C04F79EFBC}") = "MapCallApi", "..\api\MapCallApi\MapCallApi.csproj", "{1622517F-6086-4A69-9458-123376BBF162}"
EndProject
Project("{2150E333-8FDC-42A3-9474-1A3956D46DE8}") = "tests", "tests", "{741AF1B2-CC0C-4FD6-BAF9-273B8F7274D0}"
EndProject
Project("{FAE04EC0-301F-11D3-BF4B-00C04F79EFBC}") = "FunctionalTests", "..\api\FunctionalTests\FunctionalTests.csproj", "{C64B6038-69D6-43C1-80D1-16B80BB7D689}"
EndProject
Project("{FAE04EC0-301F-11D3-BF4B-00C04F79EFBC}") = "MapCallApi.Load.Tests", "..\api\MapCallApi.Load.Tests\MapCallApi.Load.Tests.csproj", "{E8DF1DD5-A3CD-4A5D-A631-538ABBC4D48E}"
EndProject
Project("{FAE04EC0-301F-11D3-BF4B-00C04F79EFBC}") = "MapCallApi.Tests", "..\api\MapCallApi.Tests\MapCallApi.Tests.csproj", "{7E1A19E6-8134-43E0-8404-B5DD3FBED142}"
EndProject
Project("{2150E333-8FDC-42A3-9474-1A3956D46DE8}") = "src", "src", "{A8FB9A46-F784-434B-AFF0-DE67166C692F}"
EndProject
Project("{FAE04EC0-301F-11D3-BF4B-00C04F79EFBC}") = "Contractors", "..\contractors\Contractors\Contractors.csproj", "{EAA6CB2E-A2A7-46C3-B9D7-E343A3B075CF}"
EndProject
Project("{FAE04EC0-301F-11D3-BF4B-00C04F79EFBC}") = "Contractors.Data", "..\contractors\Contractors.Data\Contractors.Data.csproj", "{9E8C7543-28AF-4405-803D-69E5DAE5FD81}"
EndProject
Project("{2150E333-8FDC-42A3-9474-1A3956D46DE8}") = "tests", "tests", "{CAF1859A-FF95-44DE-A785-3006F19E0EAA}"
EndProject
Project("{FAE04EC0-301F-11D3-BF4B-00C04F79EFBC}") = "Contractors.Tests", "..\contractors\Contractors.Tests\Contractors.Tests.csproj", "{3EF37C21-52DC-4E72-BC09-0D882E026708}"
EndProject
Project("{FAE04EC0-301F-11D3-BF4B-00C04F79EFBC}") = "RegressionTests", "..\contractors\RegressionTests\RegressionTests.csproj", "{50439A07-FFEF-451A-A8B3-E8A1BDDBA933}"
EndProject
Project("{2150E333-8FDC-42A3-9474-1A3956D46DE8}") = "src", "src", "{3B499E93-3569-466D-92D2-A72E73470B48}"
EndProject
Project("{FAE04EC0-301F-11D3-BF4B-00C04F79EFBC}") = "MapCallMVC", "..\mvc\MapCallMVC\MapCallMVC.csproj", "{787BEADF-BD8F-439B-99A3-B7F0B360DF55}"
EndProject
Project("{2150E333-8FDC-42A3-9474-1A3956D46DE8}") = "tests", "tests", "{9956EF32-C107-42B2-9572-788E57CD09D4}"
EndProject
Project("{9A19103F-16F7-4668-BE54-9A1E7A4F7556}") = "MapCallMVC.Tests", "..\mvc\MapCallMVC.Tests\MapCallMVC.Tests.csproj", "{0C6BDFD1-6ADF-448B-8BE7-68D3ECD0FC3D}"
EndProject
Project("{FAE04EC0-301F-11D3-BF4B-00C04F79EFBC}") = "RegressionTests", "..\mvc\RegressionTests\RegressionTests.csproj", "{804B85DC-3AFE-499B-B357-5BFD10CCEC68}"
	ProjectSection(ProjectDependencies) = postProject
		{787BEADF-BD8F-439B-99A3-B7F0B360DF55} = {787BEADF-BD8F-439B-99A3-B7F0B360DF55}
	EndProjectSection
EndProject
Project("{2150E333-8FDC-42A3-9474-1A3956D46DE8}") = "src", "src", "{49F7CCA7-05EF-4082-BA25-E422CD5CBCDD}"
EndProject
Project("{2150E333-8FDC-42A3-9474-1A3956D46DE8}") = "tests", "tests", "{76C44B97-9420-4951-AA08-74FFE7FBF076}"
EndProject
Project("{FAE04EC0-301F-11D3-BF4B-00C04F79EFBC}") = "MapCallImporter.Core", "..\importer\src\MapCallImporter.Core\MapCallImporter.Core.csproj", "{B474E607-49EE-4138-BA8E-41711788D3C9}"
EndProject
Project("{FAE04EC0-301F-11D3-BF4B-00C04F79EFBC}") = "MapCallImporter.Console", "..\importer\src\MapCallImporter.Console\MapCallImporter.Console.csproj", "{0CC42F13-804D-4354-953E-09B09878E4D7}"
EndProject
Project("{FAE04EC0-301F-11D3-BF4B-00C04F79EFBC}") = "MapCallImporter.UI", "..\importer\src\MapCallImporter.UI\MapCallImporter.UI.csproj", "{183D78D0-697F-4A1E-B86A-6E0AA7934994}"
EndProject
Project("{FAE04EC0-301F-11D3-BF4B-00C04F79EFBC}") = "MapCallImporter.Tests", "..\importer\tests\MapCallImporter.Tests\MapCallImporter.Tests.csproj", "{485EE674-D74B-4903-9437-6B6068BDB9B0}"
EndProject
Project("{2150E333-8FDC-42A3-9474-1A3956D46DE8}") = "intranet", "intranet", "{67EA35C2-3A52-4A12-A50D-94A949B9D47C}"
EndProject
Project("{2150E333-8FDC-42A3-9474-1A3956D46DE8}") = "src", "src", "{6BC46591-3C15-448E-B46A-9C8A7C47D6C1}"
EndProject
Project("{FAE04EC0-301F-11D3-BF4B-00C04F79EFBC}") = "MapCallIntranet", "..\intranet\src\MapCallIntranet\MapCallIntranet.csproj", "{88C38018-4483-434B-B034-D53F325547F7}"
EndProject
Project("{2150E333-8FDC-42A3-9474-1A3956D46DE8}") = "tests", "tests", "{27697579-9631-4FE9-B9E5-1EE5B9DEECD3}"
EndProject
Project("{FAE04EC0-301F-11D3-BF4B-00C04F79EFBC}") = "MapCallIntranet.Tests", "..\intranet\tests\MapCallIntranet.Tests\MapCallIntranet.Tests.csproj", "{AFDEE0D2-999A-4362-94E1-CB837D5D11BD}"
EndProject
Project("{FAE04EC0-301F-11D3-BF4B-00C04F79EFBC}") = "RegressionTests", "..\intranet\tests\RegressionTests\RegressionTests.csproj", "{8237EA25-893A-496E-894D-61FDA38BAEF4}"
EndProject
Project("{2150E333-8FDC-42A3-9474-1A3956D46DE8}") = "src", "src", "{F3FCB820-0E80-45E0-928E-5EBCADC376BB}"
EndProject
Project("{FAE04EC0-301F-11D3-BF4B-00C04F79EFBC}") = "MapCallActiveMQListener", "..\listener\src\MapCallActiveMQListener\MapCallActiveMQListener.csproj", "{1B0C4551-D414-46DD-8ED2-09898B33D616}"
EndProject
Project("{FAE04EC0-301F-11D3-BF4B-00C04F79EFBC}") = "MapCallActiveMQListener.Core", "..\listener\src\MapCallActiveMQListener.Core\MapCallActiveMQListener.Core.csproj", "{7967666B-C7CA-4FBA-AB82-50CD8165B0A6}"
EndProject
Project("{2150E333-8FDC-42A3-9474-1A3956D46DE8}") = "tests", "tests", "{1F871070-57EE-44C3-A356-67F53163CA60}"
EndProject
Project("{FAE04EC0-301F-11D3-BF4B-00C04F79EFBC}") = "MapCallActiveMQListener.Tests", "..\listener\tests\MapCallActiveMQListener.Tests\MapCallActiveMQListener.Tests.csproj", "{90A64895-7FD3-4329-94C5-B365C5391327}"
EndProject
Project("{2150E333-8FDC-42A3-9474-1A3956D46DE8}") = "src", "src", "{BB98E716-7E68-4E6E-8953-FB089CCD1207}"
EndProject
Project("{FAE04EC0-301F-11D3-BF4B-00C04F79EFBC}") = "MapCall", "..\mapcall\MapCall\MapCall.csproj", "{2705BAB2-A09C-4496-8731-FAA3F0801980}"
	ProjectSection(ProjectDependencies) = postProject
		{787BEADF-BD8F-439B-99A3-B7F0B360DF55} = {787BEADF-BD8F-439B-99A3-B7F0B360DF55}
		{E6B0B2D1-6ECC-4412-8F1D-F365B0E5A9BF} = {E6B0B2D1-6ECC-4412-8F1D-F365B0E5A9BF}
	EndProjectSection
EndProject
Project("{FAE04EC0-301F-11D3-BF4B-00C04F79EFBC}") = "MMSINC", "..\mapcall\MMSINC\MMSINC.csproj", "{D17FADC4-D25F-4626-9AC1-0F33A2015549}"
EndProject
Project("{2150E333-8FDC-42A3-9474-1A3956D46DE8}") = "tests", "tests", "{7449D952-CEA0-4386-8C57-01BA48F13DDB}"
EndProject
Project("{FAE04EC0-301F-11D3-BF4B-00C04F79EFBC}") = "MapCall.Tests", "..\mapcall\MapCall.Tests\MapCall.Tests.csproj", "{C391A50A-5600-48DE-A1B8-DE49968EA466}"
EndProject
Project("{FAE04EC0-301F-11D3-BF4B-00C04F79EFBC}") = "RegressionTests", "..\mapcall\RegressionTests\RegressionTests.csproj", "{C738EAEC-B959-4544-AD06-F2474FB5F56A}"
EndProject
Project("{9A19103F-16F7-4668-BE54-9A1E7A4F7556}") = "MapCall.LIMS", "..\mmsinc\MapCall.LIMS\MapCall.LIMS.csproj", "{F51FFDC4-3469-4A95-955A-0734F118B6EE}"
EndProject
Project("{FAE04EC0-301F-11D3-BF4B-00C04F79EFBC}") = "MapCall.LIMSTest", "..\mmsinc\MapCall.LIMSTest\MapCall.LIMSTest.csproj", "{9B115B16-5697-47F5-9B58-1EB1C7F3206C}"
EndProject
Project("{2150E333-8FDC-42A3-9474-1A3956D46DE8}") = "src", "src", "{08262FF6-B2E0-4A43-BE2B-AFCB45867E04}"
EndProject
Project("{9A19103F-16F7-4668-BE54-9A1E7A4F7556}") = "MapCallScheduler.Core", "..\scheduler\MapCallScheduler.Core\MapCallScheduler.Core.csproj", "{255563D9-1008-4AF4-B292-F4F939EB4B20}"
EndProject
Project("{FAE04EC0-301F-11D3-BF4B-00C04F79EFBC}") = "MapCallScheduler.Console", "..\scheduler\MapCallScheduler.Console\MapCallScheduler.Console.csproj", "{D4D2AE73-EF83-494D-8B73-A2B0830A588C}"
EndProject
Project("{FAE04EC0-301F-11D3-BF4B-00C04F79EFBC}") = "MapCallScheduler.Service", "..\scheduler\MapCallScheduler.Service\MapCallScheduler.Service.csproj", "{E21BBEF1-EEE2-4F2B-BE14-65792C97E27B}"
EndProject
Project("{2150E333-8FDC-42A3-9474-1A3956D46DE8}") = "tests", "tests", "{093D6875-64C5-4912-9618-73918DE5D6F1}"
EndProject
Project("{9A19103F-16F7-4668-BE54-9A1E7A4F7556}") = "MapCallScheduler.Tests", "..\scheduler\MapCallScheduler.Tests\MapCallScheduler.Tests.csproj", "{2F17EC3A-B43D-4609-B0A1-45BB839EAF98}"
EndProject
Project("{2150E333-8FDC-42A3-9474-1A3956D46DE8}") = "src", "src", "{C220C935-53AD-4F5D-B016-0C1BDDBFB04A}"
EndProject
Project("{FAE04EC0-301F-11D3-BF4B-00C04F79EFBC}") = "LINQTo271", "..\workorders\LINQTo271\LINQTo271.csproj", "{E6B0B2D1-6ECC-4412-8F1D-F365B0E5A9BF}"
EndProject
Project("{FAE04EC0-301F-11D3-BF4B-00C04F79EFBC}") = "WorkOrders", "..\workorders\WorkOrders\WorkOrders.csproj", "{45A068AF-75DC-4446-BB6D-79E6EE978E26}"
EndProject
Project("{2150E333-8FDC-42A3-9474-1A3956D46DE8}") = "tests", "tests", "{A5243AB4-B45B-4A37-AB73-3019130C9B33}"
EndProject
Project("{FAE04EC0-301F-11D3-BF4B-00C04F79EFBC}") = "271ObjectTests", "..\workorders\271ObjectTests\271ObjectTests.csproj", "{B552DD6C-330E-4D00-A57B-2DFF1DEE55D4}"
EndProject
Project("{FAE04EC0-301F-11D3-BF4B-00C04F79EFBC}") = "RegressionTests", "..\workorders\RegressionTests\RegressionTests.csproj", "{012960C7-57EE-45F6-B320-2EC241012C6F}"
EndProject
Project("{FAE04EC0-301F-11D3-BF4B-00C04F79EFBC}") = "IntegrationTests", "..\workorders\IntegrationTests\IntegrationTests.csproj", "{7EB7CCFB-9EA9-4F47-A97E-78A82D69D640}"
EndProject
Project("{2150E333-8FDC-42A3-9474-1A3956D46DE8}") = "consumer", "consumer", "{699F1C61-1D3A-4A05-980E-759B2F2C6EE5}"
EndProject
Project("{2150E333-8FDC-42A3-9474-1A3956D46DE8}") = "src", "src", "{D610C4CB-FC89-4D59-B1D8-E9E160E8A37C}"
EndProject
Project("{FAE04EC0-301F-11D3-BF4B-00C04F79EFBC}") = "MapCallKafkaConsumer.Core", "..\consumer\src\MapCallKafkaConsumer.Core\MapCallKafkaConsumer.Core.csproj", "{E85EC7B2-8EA6-4676-A1ED-B95AE889E8F8}"
EndProject
Project("{FAE04EC0-301F-11D3-BF4B-00C04F79EFBC}") = "MapCallKafkaConsumer.Service", "..\consumer\src\MapCallKafkaConsumer.Service\MapCallKafkaConsumer.Service.csproj", "{0B6579A8-7657-47B1-BF3B-CB2FEE0317BD}"
EndProject
Project("{2150E333-8FDC-42A3-9474-1A3956D46DE8}") = "tests", "tests", "{A82C57C5-EB26-4E67-8DBE-DF7A3B4183C2}"
EndProject
Project("{FAE04EC0-301F-11D3-BF4B-00C04F79EFBC}") = "MapCallKafkaConsumer.Core.UnitTests", "..\consumer\test\MapCallKafkaConsumer.Core.UnitTests\MapCallKafkaConsumer.Core.UnitTests.csproj", "{5BB593A6-4498-4984-9238-37DEEDF5F913}"
EndProject
Project("{2150E333-8FDC-42A3-9474-1A3956D46DE8}") = "migrations", "migrations", "{473391B2-3A44-4B6D-A586-98CB923D7E00}"
EndProject
Project("{2150E333-8FDC-42A3-9474-1A3956D46DE8}") = "src", "src", "{D41C7707-2CFD-4155-9434-02252D99B05A}"
EndProject
Project("{9A19103F-16F7-4668-BE54-9A1E7A4F7556}") = "MapCallMigrations", "..\migrations\MapCallMigrations\MapCallMigrations.csproj", "{E7170D26-A47D-4AB5-8BF9-15F8873F309E}"
EndProject
Global
	GlobalSection(SolutionConfigurationPlatforms) = preSolution
		Debug|x64 = Debug|x64
		Release|x64 = Release|x64
	EndGlobalSection
	GlobalSection(ProjectConfigurationPlatforms) = postSolution
		{5D52EAEC-42FB-4313-83B8-69E2F55EBF14}.Debug|x64.ActiveCfg = Debug|x64
		{5D52EAEC-42FB-4313-83B8-69E2F55EBF14}.Debug|x64.Build.0 = Debug|x64
		{5D52EAEC-42FB-4313-83B8-69E2F55EBF14}.Release|x64.ActiveCfg = Release|x64
		{5D52EAEC-42FB-4313-83B8-69E2F55EBF14}.Release|x64.Build.0 = Release|x64
		{D8408F53-8F1E-4A71-8B05-76023B09B716}.Debug|x64.ActiveCfg = Debug|x64
		{D8408F53-8F1E-4A71-8B05-76023B09B716}.Debug|x64.Build.0 = Debug|x64
		{D8408F53-8F1E-4A71-8B05-76023B09B716}.Release|x64.ActiveCfg = Release|x64
		{D8408F53-8F1E-4A71-8B05-76023B09B716}.Release|x64.Build.0 = Release|x64
		{442A205A-2803-4EAE-9CC9-0E20A000FAE1}.Debug|x64.ActiveCfg = Debug|x64
		{442A205A-2803-4EAE-9CC9-0E20A000FAE1}.Debug|x64.Build.0 = Debug|x64
		{442A205A-2803-4EAE-9CC9-0E20A000FAE1}.Release|x64.ActiveCfg = Release|x64
		{442A205A-2803-4EAE-9CC9-0E20A000FAE1}.Release|x64.Build.0 = Release|x64
		{CF6EA71F-8570-42D0-BCC9-D35E58181E6E}.Debug|x64.ActiveCfg = Debug|x64
		{CF6EA71F-8570-42D0-BCC9-D35E58181E6E}.Debug|x64.Build.0 = Debug|x64
		{CF6EA71F-8570-42D0-BCC9-D35E58181E6E}.Release|x64.ActiveCfg = Release|x64
		{CF6EA71F-8570-42D0-BCC9-D35E58181E6E}.Release|x64.Build.0 = Release|x64
		{63ECD277-D26D-4306-A752-1246A35B63BD}.Debug|x64.ActiveCfg = Debug|x64
		{63ECD277-D26D-4306-A752-1246A35B63BD}.Debug|x64.Build.0 = Debug|x64
		{63ECD277-D26D-4306-A752-1246A35B63BD}.Release|x64.ActiveCfg = Release|x64
		{63ECD277-D26D-4306-A752-1246A35B63BD}.Release|x64.Build.0 = Release|x64
		{2BF5A04B-77D0-435B-AE0F-D9E3C5370030}.Debug|x64.ActiveCfg = Debug|x64
		{2BF5A04B-77D0-435B-AE0F-D9E3C5370030}.Debug|x64.Build.0 = Debug|x64
		{2BF5A04B-77D0-435B-AE0F-D9E3C5370030}.Release|x64.ActiveCfg = Release|x64
		{2BF5A04B-77D0-435B-AE0F-D9E3C5370030}.Release|x64.Build.0 = Release|x64
		{336D9861-ACDD-4C64-AC42-6F80AC1693EE}.Debug|x64.ActiveCfg = Debug|x64
		{336D9861-ACDD-4C64-AC42-6F80AC1693EE}.Debug|x64.Build.0 = Debug|x64
		{336D9861-ACDD-4C64-AC42-6F80AC1693EE}.Release|x64.ActiveCfg = Release|x64
		{336D9861-ACDD-4C64-AC42-6F80AC1693EE}.Release|x64.Build.0 = Release|x64
		{9EE96C6B-095A-4792-B247-2F7B28430A9B}.Debug|x64.ActiveCfg = Debug|x64
		{9EE96C6B-095A-4792-B247-2F7B28430A9B}.Debug|x64.Build.0 = Debug|x64
		{9EE96C6B-095A-4792-B247-2F7B28430A9B}.Release|x64.ActiveCfg = Release|x64
		{9EE96C6B-095A-4792-B247-2F7B28430A9B}.Release|x64.Build.0 = Release|x64
		{122B2768-130D-4BEE-A23A-9B2916EAFC67}.Debug|x64.ActiveCfg = Debug|x64
		{122B2768-130D-4BEE-A23A-9B2916EAFC67}.Debug|x64.Build.0 = Debug|x64
		{122B2768-130D-4BEE-A23A-9B2916EAFC67}.Release|x64.ActiveCfg = Release|x64
		{122B2768-130D-4BEE-A23A-9B2916EAFC67}.Release|x64.Build.0 = Release|x64
		{53CF0CDE-856B-4DC1-ABAE-9BD835C9C5D2}.Debug|x64.ActiveCfg = Debug|x64
		{53CF0CDE-856B-4DC1-ABAE-9BD835C9C5D2}.Debug|x64.Build.0 = Debug|x64
		{53CF0CDE-856B-4DC1-ABAE-9BD835C9C5D2}.Release|x64.ActiveCfg = Release|x64
		{53CF0CDE-856B-4DC1-ABAE-9BD835C9C5D2}.Release|x64.Build.0 = Release|x64
		{718E1B61-19B4-45DE-985F-3B583C0F7705}.Debug|x64.ActiveCfg = Debug|x64
		{718E1B61-19B4-45DE-985F-3B583C0F7705}.Debug|x64.Build.0 = Debug|x64
		{718E1B61-19B4-45DE-985F-3B583C0F7705}.Release|x64.ActiveCfg = Release|x64
		{718E1B61-19B4-45DE-985F-3B583C0F7705}.Release|x64.Build.0 = Release|x64
		{00096530-6883-4BBA-87D8-D8F49FB41692}.Debug|x64.ActiveCfg = Debug|x64
		{00096530-6883-4BBA-87D8-D8F49FB41692}.Debug|x64.Build.0 = Debug|x64
		{00096530-6883-4BBA-87D8-D8F49FB41692}.Release|x64.ActiveCfg = Release|x64
		{00096530-6883-4BBA-87D8-D8F49FB41692}.Release|x64.Build.0 = Release|x64
		{D6110CB2-1E3C-41B8-8056-26A9C6DF07B3}.Debug|x64.ActiveCfg = Debug|Any CPU
		{D6110CB2-1E3C-41B8-8056-26A9C6DF07B3}.Debug|x64.Build.0 = Debug|Any CPU
		{D6110CB2-1E3C-41B8-8056-26A9C6DF07B3}.Release|x64.ActiveCfg = Release|x64
		{D6110CB2-1E3C-41B8-8056-26A9C6DF07B3}.Release|x64.Build.0 = Release|x64
		{E6C5BFE0-B68E-427C-9A4C-8C801ED6CA9C}.Debug|x64.ActiveCfg = Debug|Any CPU
		{E6C5BFE0-B68E-427C-9A4C-8C801ED6CA9C}.Debug|x64.Build.0 = Debug|Any CPU
		{E6C5BFE0-B68E-427C-9A4C-8C801ED6CA9C}.Release|x64.ActiveCfg = Release|x64
		{E6C5BFE0-B68E-427C-9A4C-8C801ED6CA9C}.Release|x64.Build.0 = Release|x64
		{F613FDBA-47D4-4516-A1E6-1D73F962170E}.Debug|x64.ActiveCfg = Debug|x64
		{F613FDBA-47D4-4516-A1E6-1D73F962170E}.Debug|x64.Build.0 = Debug|x64
		{F613FDBA-47D4-4516-A1E6-1D73F962170E}.Release|x64.ActiveCfg = Release|x64
		{F613FDBA-47D4-4516-A1E6-1D73F962170E}.Release|x64.Build.0 = Release|x64
		{17B00AD4-E78B-4CA2-88D2-9101A372FEA5}.Debug|x64.ActiveCfg = Debug|x64
		{17B00AD4-E78B-4CA2-88D2-9101A372FEA5}.Debug|x64.Build.0 = Debug|x64
		{17B00AD4-E78B-4CA2-88D2-9101A372FEA5}.Release|x64.ActiveCfg = Release|x64
		{17B00AD4-E78B-4CA2-88D2-9101A372FEA5}.Release|x64.Build.0 = Release|x64
		{ED44B43A-34D3-47DC-AAD7-5BC141801DD2}.Debug|x64.ActiveCfg = Debug|x64
		{ED44B43A-34D3-47DC-AAD7-5BC141801DD2}.Debug|x64.Build.0 = Debug|x64
		{ED44B43A-34D3-47DC-AAD7-5BC141801DD2}.Release|x64.ActiveCfg = Release|x64
		{ED44B43A-34D3-47DC-AAD7-5BC141801DD2}.Release|x64.Build.0 = Release|x64
		{8984572E-BDC9-4E43-9A93-54D1E89F62A9}.Debug|x64.ActiveCfg = Debug|x64
		{8984572E-BDC9-4E43-9A93-54D1E89F62A9}.Debug|x64.Build.0 = Debug|x64
		{8984572E-BDC9-4E43-9A93-54D1E89F62A9}.Release|x64.ActiveCfg = Release|x64
		{8984572E-BDC9-4E43-9A93-54D1E89F62A9}.Release|x64.Build.0 = Release|x64
		{3EBC02C2-A1F2-44E7-976D-666A546C3004}.Debug|x64.ActiveCfg = Debug|x64
		{3EBC02C2-A1F2-44E7-976D-666A546C3004}.Debug|x64.Build.0 = Debug|x64
		{3EBC02C2-A1F2-44E7-976D-666A546C3004}.Release|x64.ActiveCfg = Release|x64
		{3EBC02C2-A1F2-44E7-976D-666A546C3004}.Release|x64.Build.0 = Release|x64
		{5929EC51-6E63-4FCD-A804-A78923E561AC}.Debug|x64.ActiveCfg = Debug|x64
		{5929EC51-6E63-4FCD-A804-A78923E561AC}.Debug|x64.Build.0 = Debug|x64
		{5929EC51-6E63-4FCD-A804-A78923E561AC}.Release|x64.ActiveCfg = Release|x64
		{5929EC51-6E63-4FCD-A804-A78923E561AC}.Release|x64.Build.0 = Release|x64
		{B66A8CEE-F3CB-4FF0-9C1F-AC8437507D22}.Debug|x64.ActiveCfg = Debug|x64
		{B66A8CEE-F3CB-4FF0-9C1F-AC8437507D22}.Debug|x64.Build.0 = Debug|x64
		{B66A8CEE-F3CB-4FF0-9C1F-AC8437507D22}.Release|x64.ActiveCfg = Release|x64
		{B66A8CEE-F3CB-4FF0-9C1F-AC8437507D22}.Release|x64.Build.0 = Release|x64
		{98287808-E02C-4CC4-8D47-514818385BD5}.Debug|x64.ActiveCfg = Debug|x64
		{98287808-E02C-4CC4-8D47-514818385BD5}.Debug|x64.Build.0 = Debug|x64
		{98287808-E02C-4CC4-8D47-514818385BD5}.Release|x64.ActiveCfg = Release|x64
		{98287808-E02C-4CC4-8D47-514818385BD5}.Release|x64.Build.0 = Release|x64
		{7BB97AF6-4333-4DC4-90F7-B5CE67DAF476}.Debug|x64.ActiveCfg = Debug|x64
		{7BB97AF6-4333-4DC4-90F7-B5CE67DAF476}.Debug|x64.Build.0 = Debug|x64
		{7BB97AF6-4333-4DC4-90F7-B5CE67DAF476}.Release|x64.ActiveCfg = Release|x64
		{7BB97AF6-4333-4DC4-90F7-B5CE67DAF476}.Release|x64.Build.0 = Release|x64
		{A8DB1DC3-449B-4DD3-8ECE-E9AAA20F8ACD}.Debug|x64.ActiveCfg = Debug|x64
		{A8DB1DC3-449B-4DD3-8ECE-E9AAA20F8ACD}.Debug|x64.Build.0 = Debug|x64
		{A8DB1DC3-449B-4DD3-8ECE-E9AAA20F8ACD}.Release|x64.ActiveCfg = Release|x64
		{A8DB1DC3-449B-4DD3-8ECE-E9AAA20F8ACD}.Release|x64.Build.0 = Release|x64
		{8E4A1BA7-2A13-4A05-BF80-29D34D5AC627}.Debug|x64.ActiveCfg = Debug|x64
		{8E4A1BA7-2A13-4A05-BF80-29D34D5AC627}.Debug|x64.Build.0 = Debug|x64
		{8E4A1BA7-2A13-4A05-BF80-29D34D5AC627}.Release|x64.ActiveCfg = Release|x64
		{8E4A1BA7-2A13-4A05-BF80-29D34D5AC627}.Release|x64.Build.0 = Release|x64
		{1147F255-8D1A-40E1-94DA-617A9072B5C7}.Debug|x64.ActiveCfg = Debug|x64
		{1147F255-8D1A-40E1-94DA-617A9072B5C7}.Debug|x64.Build.0 = Debug|x64
		{1147F255-8D1A-40E1-94DA-617A9072B5C7}.Release|x64.ActiveCfg = Release|x64
		{1147F255-8D1A-40E1-94DA-617A9072B5C7}.Release|x64.Build.0 = Release|x64
		{C1BB7DF7-96C9-4671-8719-52638B0FA579}.Debug|x64.ActiveCfg = Debug|x64
		{C1BB7DF7-96C9-4671-8719-52638B0FA579}.Debug|x64.Build.0 = Debug|x64
		{C1BB7DF7-96C9-4671-8719-52638B0FA579}.Release|x64.ActiveCfg = Release|x64
		{C1BB7DF7-96C9-4671-8719-52638B0FA579}.Release|x64.Build.0 = Release|x64
		{1622517F-6086-4A69-9458-123376BBF162}.Debug|x64.ActiveCfg = Debug|x64
		{1622517F-6086-4A69-9458-123376BBF162}.Debug|x64.Build.0 = Debug|x64
		{1622517F-6086-4A69-9458-123376BBF162}.Release|x64.ActiveCfg = Release|x64
		{1622517F-6086-4A69-9458-123376BBF162}.Release|x64.Build.0 = Release|x64
		{C64B6038-69D6-43C1-80D1-16B80BB7D689}.Debug|x64.ActiveCfg = Debug|x64
		{C64B6038-69D6-43C1-80D1-16B80BB7D689}.Debug|x64.Build.0 = Debug|x64
		{C64B6038-69D6-43C1-80D1-16B80BB7D689}.Release|x64.ActiveCfg = Release|x64
		{C64B6038-69D6-43C1-80D1-16B80BB7D689}.Release|x64.Build.0 = Release|x64
		{E8DF1DD5-A3CD-4A5D-A631-538ABBC4D48E}.Debug|x64.ActiveCfg = Debug|x64
		{E8DF1DD5-A3CD-4A5D-A631-538ABBC4D48E}.Debug|x64.Build.0 = Debug|x64
		{E8DF1DD5-A3CD-4A5D-A631-538ABBC4D48E}.Release|x64.ActiveCfg = Release|x64
		{E8DF1DD5-A3CD-4A5D-A631-538ABBC4D48E}.Release|x64.Build.0 = Release|x64
		{7E1A19E6-8134-43E0-8404-B5DD3FBED142}.Debug|x64.ActiveCfg = Debug|x64
		{7E1A19E6-8134-43E0-8404-B5DD3FBED142}.Debug|x64.Build.0 = Debug|x64
		{7E1A19E6-8134-43E0-8404-B5DD3FBED142}.Release|x64.ActiveCfg = Release|x64
		{7E1A19E6-8134-43E0-8404-B5DD3FBED142}.Release|x64.Build.0 = Release|x64
		{EAA6CB2E-A2A7-46C3-B9D7-E343A3B075CF}.Debug|x64.ActiveCfg = Debug|x64
		{EAA6CB2E-A2A7-46C3-B9D7-E343A3B075CF}.Debug|x64.Build.0 = Debug|x64
		{EAA6CB2E-A2A7-46C3-B9D7-E343A3B075CF}.Release|x64.ActiveCfg = Release|x64
		{EAA6CB2E-A2A7-46C3-B9D7-E343A3B075CF}.Release|x64.Build.0 = Release|x64
		{9E8C7543-28AF-4405-803D-69E5DAE5FD81}.Debug|x64.ActiveCfg = Debug|x64
		{9E8C7543-28AF-4405-803D-69E5DAE5FD81}.Debug|x64.Build.0 = Debug|x64
		{9E8C7543-28AF-4405-803D-69E5DAE5FD81}.Release|x64.ActiveCfg = Release|x64
		{9E8C7543-28AF-4405-803D-69E5DAE5FD81}.Release|x64.Build.0 = Release|x64
		{3EF37C21-52DC-4E72-BC09-0D882E026708}.Debug|x64.ActiveCfg = Debug|x64
		{3EF37C21-52DC-4E72-BC09-0D882E026708}.Debug|x64.Build.0 = Debug|x64
		{3EF37C21-52DC-4E72-BC09-0D882E026708}.Release|x64.ActiveCfg = Release|x64
		{3EF37C21-52DC-4E72-BC09-0D882E026708}.Release|x64.Build.0 = Release|x64
		{50439A07-FFEF-451A-A8B3-E8A1BDDBA933}.Debug|x64.ActiveCfg = Debug|x64
		{50439A07-FFEF-451A-A8B3-E8A1BDDBA933}.Debug|x64.Build.0 = Debug|x64
		{50439A07-FFEF-451A-A8B3-E8A1BDDBA933}.Release|x64.ActiveCfg = Release|x64
		{50439A07-FFEF-451A-A8B3-E8A1BDDBA933}.Release|x64.Build.0 = Release|x64
		{787BEADF-BD8F-439B-99A3-B7F0B360DF55}.Debug|x64.ActiveCfg = Debug|x64
		{787BEADF-BD8F-439B-99A3-B7F0B360DF55}.Debug|x64.Build.0 = Debug|x64
		{787BEADF-BD8F-439B-99A3-B7F0B360DF55}.Release|x64.ActiveCfg = Release|x64
		{787BEADF-BD8F-439B-99A3-B7F0B360DF55}.Release|x64.Build.0 = Release|x64
		{0C6BDFD1-6ADF-448B-8BE7-68D3ECD0FC3D}.Debug|x64.ActiveCfg = Debug|x64
		{0C6BDFD1-6ADF-448B-8BE7-68D3ECD0FC3D}.Debug|x64.Build.0 = Debug|x64
		{0C6BDFD1-6ADF-448B-8BE7-68D3ECD0FC3D}.Release|x64.ActiveCfg = Release|x64
		{0C6BDFD1-6ADF-448B-8BE7-68D3ECD0FC3D}.Release|x64.Build.0 = Release|x64
		{804B85DC-3AFE-499B-B357-5BFD10CCEC68}.Debug|x64.ActiveCfg = Debug|x64
		{804B85DC-3AFE-499B-B357-5BFD10CCEC68}.Debug|x64.Build.0 = Debug|x64
		{804B85DC-3AFE-499B-B357-5BFD10CCEC68}.Release|x64.ActiveCfg = Release|x64
		{804B85DC-3AFE-499B-B357-5BFD10CCEC68}.Release|x64.Build.0 = Release|x64
		{B474E607-49EE-4138-BA8E-41711788D3C9}.Debug|x64.ActiveCfg = Debug|x64
		{B474E607-49EE-4138-BA8E-41711788D3C9}.Debug|x64.Build.0 = Debug|x64
		{B474E607-49EE-4138-BA8E-41711788D3C9}.Release|x64.ActiveCfg = Release|x64
		{B474E607-49EE-4138-BA8E-41711788D3C9}.Release|x64.Build.0 = Release|x64
		{0CC42F13-804D-4354-953E-09B09878E4D7}.Debug|x64.ActiveCfg = Debug|x64
		{0CC42F13-804D-4354-953E-09B09878E4D7}.Debug|x64.Build.0 = Debug|x64
		{0CC42F13-804D-4354-953E-09B09878E4D7}.Release|x64.ActiveCfg = Release|x64
		{0CC42F13-804D-4354-953E-09B09878E4D7}.Release|x64.Build.0 = Release|x64
		{183D78D0-697F-4A1E-B86A-6E0AA7934994}.Debug|x64.ActiveCfg = Debug|x64
		{183D78D0-697F-4A1E-B86A-6E0AA7934994}.Debug|x64.Build.0 = Debug|x64
		{183D78D0-697F-4A1E-B86A-6E0AA7934994}.Release|x64.ActiveCfg = Release|x64
		{183D78D0-697F-4A1E-B86A-6E0AA7934994}.Release|x64.Build.0 = Release|x64
		{485EE674-D74B-4903-9437-6B6068BDB9B0}.Debug|x64.ActiveCfg = Debug|x64
		{485EE674-D74B-4903-9437-6B6068BDB9B0}.Debug|x64.Build.0 = Debug|x64
		{485EE674-D74B-4903-9437-6B6068BDB9B0}.Release|x64.ActiveCfg = Release|x64
		{485EE674-D74B-4903-9437-6B6068BDB9B0}.Release|x64.Build.0 = Release|x64
		{88C38018-4483-434B-B034-D53F325547F7}.Debug|x64.ActiveCfg = Debug|x64
		{88C38018-4483-434B-B034-D53F325547F7}.Debug|x64.Build.0 = Debug|x64
		{88C38018-4483-434B-B034-D53F325547F7}.Release|x64.ActiveCfg = Release|x64
		{88C38018-4483-434B-B034-D53F325547F7}.Release|x64.Build.0 = Release|x64
		{AFDEE0D2-999A-4362-94E1-CB837D5D11BD}.Debug|x64.ActiveCfg = Debug|x64
		{AFDEE0D2-999A-4362-94E1-CB837D5D11BD}.Debug|x64.Build.0 = Debug|x64
		{AFDEE0D2-999A-4362-94E1-CB837D5D11BD}.Release|x64.ActiveCfg = Release|x64
		{AFDEE0D2-999A-4362-94E1-CB837D5D11BD}.Release|x64.Build.0 = Release|x64
		{8237EA25-893A-496E-894D-61FDA38BAEF4}.Debug|x64.ActiveCfg = Debug|x64
		{8237EA25-893A-496E-894D-61FDA38BAEF4}.Debug|x64.Build.0 = Debug|x64
		{8237EA25-893A-496E-894D-61FDA38BAEF4}.Release|x64.ActiveCfg = Release|x64
		{8237EA25-893A-496E-894D-61FDA38BAEF4}.Release|x64.Build.0 = Release|x64
		{1B0C4551-D414-46DD-8ED2-09898B33D616}.Debug|x64.ActiveCfg = Debug|x64
		{1B0C4551-D414-46DD-8ED2-09898B33D616}.Debug|x64.Build.0 = Debug|x64
		{1B0C4551-D414-46DD-8ED2-09898B33D616}.Release|x64.ActiveCfg = Release|x64
		{1B0C4551-D414-46DD-8ED2-09898B33D616}.Release|x64.Build.0 = Release|x64
		{7967666B-C7CA-4FBA-AB82-50CD8165B0A6}.Debug|x64.ActiveCfg = Debug|x64
		{7967666B-C7CA-4FBA-AB82-50CD8165B0A6}.Debug|x64.Build.0 = Debug|x64
		{7967666B-C7CA-4FBA-AB82-50CD8165B0A6}.Release|x64.ActiveCfg = Release|x64
		{7967666B-C7CA-4FBA-AB82-50CD8165B0A6}.Release|x64.Build.0 = Release|x64
		{90A64895-7FD3-4329-94C5-B365C5391327}.Debug|x64.ActiveCfg = Debug|x64
		{90A64895-7FD3-4329-94C5-B365C5391327}.Debug|x64.Build.0 = Debug|x64
		{90A64895-7FD3-4329-94C5-B365C5391327}.Release|x64.ActiveCfg = Release|x64
		{90A64895-7FD3-4329-94C5-B365C5391327}.Release|x64.Build.0 = Release|x64
		{2705BAB2-A09C-4496-8731-FAA3F0801980}.Debug|x64.ActiveCfg = Debug|x64
		{2705BAB2-A09C-4496-8731-FAA3F0801980}.Debug|x64.Build.0 = Debug|x64
		{2705BAB2-A09C-4496-8731-FAA3F0801980}.Release|x64.ActiveCfg = Release|x64
		{2705BAB2-A09C-4496-8731-FAA3F0801980}.Release|x64.Build.0 = Release|x64
		{D17FADC4-D25F-4626-9AC1-0F33A2015549}.Debug|x64.ActiveCfg = Debug|x64
		{D17FADC4-D25F-4626-9AC1-0F33A2015549}.Debug|x64.Build.0 = Debug|x64
		{D17FADC4-D25F-4626-9AC1-0F33A2015549}.Release|x64.ActiveCfg = Release|x64
		{D17FADC4-D25F-4626-9AC1-0F33A2015549}.Release|x64.Build.0 = Release|x64
		{C391A50A-5600-48DE-A1B8-DE49968EA466}.Debug|x64.ActiveCfg = Debug|x64
		{C391A50A-5600-48DE-A1B8-DE49968EA466}.Debug|x64.Build.0 = Debug|x64
		{C391A50A-5600-48DE-A1B8-DE49968EA466}.Release|x64.ActiveCfg = Release|x64
		{C391A50A-5600-48DE-A1B8-DE49968EA466}.Release|x64.Build.0 = Release|x64
		{C738EAEC-B959-4544-AD06-F2474FB5F56A}.Debug|x64.ActiveCfg = Debug|x64
		{C738EAEC-B959-4544-AD06-F2474FB5F56A}.Debug|x64.Build.0 = Debug|x64
		{C738EAEC-B959-4544-AD06-F2474FB5F56A}.Release|x64.ActiveCfg = Release|x64
		{C738EAEC-B959-4544-AD06-F2474FB5F56A}.Release|x64.Build.0 = Release|x64
		{F51FFDC4-3469-4A95-955A-0734F118B6EE}.Debug|x64.ActiveCfg = Debug|x64
		{F51FFDC4-3469-4A95-955A-0734F118B6EE}.Debug|x64.Build.0 = Debug|x64
		{F51FFDC4-3469-4A95-955A-0734F118B6EE}.Release|x64.ActiveCfg = Release|x64
		{F51FFDC4-3469-4A95-955A-0734F118B6EE}.Release|x64.Build.0 = Release|x64
		{9B115B16-5697-47F5-9B58-1EB1C7F3206C}.Debug|x64.ActiveCfg = Debug|x64
		{9B115B16-5697-47F5-9B58-1EB1C7F3206C}.Debug|x64.Build.0 = Debug|x64
		{9B115B16-5697-47F5-9B58-1EB1C7F3206C}.Release|x64.ActiveCfg = Release|x64
		{9B115B16-5697-47F5-9B58-1EB1C7F3206C}.Release|x64.Build.0 = Release|x64
		{255563D9-1008-4AF4-B292-F4F939EB4B20}.Debug|x64.ActiveCfg = Debug|x64
		{255563D9-1008-4AF4-B292-F4F939EB4B20}.Debug|x64.Build.0 = Debug|x64
		{255563D9-1008-4AF4-B292-F4F939EB4B20}.Release|x64.ActiveCfg = Release|x64
		{255563D9-1008-4AF4-B292-F4F939EB4B20}.Release|x64.Build.0 = Release|x64
		{D4D2AE73-EF83-494D-8B73-A2B0830A588C}.Debug|x64.ActiveCfg = Debug|x64
		{D4D2AE73-EF83-494D-8B73-A2B0830A588C}.Debug|x64.Build.0 = Debug|x64
		{D4D2AE73-EF83-494D-8B73-A2B0830A588C}.Release|x64.ActiveCfg = Release|x64
		{D4D2AE73-EF83-494D-8B73-A2B0830A588C}.Release|x64.Build.0 = Release|x64
		{E21BBEF1-EEE2-4F2B-BE14-65792C97E27B}.Debug|x64.ActiveCfg = Debug|x64
		{E21BBEF1-EEE2-4F2B-BE14-65792C97E27B}.Debug|x64.Build.0 = Debug|x64
		{E21BBEF1-EEE2-4F2B-BE14-65792C97E27B}.Release|x64.ActiveCfg = Release|x64
		{E21BBEF1-EEE2-4F2B-BE14-65792C97E27B}.Release|x64.Build.0 = Release|x64
		{2F17EC3A-B43D-4609-B0A1-45BB839EAF98}.Debug|x64.ActiveCfg = Debug|x64
		{2F17EC3A-B43D-4609-B0A1-45BB839EAF98}.Debug|x64.Build.0 = Debug|x64
		{2F17EC3A-B43D-4609-B0A1-45BB839EAF98}.Release|x64.ActiveCfg = Release|x64
		{2F17EC3A-B43D-4609-B0A1-45BB839EAF98}.Release|x64.Build.0 = Release|x64
		{E6B0B2D1-6ECC-4412-8F1D-F365B0E5A9BF}.Debug|x64.ActiveCfg = Debug|x64
		{E6B0B2D1-6ECC-4412-8F1D-F365B0E5A9BF}.Debug|x64.Build.0 = Debug|x64
		{E6B0B2D1-6ECC-4412-8F1D-F365B0E5A9BF}.Release|x64.ActiveCfg = Release|x64
		{E6B0B2D1-6ECC-4412-8F1D-F365B0E5A9BF}.Release|x64.Build.0 = Release|x64
		{45A068AF-75DC-4446-BB6D-79E6EE978E26}.Debug|x64.ActiveCfg = Debug|x64
		{45A068AF-75DC-4446-BB6D-79E6EE978E26}.Debug|x64.Build.0 = Debug|x64
		{45A068AF-75DC-4446-BB6D-79E6EE978E26}.Release|x64.ActiveCfg = Release|x64
		{45A068AF-75DC-4446-BB6D-79E6EE978E26}.Release|x64.Build.0 = Release|x64
		{B552DD6C-330E-4D00-A57B-2DFF1DEE55D4}.Debug|x64.ActiveCfg = Debug|x64
		{B552DD6C-330E-4D00-A57B-2DFF1DEE55D4}.Debug|x64.Build.0 = Debug|x64
		{B552DD6C-330E-4D00-A57B-2DFF1DEE55D4}.Release|x64.ActiveCfg = Debug|x64
		{B552DD6C-330E-4D00-A57B-2DFF1DEE55D4}.Release|x64.Build.0 = Debug|x64
		{012960C7-57EE-45F6-B320-2EC241012C6F}.Debug|x64.ActiveCfg = Debug|x64
		{012960C7-57EE-45F6-B320-2EC241012C6F}.Debug|x64.Build.0 = Debug|x64
		{012960C7-57EE-45F6-B320-2EC241012C6F}.Release|x64.ActiveCfg = Release|x64
		{012960C7-57EE-45F6-B320-2EC241012C6F}.Release|x64.Build.0 = Release|x64
		{7EB7CCFB-9EA9-4F47-A97E-78A82D69D640}.Debug|x64.ActiveCfg = Debug|x64
		{7EB7CCFB-9EA9-4F47-A97E-78A82D69D640}.Debug|x64.Build.0 = Debug|x64
		{7EB7CCFB-9EA9-4F47-A97E-78A82D69D640}.Release|x64.ActiveCfg = Debug|x64
		{7EB7CCFB-9EA9-4F47-A97E-78A82D69D640}.Release|x64.Build.0 = Debug|x64
		{E85EC7B2-8EA6-4676-A1ED-B95AE889E8F8}.Debug|x64.ActiveCfg = Debug|x64
		{E85EC7B2-8EA6-4676-A1ED-B95AE889E8F8}.Debug|x64.Build.0 = Debug|x64
		{E85EC7B2-8EA6-4676-A1ED-B95AE889E8F8}.Release|x64.ActiveCfg = Release|x64
		{E85EC7B2-8EA6-4676-A1ED-B95AE889E8F8}.Release|x64.Build.0 = Release|x64
		{0B6579A8-7657-47B1-BF3B-CB2FEE0317BD}.Debug|x64.ActiveCfg = Debug|x64
		{0B6579A8-7657-47B1-BF3B-CB2FEE0317BD}.Debug|x64.Build.0 = Debug|x64
		{0B6579A8-7657-47B1-BF3B-CB2FEE0317BD}.Release|x64.ActiveCfg = Release|x64
		{0B6579A8-7657-47B1-BF3B-CB2FEE0317BD}.Release|x64.Build.0 = Release|x64
		{5BB593A6-4498-4984-9238-37DEEDF5F913}.Debug|x64.ActiveCfg = Debug|x64
		{5BB593A6-4498-4984-9238-37DEEDF5F913}.Debug|x64.Build.0 = Debug|x64
		{5BB593A6-4498-4984-9238-37DEEDF5F913}.Release|x64.ActiveCfg = Release|x64
		{5BB593A6-4498-4984-9238-37DEEDF5F913}.Release|x64.Build.0 = Release|x64
		{E7170D26-A47D-4AB5-8BF9-15F8873F309E}.Debug|x64.ActiveCfg = Debug|Any CPU
		{E7170D26-A47D-4AB5-8BF9-15F8873F309E}.Debug|x64.Build.0 = Debug|Any CPU
		{E7170D26-A47D-4AB5-8BF9-15F8873F309E}.Release|x64.ActiveCfg = Release|Any CPU
		{E7170D26-A47D-4AB5-8BF9-15F8873F309E}.Release|x64.Build.0 = Release|Any CPU
	EndGlobalSection
	GlobalSection(SolutionProperties) = preSolution
		HideSolutionNode = FALSE
	EndGlobalSection
	GlobalSection(NestedProjects) = preSolution
		{DBFD7CC6-984B-4310-BA13-0BFBDFBD4D2A} = {7F2E094C-46C3-4098-8334-63BF92A63B7F}
		{03E0B280-A840-4DC2-8B95-C64E96CC1076} = {7F2E094C-46C3-4098-8334-63BF92A63B7F}
		{2ACA4F92-EBC6-48E9-AD37-88602D6884B2} = {7F2E094C-46C3-4098-8334-63BF92A63B7F}
		{5D52EAEC-42FB-4313-83B8-69E2F55EBF14} = {DBFD7CC6-984B-4310-BA13-0BFBDFBD4D2A}
		{D8408F53-8F1E-4A71-8B05-76023B09B716} = {DBFD7CC6-984B-4310-BA13-0BFBDFBD4D2A}
		{442A205A-2803-4EAE-9CC9-0E20A000FAE1} = {DBFD7CC6-984B-4310-BA13-0BFBDFBD4D2A}
		{CF6EA71F-8570-42D0-BCC9-D35E58181E6E} = {DBFD7CC6-984B-4310-BA13-0BFBDFBD4D2A}
		{63ECD277-D26D-4306-A752-1246A35B63BD} = {03E0B280-A840-4DC2-8B95-C64E96CC1076}
		{2BF5A04B-77D0-435B-AE0F-D9E3C5370030} = {03E0B280-A840-4DC2-8B95-C64E96CC1076}
		{336D9861-ACDD-4C64-AC42-6F80AC1693EE} = {03E0B280-A840-4DC2-8B95-C64E96CC1076}
		{9EE96C6B-095A-4792-B247-2F7B28430A9B} = {03E0B280-A840-4DC2-8B95-C64E96CC1076}
		{122B2768-130D-4BEE-A23A-9B2916EAFC67} = {03E0B280-A840-4DC2-8B95-C64E96CC1076}
		{53CF0CDE-856B-4DC1-ABAE-9BD835C9C5D2} = {03E0B280-A840-4DC2-8B95-C64E96CC1076}
		{718E1B61-19B4-45DE-985F-3B583C0F7705} = {03E0B280-A840-4DC2-8B95-C64E96CC1076}
		{00096530-6883-4BBA-87D8-D8F49FB41692} = {03E0B280-A840-4DC2-8B95-C64E96CC1076}
		{D6110CB2-1E3C-41B8-8056-26A9C6DF07B3} = {03E0B280-A840-4DC2-8B95-C64E96CC1076}
		{E6C5BFE0-B68E-427C-9A4C-8C801ED6CA9C} = {03E0B280-A840-4DC2-8B95-C64E96CC1076}
		{F613FDBA-47D4-4516-A1E6-1D73F962170E} = {03E0B280-A840-4DC2-8B95-C64E96CC1076}
		{17B00AD4-E78B-4CA2-88D2-9101A372FEA5} = {03E0B280-A840-4DC2-8B95-C64E96CC1076}
		{ED44B43A-34D3-47DC-AAD7-5BC141801DD2} = {2ACA4F92-EBC6-48E9-AD37-88602D6884B2}
		{8984572E-BDC9-4E43-9A93-54D1E89F62A9} = {2ACA4F92-EBC6-48E9-AD37-88602D6884B2}
		{3EBC02C2-A1F2-44E7-976D-666A546C3004} = {2ACA4F92-EBC6-48E9-AD37-88602D6884B2}
		{5929EC51-6E63-4FCD-A804-A78923E561AC} = {2ACA4F92-EBC6-48E9-AD37-88602D6884B2}
		{B66A8CEE-F3CB-4FF0-9C1F-AC8437507D22} = {2ACA4F92-EBC6-48E9-AD37-88602D6884B2}
		{98287808-E02C-4CC4-8D47-514818385BD5} = {2ACA4F92-EBC6-48E9-AD37-88602D6884B2}
		{7BB97AF6-4333-4DC4-90F7-B5CE67DAF476} = {2ACA4F92-EBC6-48E9-AD37-88602D6884B2}
		{A8DB1DC3-449B-4DD3-8ECE-E9AAA20F8ACD} = {2ACA4F92-EBC6-48E9-AD37-88602D6884B2}
		{8E4A1BA7-2A13-4A05-BF80-29D34D5AC627} = {2ACA4F92-EBC6-48E9-AD37-88602D6884B2}
		{1147F255-8D1A-40E1-94DA-617A9072B5C7} = {2ACA4F92-EBC6-48E9-AD37-88602D6884B2}
		{C1BB7DF7-96C9-4671-8719-52638B0FA579} = {2ACA4F92-EBC6-48E9-AD37-88602D6884B2}
		{B7AEA5DE-C87E-4576-B522-93575806CAAE} = {A66BBD57-BF78-47BD-B1D2-53B79B610B93}
		{1622517F-6086-4A69-9458-123376BBF162} = {B7AEA5DE-C87E-4576-B522-93575806CAAE}
		{741AF1B2-CC0C-4FD6-BAF9-273B8F7274D0} = {A66BBD57-BF78-47BD-B1D2-53B79B610B93}
		{C64B6038-69D6-43C1-80D1-16B80BB7D689} = {741AF1B2-CC0C-4FD6-BAF9-273B8F7274D0}
		{E8DF1DD5-A3CD-4A5D-A631-538ABBC4D48E} = {741AF1B2-CC0C-4FD6-BAF9-273B8F7274D0}
		{7E1A19E6-8134-43E0-8404-B5DD3FBED142} = {741AF1B2-CC0C-4FD6-BAF9-273B8F7274D0}
		{A8FB9A46-F784-434B-AFF0-DE67166C692F} = {805007DE-3FD2-4817-9A5B-B80042C09901}
		{EAA6CB2E-A2A7-46C3-B9D7-E343A3B075CF} = {A8FB9A46-F784-434B-AFF0-DE67166C692F}
		{9E8C7543-28AF-4405-803D-69E5DAE5FD81} = {A8FB9A46-F784-434B-AFF0-DE67166C692F}
		{CAF1859A-FF95-44DE-A785-3006F19E0EAA} = {805007DE-3FD2-4817-9A5B-B80042C09901}
		{3EF37C21-52DC-4E72-BC09-0D882E026708} = {CAF1859A-FF95-44DE-A785-3006F19E0EAA}
		{50439A07-FFEF-451A-A8B3-E8A1BDDBA933} = {CAF1859A-FF95-44DE-A785-3006F19E0EAA}
		{3B499E93-3569-466D-92D2-A72E73470B48} = {10DF6494-9AD9-473C-9BCD-F90CAACBD7D6}
		{787BEADF-BD8F-439B-99A3-B7F0B360DF55} = {3B499E93-3569-466D-92D2-A72E73470B48}
		{9956EF32-C107-42B2-9572-788E57CD09D4} = {10DF6494-9AD9-473C-9BCD-F90CAACBD7D6}
		{0C6BDFD1-6ADF-448B-8BE7-68D3ECD0FC3D} = {9956EF32-C107-42B2-9572-788E57CD09D4}
		{804B85DC-3AFE-499B-B357-5BFD10CCEC68} = {9956EF32-C107-42B2-9572-788E57CD09D4}
		{49F7CCA7-05EF-4082-BA25-E422CD5CBCDD} = {D7F765F7-6211-4781-B34D-06A6446B64C4}
		{76C44B97-9420-4951-AA08-74FFE7FBF076} = {D7F765F7-6211-4781-B34D-06A6446B64C4}
		{B474E607-49EE-4138-BA8E-41711788D3C9} = {49F7CCA7-05EF-4082-BA25-E422CD5CBCDD}
		{0CC42F13-804D-4354-953E-09B09878E4D7} = {49F7CCA7-05EF-4082-BA25-E422CD5CBCDD}
		{183D78D0-697F-4A1E-B86A-6E0AA7934994} = {49F7CCA7-05EF-4082-BA25-E422CD5CBCDD}
		{485EE674-D74B-4903-9437-6B6068BDB9B0} = {76C44B97-9420-4951-AA08-74FFE7FBF076}
		{6BC46591-3C15-448E-B46A-9C8A7C47D6C1} = {67EA35C2-3A52-4A12-A50D-94A949B9D47C}
		{88C38018-4483-434B-B034-D53F325547F7} = {6BC46591-3C15-448E-B46A-9C8A7C47D6C1}
		{27697579-9631-4FE9-B9E5-1EE5B9DEECD3} = {67EA35C2-3A52-4A12-A50D-94A949B9D47C}
		{AFDEE0D2-999A-4362-94E1-CB837D5D11BD} = {27697579-9631-4FE9-B9E5-1EE5B9DEECD3}
		{8237EA25-893A-496E-894D-61FDA38BAEF4} = {27697579-9631-4FE9-B9E5-1EE5B9DEECD3}
		{F3FCB820-0E80-45E0-928E-5EBCADC376BB} = {964FC646-8C02-4735-915A-6E66E33B7DF0}
		{1B0C4551-D414-46DD-8ED2-09898B33D616} = {F3FCB820-0E80-45E0-928E-5EBCADC376BB}
		{7967666B-C7CA-4FBA-AB82-50CD8165B0A6} = {F3FCB820-0E80-45E0-928E-5EBCADC376BB}
		{1F871070-57EE-44C3-A356-67F53163CA60} = {964FC646-8C02-4735-915A-6E66E33B7DF0}
		{90A64895-7FD3-4329-94C5-B365C5391327} = {1F871070-57EE-44C3-A356-67F53163CA60}
		{BB98E716-7E68-4E6E-8953-FB089CCD1207} = {88DACD6C-21CC-47BA-A0DB-BBB2A4FE2152}
		{2705BAB2-A09C-4496-8731-FAA3F0801980} = {BB98E716-7E68-4E6E-8953-FB089CCD1207}
		{D17FADC4-D25F-4626-9AC1-0F33A2015549} = {BB98E716-7E68-4E6E-8953-FB089CCD1207}
		{7449D952-CEA0-4386-8C57-01BA48F13DDB} = {88DACD6C-21CC-47BA-A0DB-BBB2A4FE2152}
		{C391A50A-5600-48DE-A1B8-DE49968EA466} = {7449D952-CEA0-4386-8C57-01BA48F13DDB}
		{C738EAEC-B959-4544-AD06-F2474FB5F56A} = {7449D952-CEA0-4386-8C57-01BA48F13DDB}
		{F51FFDC4-3469-4A95-955A-0734F118B6EE} = {03E0B280-A840-4DC2-8B95-C64E96CC1076}
		{9B115B16-5697-47F5-9B58-1EB1C7F3206C} = {2ACA4F92-EBC6-48E9-AD37-88602D6884B2}
		{08262FF6-B2E0-4A43-BE2B-AFCB45867E04} = {D94E7B15-1205-4939-8BC5-2C38141934FC}
		{255563D9-1008-4AF4-B292-F4F939EB4B20} = {08262FF6-B2E0-4A43-BE2B-AFCB45867E04}
		{D4D2AE73-EF83-494D-8B73-A2B0830A588C} = {08262FF6-B2E0-4A43-BE2B-AFCB45867E04}
		{E21BBEF1-EEE2-4F2B-BE14-65792C97E27B} = {08262FF6-B2E0-4A43-BE2B-AFCB45867E04}
		{093D6875-64C5-4912-9618-73918DE5D6F1} = {D94E7B15-1205-4939-8BC5-2C38141934FC}
		{2F17EC3A-B43D-4609-B0A1-45BB839EAF98} = {093D6875-64C5-4912-9618-73918DE5D6F1}
		{C220C935-53AD-4F5D-B016-0C1BDDBFB04A} = {F238DD4D-9DC7-4074-B7B6-9B3780DC80FD}
		{E6B0B2D1-6ECC-4412-8F1D-F365B0E5A9BF} = {C220C935-53AD-4F5D-B016-0C1BDDBFB04A}
		{45A068AF-75DC-4446-BB6D-79E6EE978E26} = {C220C935-53AD-4F5D-B016-0C1BDDBFB04A}
		{A5243AB4-B45B-4A37-AB73-3019130C9B33} = {F238DD4D-9DC7-4074-B7B6-9B3780DC80FD}
		{B552DD6C-330E-4D00-A57B-2DFF1DEE55D4} = {A5243AB4-B45B-4A37-AB73-3019130C9B33}
		{012960C7-57EE-45F6-B320-2EC241012C6F} = {A5243AB4-B45B-4A37-AB73-3019130C9B33}
		{7EB7CCFB-9EA9-4F47-A97E-78A82D69D640} = {A5243AB4-B45B-4A37-AB73-3019130C9B33}
		{D610C4CB-FC89-4D59-B1D8-E9E160E8A37C} = {699F1C61-1D3A-4A05-980E-759B2F2C6EE5}
		{E85EC7B2-8EA6-4676-A1ED-B95AE889E8F8} = {D610C4CB-FC89-4D59-B1D8-E9E160E8A37C}
		{0B6579A8-7657-47B1-BF3B-CB2FEE0317BD} = {D610C4CB-FC89-4D59-B1D8-E9E160E8A37C}
		{A82C57C5-EB26-4E67-8DBE-DF7A3B4183C2} = {699F1C61-1D3A-4A05-980E-759B2F2C6EE5}
		{5BB593A6-4498-4984-9238-37DEEDF5F913} = {A82C57C5-EB26-4E67-8DBE-DF7A3B4183C2}
		{D41C7707-2CFD-4155-9434-02252D99B05A} = {473391B2-3A44-4B6D-A586-98CB923D7E00}
		{E7170D26-A47D-4AB5-8BF9-15F8873F309E} = {D41C7707-2CFD-4155-9434-02252D99B05A}
	EndGlobalSection
	GlobalSection(ExtensibilityGlobals) = postSolution
		SolutionGuid = {D3505A56-0E23-46E7-8C5C-3E4EB3B1997C}
	EndGlobalSection
EndGlobal
