
Microsoft Visual Studio Solution File, Format Version 12.00
# Visual Studio Version 17
VisualStudioVersion = 17.6.33712.159
MinimumVisualStudioVersion = 10.0.40219.1
Project("{2150E333-8FDC-42A3-9474-1A3956D46DE8}") = "lib", "lib", "{7DFDF671-672B-4C1E-86A6-5D3CEB87BD14}"
EndProject
Project("{2150E333-8FDC-42A3-9474-1A3956D46DE8}") = "src", "src", "{B71CD298-B4D8-442B-B325-B98BFF47851D}"
EndProject
Project("{2150E333-8FDC-42A3-9474-1A3956D46DE8}") = "tests", "tests", "{B798F62E-50AE-4D75-895B-BD52CA8C9E1A}"
EndProject
Project("{FAE04EC0-301F-11D3-BF4B-00C04F79EFBC}") = "AuthorizeNET", "..\mmsinc\Authorize.NET\AuthorizeNET.csproj", "{5D52EAEC-42FB-4313-83B8-69E2F55EBF14}"
EndProject
Project("{FAE04EC0-301F-11D3-BF4B-00C04F79EFBC}") = "Deleporter", "..\mmsinc\Deleporter\Deleporter.csproj", "{442A205A-2803-4EAE-9CC9-0E20A000FAE1}"
EndProject
Project("{9A19103F-16F7-4668-BE54-9A1E7A4F7556}") = "MapCall.Common", "..\mmsinc\MapCall.Common\MapCall.Common.csproj", "{63ECD277-D26D-4306-A752-1246A35B63BD}"
EndProject
Project("{9A19103F-16F7-4668-BE54-9A1E7A4F7556}") = "MapCall.Common.Mvc", "..\mmsinc\MapCall.Common.Mvc\MapCall.Common.Mvc.csproj", "{2BF5A04B-77D0-435B-AE0F-D9E3C5370030}"
EndProject
Project("{9A19103F-16F7-4668-BE54-9A1E7A4F7556}") = "MapCall.Common.Testing", "..\mmsinc\MapCall.Common.Testing\MapCall.Common.Testing.csproj", "{00096530-6883-4BBA-87D8-D8F49FB41692}"
EndProject
Project("{FAE04EC0-301F-11D3-BF4B-00C04F79EFBC}") = "MMSINC.Core", "..\mmsinc\MMSINC.Core\MMSINC.Core.csproj", "{122B2768-130D-4BEE-A23A-9B2916EAFC67}"
EndProject
Project("{FAE04EC0-301F-11D3-BF4B-00C04F79EFBC}") = "MMSINC.Core.Mvc", "..\mmsinc\MMSINC.Core.Mvc\MMSINC.Core.Mvc.csproj", "{53CF0CDE-856B-4DC1-ABAE-9BD835C9C5D2}"
EndProject
Project("{9A19103F-16F7-4668-BE54-9A1E7A4F7556}") = "MMSINC.Testing", "..\mmsinc\MMSINC.Testing\MMSINC.Testing.csproj", "{D6110CB2-1E3C-41B8-8056-26A9C6DF07B3}"
EndProject
Project("{9A19103F-16F7-4668-BE54-9A1E7A4F7556}") = "MMSINC.Testing.Mvc", "..\mmsinc\MMSINC.Testing.Mvc\MMSINC.Testing.Mvc.csproj", "{E6C5BFE0-B68E-427C-9A4C-8C801ED6CA9C}"
EndProject
Project("{FAE04EC0-301F-11D3-BF4B-00C04F79EFBC}") = "MapCallIntranet", "src\MapCallIntranet\MapCallIntranet.csproj", "{88C38018-4483-434B-B034-D53F325547F7}"
EndProject
Project("{FAE04EC0-301F-11D3-BF4B-00C04F79EFBC}") = "RegressionTests", "tests\RegressionTests\RegressionTests.csproj", "{8237EA25-893A-496E-894D-61FDA38BAEF4}"
EndProject
Project("{FAE04EC0-301F-11D3-BF4B-00C04F79EFBC}") = "MapCallIntranet.Tests", "tests\MapCallIntranet.Tests\MapCallIntranet.Tests.csproj", "{AFDEE0D2-999A-4362-94E1-CB837D5D11BD}"
EndProject
Project("{9A19103F-16F7-4668-BE54-9A1E7A4F7556}") = "MapCall.SAP", "..\mmsinc\MapCall.SAP\MapCall.SAP.csproj", "{9EE96C6B-095A-4792-B247-2F7B28430A9B}"
EndProject
Global
	GlobalSection(SolutionConfigurationPlatforms) = preSolution
		Debug|x64 = Debug|x64
		QA1|x64 = QA1|x64
		QA2|x64 = QA2|x64
		QA3|x64 = QA3|x64
		QA4|x64 = QA4|x64
		Release|x64 = Release|x64
		Training|x64 = Training|x64
	EndGlobalSection
	GlobalSection(ProjectConfigurationPlatforms) = postSolution
		{5D52EAEC-42FB-4313-83B8-69E2F55EBF14}.Debug|x64.ActiveCfg = Debug|x64
		{5D52EAEC-42FB-4313-83B8-69E2F55EBF14}.Debug|x64.Build.0 = Debug|x64
		{5D52EAEC-42FB-4313-83B8-69E2F55EBF14}.QA1|x64.ActiveCfg = QA1|x64
		{5D52EAEC-42FB-4313-83B8-69E2F55EBF14}.QA1|x64.Build.0 = QA1|x64
		{5D52EAEC-42FB-4313-83B8-69E2F55EBF14}.QA2|x64.ActiveCfg = QA2|x64
		{5D52EAEC-42FB-4313-83B8-69E2F55EBF14}.QA2|x64.Build.0 = QA2|x64
		{5D52EAEC-42FB-4313-83B8-69E2F55EBF14}.QA3|x64.ActiveCfg = QA3|x64
		{5D52EAEC-42FB-4313-83B8-69E2F55EBF14}.QA3|x64.Build.0 = QA3|x64
		{5D52EAEC-42FB-4313-83B8-69E2F55EBF14}.QA4|x64.ActiveCfg = QA4|x64
		{5D52EAEC-42FB-4313-83B8-69E2F55EBF14}.QA4|x64.Build.0 = QA4|x64
		{5D52EAEC-42FB-4313-83B8-69E2F55EBF14}.Release|x64.ActiveCfg = Release|x64
		{5D52EAEC-42FB-4313-83B8-69E2F55EBF14}.Release|x64.Build.0 = Release|x64
		{5D52EAEC-42FB-4313-83B8-69E2F55EBF14}.Training|x64.ActiveCfg = Training|x64
		{5D52EAEC-42FB-4313-83B8-69E2F55EBF14}.Training|x64.Build.0 = Training|x64
		{442A205A-2803-4EAE-9CC9-0E20A000FAE1}.Debug|x64.ActiveCfg = Debug|x64
		{442A205A-2803-4EAE-9CC9-0E20A000FAE1}.Debug|x64.Build.0 = Debug|x64
		{442A205A-2803-4EAE-9CC9-0E20A000FAE1}.QA1|x64.ActiveCfg = QA1|x64
		{442A205A-2803-4EAE-9CC9-0E20A000FAE1}.QA2|x64.ActiveCfg = QA2|x64
		{442A205A-2803-4EAE-9CC9-0E20A000FAE1}.QA2|x64.Build.0 = QA2|x64
		{442A205A-2803-4EAE-9CC9-0E20A000FAE1}.QA3|x64.ActiveCfg = QA3|x64
		{442A205A-2803-4EAE-9CC9-0E20A000FAE1}.QA3|x64.Build.0 = QA3|x64
		{442A205A-2803-4EAE-9CC9-0E20A000FAE1}.QA4|x64.ActiveCfg = QA4|x64
		{442A205A-2803-4EAE-9CC9-0E20A000FAE1}.QA4|x64.Build.0 = QA4|x64
		{442A205A-2803-4EAE-9CC9-0E20A000FAE1}.Release|x64.ActiveCfg = Release|x64
		{442A205A-2803-4EAE-9CC9-0E20A000FAE1}.Training|x64.ActiveCfg = Training|x64
		{442A205A-2803-4EAE-9CC9-0E20A000FAE1}.Training|x64.Build.0 = Training|x64
		{63ECD277-D26D-4306-A752-1246A35B63BD}.Debug|x64.ActiveCfg = Debug|x64
		{63ECD277-D26D-4306-A752-1246A35B63BD}.Debug|x64.Build.0 = Debug|x64
		{63ECD277-D26D-4306-A752-1246A35B63BD}.QA1|x64.ActiveCfg = QA1|x64
		{63ECD277-D26D-4306-A752-1246A35B63BD}.QA1|x64.Build.0 = QA1|x64
		{63ECD277-D26D-4306-A752-1246A35B63BD}.QA2|x64.ActiveCfg = Debug|x64
		{63ECD277-D26D-4306-A752-1246A35B63BD}.QA2|x64.Build.0 = Debug|x64
		{63ECD277-D26D-4306-A752-1246A35B63BD}.QA3|x64.ActiveCfg = QA3|x64
		{63ECD277-D26D-4306-A752-1246A35B63BD}.QA3|x64.Build.0 = QA3|x64
		{63ECD277-D26D-4306-A752-1246A35B63BD}.QA4|x64.ActiveCfg = QA4|x64
		{63ECD277-D26D-4306-A752-1246A35B63BD}.QA4|x64.Build.0 = QA4|x64
		{63ECD277-D26D-4306-A752-1246A35B63BD}.Release|x64.ActiveCfg = Release|x64
		{63ECD277-D26D-4306-A752-1246A35B63BD}.Release|x64.Build.0 = Release|x64
		{63ECD277-D26D-4306-A752-1246A35B63BD}.Training|x64.ActiveCfg = Training|x64
		{63ECD277-D26D-4306-A752-1246A35B63BD}.Training|x64.Build.0 = Training|x64
		{2BF5A04B-77D0-435B-AE0F-D9E3C5370030}.Debug|x64.ActiveCfg = Debug|x64
		{2BF5A04B-77D0-435B-AE0F-D9E3C5370030}.Debug|x64.Build.0 = Debug|x64
		{2BF5A04B-77D0-435B-AE0F-D9E3C5370030}.QA1|x64.ActiveCfg = QA1|x64
		{2BF5A04B-77D0-435B-AE0F-D9E3C5370030}.QA1|x64.Build.0 = QA1|x64
		{2BF5A04B-77D0-435B-AE0F-D9E3C5370030}.QA2|x64.ActiveCfg = Debug|x64
		{2BF5A04B-77D0-435B-AE0F-D9E3C5370030}.QA2|x64.Build.0 = Debug|x64
		{2BF5A04B-77D0-435B-AE0F-D9E3C5370030}.QA3|x64.ActiveCfg = QA3|x64
		{2BF5A04B-77D0-435B-AE0F-D9E3C5370030}.QA3|x64.Build.0 = QA3|x64
		{2BF5A04B-77D0-435B-AE0F-D9E3C5370030}.QA4|x64.ActiveCfg = QA4|x64
		{2BF5A04B-77D0-435B-AE0F-D9E3C5370030}.QA4|x64.Build.0 = QA4|x64
		{2BF5A04B-77D0-435B-AE0F-D9E3C5370030}.Release|x64.ActiveCfg = Release|x64
		{2BF5A04B-77D0-435B-AE0F-D9E3C5370030}.Release|x64.Build.0 = Release|x64
		{2BF5A04B-77D0-435B-AE0F-D9E3C5370030}.Training|x64.ActiveCfg = Training|x64
		{2BF5A04B-77D0-435B-AE0F-D9E3C5370030}.Training|x64.Build.0 = Training|x64
		{00096530-6883-4BBA-87D8-D8F49FB41692}.Debug|x64.ActiveCfg = Debug|x64
		{00096530-6883-4BBA-87D8-D8F49FB41692}.Debug|x64.Build.0 = Debug|x64
		{00096530-6883-4BBA-87D8-D8F49FB41692}.QA1|x64.ActiveCfg = QA1|x64
		{00096530-6883-4BBA-87D8-D8F49FB41692}.QA2|x64.ActiveCfg = Debug|x64
		{00096530-6883-4BBA-87D8-D8F49FB41692}.QA2|x64.Build.0 = Debug|x64
		{00096530-6883-4BBA-87D8-D8F49FB41692}.QA3|x64.ActiveCfg = QA3|x64
		{00096530-6883-4BBA-87D8-D8F49FB41692}.QA3|x64.Build.0 = QA3|x64
		{00096530-6883-4BBA-87D8-D8F49FB41692}.QA4|x64.ActiveCfg = QA4|x64
		{00096530-6883-4BBA-87D8-D8F49FB41692}.QA4|x64.Build.0 = QA4|x64
		{00096530-6883-4BBA-87D8-D8F49FB41692}.Release|x64.ActiveCfg = Release|x64
		{00096530-6883-4BBA-87D8-D8F49FB41692}.Training|x64.ActiveCfg = Training|x64
		{00096530-6883-4BBA-87D8-D8F49FB41692}.Training|x64.Build.0 = Training|x64
		{122B2768-130D-4BEE-A23A-9B2916EAFC67}.Debug|x64.ActiveCfg = Debug|x64
		{122B2768-130D-4BEE-A23A-9B2916EAFC67}.Debug|x64.Build.0 = Debug|x64
		{122B2768-130D-4BEE-A23A-9B2916EAFC67}.QA1|x64.ActiveCfg = QA1|x64
		{122B2768-130D-4BEE-A23A-9B2916EAFC67}.QA1|x64.Build.0 = QA1|x64
		{122B2768-130D-4BEE-A23A-9B2916EAFC67}.QA2|x64.ActiveCfg = QA2|x64
		{122B2768-130D-4BEE-A23A-9B2916EAFC67}.QA2|x64.Build.0 = QA2|x64
		{122B2768-130D-4BEE-A23A-9B2916EAFC67}.QA3|x64.ActiveCfg = QA3|x64
		{122B2768-130D-4BEE-A23A-9B2916EAFC67}.QA3|x64.Build.0 = QA3|x64
		{122B2768-130D-4BEE-A23A-9B2916EAFC67}.QA4|x64.ActiveCfg = QA4|x64
		{122B2768-130D-4BEE-A23A-9B2916EAFC67}.QA4|x64.Build.0 = QA4|x64
		{122B2768-130D-4BEE-A23A-9B2916EAFC67}.Release|x64.ActiveCfg = Release|x64
		{122B2768-130D-4BEE-A23A-9B2916EAFC67}.Release|x64.Build.0 = Release|x64
		{122B2768-130D-4BEE-A23A-9B2916EAFC67}.Training|x64.ActiveCfg = Training|x64
		{122B2768-130D-4BEE-A23A-9B2916EAFC67}.Training|x64.Build.0 = Training|x64
		{53CF0CDE-856B-4DC1-ABAE-9BD835C9C5D2}.Debug|x64.ActiveCfg = Debug|x64
		{53CF0CDE-856B-4DC1-ABAE-9BD835C9C5D2}.Debug|x64.Build.0 = Debug|x64
		{53CF0CDE-856B-4DC1-ABAE-9BD835C9C5D2}.QA1|x64.ActiveCfg = QA1|x64
		{53CF0CDE-856B-4DC1-ABAE-9BD835C9C5D2}.QA1|x64.Build.0 = QA1|x64
		{53CF0CDE-856B-4DC1-ABAE-9BD835C9C5D2}.QA2|x64.ActiveCfg = QA2|x64
		{53CF0CDE-856B-4DC1-ABAE-9BD835C9C5D2}.QA2|x64.Build.0 = QA2|x64
		{53CF0CDE-856B-4DC1-ABAE-9BD835C9C5D2}.QA3|x64.ActiveCfg = QA3|x64
		{53CF0CDE-856B-4DC1-ABAE-9BD835C9C5D2}.QA3|x64.Build.0 = QA3|x64
		{53CF0CDE-856B-4DC1-ABAE-9BD835C9C5D2}.QA4|x64.ActiveCfg = QA4|x64
		{53CF0CDE-856B-4DC1-ABAE-9BD835C9C5D2}.QA4|x64.Build.0 = QA4|x64
		{53CF0CDE-856B-4DC1-ABAE-9BD835C9C5D2}.Release|x64.ActiveCfg = Release|x64
		{53CF0CDE-856B-4DC1-ABAE-9BD835C9C5D2}.Release|x64.Build.0 = Release|x64
		{53CF0CDE-856B-4DC1-ABAE-9BD835C9C5D2}.Training|x64.ActiveCfg = Training|x64
		{53CF0CDE-856B-4DC1-ABAE-9BD835C9C5D2}.Training|x64.Build.0 = Training|x64
		{D6110CB2-1E3C-41B8-8056-26A9C6DF07B3}.Debug|x64.ActiveCfg = Debug|x64
		{D6110CB2-1E3C-41B8-8056-26A9C6DF07B3}.Debug|x64.Build.0 = Debug|x64
		{D6110CB2-1E3C-41B8-8056-26A9C6DF07B3}.QA1|x64.ActiveCfg = Debug|Any CPU
		{D6110CB2-1E3C-41B8-8056-26A9C6DF07B3}.QA2|x64.ActiveCfg = Debug|Any CPU
		{D6110CB2-1E3C-41B8-8056-26A9C6DF07B3}.QA2|x64.Build.0 = Debug|Any CPU
		{D6110CB2-1E3C-41B8-8056-26A9C6DF07B3}.QA3|x64.ActiveCfg = QA3|x64
		{D6110CB2-1E3C-41B8-8056-26A9C6DF07B3}.QA3|x64.Build.0 = QA3|x64
		{D6110CB2-1E3C-41B8-8056-26A9C6DF07B3}.QA4|x64.ActiveCfg = QA4|x64
		{D6110CB2-1E3C-41B8-8056-26A9C6DF07B3}.QA4|x64.Build.0 = QA4|x64
		{D6110CB2-1E3C-41B8-8056-26A9C6DF07B3}.Release|x64.ActiveCfg = Release|Any CPU
		{D6110CB2-1E3C-41B8-8056-26A9C6DF07B3}.Training|x64.ActiveCfg = Training|x64
		{D6110CB2-1E3C-41B8-8056-26A9C6DF07B3}.Training|x64.Build.0 = Training|x64
		{E6C5BFE0-B68E-427C-9A4C-8C801ED6CA9C}.Debug|x64.ActiveCfg = Debug|x64
		{E6C5BFE0-B68E-427C-9A4C-8C801ED6CA9C}.Debug|x64.Build.0 = Debug|x64
		{E6C5BFE0-B68E-427C-9A4C-8C801ED6CA9C}.QA1|x64.ActiveCfg = Debug|Any CPU
		{E6C5BFE0-B68E-427C-9A4C-8C801ED6CA9C}.QA2|x64.ActiveCfg = Debug|Any CPU
		{E6C5BFE0-B68E-427C-9A4C-8C801ED6CA9C}.QA2|x64.Build.0 = Debug|Any CPU
		{E6C5BFE0-B68E-427C-9A4C-8C801ED6CA9C}.QA3|x64.ActiveCfg = QA3|x64
		{E6C5BFE0-B68E-427C-9A4C-8C801ED6CA9C}.QA3|x64.Build.0 = QA3|x64
		{E6C5BFE0-B68E-427C-9A4C-8C801ED6CA9C}.QA4|x64.ActiveCfg = QA4|x64
		{E6C5BFE0-B68E-427C-9A4C-8C801ED6CA9C}.QA4|x64.Build.0 = QA4|x64
		{E6C5BFE0-B68E-427C-9A4C-8C801ED6CA9C}.Release|x64.ActiveCfg = Release|Any CPU
		{E6C5BFE0-B68E-427C-9A4C-8C801ED6CA9C}.Training|x64.ActiveCfg = Training|x64
		{E6C5BFE0-B68E-427C-9A4C-8C801ED6CA9C}.Training|x64.Build.0 = Training|x64
		{88C38018-4483-434B-B034-D53F325547F7}.Debug|x64.ActiveCfg = Debug|x64
		{88C38018-4483-434B-B034-D53F325547F7}.Debug|x64.Build.0 = Debug|x64
		{88C38018-4483-434B-B034-D53F325547F7}.QA1|x64.ActiveCfg = QA1|x64
		{88C38018-4483-434B-B034-D53F325547F7}.QA1|x64.Build.0 = QA1|x64
		{88C38018-4483-434B-B034-D53F325547F7}.QA2|x64.ActiveCfg = Debug|x64
		{88C38018-4483-434B-B034-D53F325547F7}.QA3|x64.ActiveCfg = Debug|x64
		{88C38018-4483-434B-B034-D53F325547F7}.QA4|x64.ActiveCfg = QA4|x64
		{88C38018-4483-434B-B034-D53F325547F7}.QA4|x64.Build.0 = QA4|x64
		{88C38018-4483-434B-B034-D53F325547F7}.Release|x64.ActiveCfg = Release|x64
		{88C38018-4483-434B-B034-D53F325547F7}.Release|x64.Build.0 = Release|x64
		{88C38018-4483-434B-B034-D53F325547F7}.Training|x64.ActiveCfg = Debug|x64
		{8237EA25-893A-496E-894D-61FDA38BAEF4}.Debug|x64.ActiveCfg = Debug|x64
		{8237EA25-893A-496E-894D-61FDA38BAEF4}.Debug|x64.Build.0 = Debug|x64
		{8237EA25-893A-496E-894D-61FDA38BAEF4}.QA1|x64.ActiveCfg = QA1|x64
		{8237EA25-893A-496E-894D-61FDA38BAEF4}.QA2|x64.ActiveCfg = Debug|x64
		{8237EA25-893A-496E-894D-61FDA38BAEF4}.QA3|x64.ActiveCfg = Debug|x64
		{8237EA25-893A-496E-894D-61FDA38BAEF4}.QA4|x64.ActiveCfg = QA4|x64
		{8237EA25-893A-496E-894D-61FDA38BAEF4}.QA4|x64.Build.0 = QA4|x64
		{8237EA25-893A-496E-894D-61FDA38BAEF4}.Release|x64.ActiveCfg = Release|x64
		{8237EA25-893A-496E-894D-61FDA38BAEF4}.Training|x64.ActiveCfg = Debug|x64
		{AFDEE0D2-999A-4362-94E1-CB837D5D11BD}.Debug|x64.ActiveCfg = Debug|x64
		{AFDEE0D2-999A-4362-94E1-CB837D5D11BD}.Debug|x64.Build.0 = Debug|x64
		{AFDEE0D2-999A-4362-94E1-CB837D5D11BD}.QA1|x64.ActiveCfg = QA1|x64
		{AFDEE0D2-999A-4362-94E1-CB837D5D11BD}.QA2|x64.ActiveCfg = Debug|x64
		{AFDEE0D2-999A-4362-94E1-CB837D5D11BD}.QA3|x64.ActiveCfg = Debug|x64
		{AFDEE0D2-999A-4362-94E1-CB837D5D11BD}.QA4|x64.ActiveCfg = QA4|x64
		{AFDEE0D2-999A-4362-94E1-CB837D5D11BD}.QA4|x64.Build.0 = QA4|x64
		{AFDEE0D2-999A-4362-94E1-CB837D5D11BD}.Release|x64.ActiveCfg = Release|x64
		{AFDEE0D2-999A-4362-94E1-CB837D5D11BD}.Training|x64.ActiveCfg = Debug|x64
		{9EE96C6B-095A-4792-B247-2F7B28430A9B}.Debug|x64.ActiveCfg = Debug|x64
		{9EE96C6B-095A-4792-B247-2F7B28430A9B}.Debug|x64.Build.0 = Debug|x64
		{9EE96C6B-095A-4792-B247-2F7B28430A9B}.QA1|x64.ActiveCfg = QA1|x64
		{9EE96C6B-095A-4792-B247-2F7B28430A9B}.QA1|x64.Build.0 = QA1|x64
		{9EE96C6B-095A-4792-B247-2F7B28430A9B}.QA2|x64.ActiveCfg = Debug|x64
		{9EE96C6B-095A-4792-B247-2F7B28430A9B}.QA2|x64.Build.0 = Debug|x64
		{9EE96C6B-095A-4792-B247-2F7B28430A9B}.QA3|x64.ActiveCfg = QA3|x64
		{9EE96C6B-095A-4792-B247-2F7B28430A9B}.QA3|x64.Build.0 = QA3|x64
		{9EE96C6B-095A-4792-B247-2F7B28430A9B}.QA4|x64.ActiveCfg = QA4|x64
		{9EE96C6B-095A-4792-B247-2F7B28430A9B}.QA4|x64.Build.0 = QA4|x64
		{9EE96C6B-095A-4792-B247-2F7B28430A9B}.Release|x64.ActiveCfg = Release|x64
		{9EE96C6B-095A-4792-B247-2F7B28430A9B}.Release|x64.Build.0 = Release|x64
		{9EE96C6B-095A-4792-B247-2F7B28430A9B}.Training|x64.ActiveCfg = Training|x64
		{9EE96C6B-095A-4792-B247-2F7B28430A9B}.Training|x64.Build.0 = Training|x64
	EndGlobalSection
	GlobalSection(SolutionProperties) = preSolution
		HideSolutionNode = FALSE
	EndGlobalSection
	GlobalSection(NestedProjects) = preSolution
		{5D52EAEC-42FB-4313-83B8-69E2F55EBF14} = {7DFDF671-672B-4C1E-86A6-5D3CEB87BD14}
		{442A205A-2803-4EAE-9CC9-0E20A000FAE1} = {7DFDF671-672B-4C1E-86A6-5D3CEB87BD14}
		{63ECD277-D26D-4306-A752-1246A35B63BD} = {7DFDF671-672B-4C1E-86A6-5D3CEB87BD14}
		{2BF5A04B-77D0-435B-AE0F-D9E3C5370030} = {7DFDF671-672B-4C1E-86A6-5D3CEB87BD14}
		{00096530-6883-4BBA-87D8-D8F49FB41692} = {7DFDF671-672B-4C1E-86A6-5D3CEB87BD14}
		{122B2768-130D-4BEE-A23A-9B2916EAFC67} = {7DFDF671-672B-4C1E-86A6-5D3CEB87BD14}
		{53CF0CDE-856B-4DC1-ABAE-9BD835C9C5D2} = {7DFDF671-672B-4C1E-86A6-5D3CEB87BD14}
		{D6110CB2-1E3C-41B8-8056-26A9C6DF07B3} = {7DFDF671-672B-4C1E-86A6-5D3CEB87BD14}
		{E6C5BFE0-B68E-427C-9A4C-8C801ED6CA9C} = {7DFDF671-672B-4C1E-86A6-5D3CEB87BD14}
		{88C38018-4483-434B-B034-D53F325547F7} = {B71CD298-B4D8-442B-B325-B98BFF47851D}
		{8237EA25-893A-496E-894D-61FDA38BAEF4} = {B798F62E-50AE-4D75-895B-BD52CA8C9E1A}
		{AFDEE0D2-999A-4362-94E1-CB837D5D11BD} = {B798F62E-50AE-4D75-895B-BD52CA8C9E1A}
		{9EE96C6B-095A-4792-B247-2F7B28430A9B} = {7DFDF671-672B-4C1E-86A6-5D3CEB87BD14}
	EndGlobalSection
	GlobalSection(ExtensibilityGlobals) = postSolution
		SolutionGuid = {32A312E4-8BBA-4B67-A7EF-FB79346D0AC0}
	EndGlobalSection
EndGlobal
