
Microsoft Visual Studio Solution File, Format Version 12.00
# Visual Studio Version 17
VisualStudioVersion = 17.2.32630.192
MinimumVisualStudioVersion = 10.0.40219.1
Project("{FAE04EC0-301F-11D3-BF4B-00C04F79EFBC}") = "Contractors", "Contractors\Contractors.csproj", "{EAA6CB2E-A2A7-46C3-B9D7-E343A3B075CF}"
EndProject
Project("{FAE04EC0-301F-11D3-BF4B-00C04F79EFBC}") = "Contractors.Tests", "Contractors.Tests\Contractors.Tests.csproj", "{3EF37C21-52DC-4E72-BC09-0D882E026708}"
EndProject
Project("{FAE04EC0-301F-11D3-BF4B-00C04F79EFBC}") = "RegressionTests", "RegressionTests\RegressionTests.csproj", "{50439A07-FFEF-451A-A8B3-E8A1BDDBA933}"
EndProject
Project("{FAE04EC0-301F-11D3-BF4B-00C04F79EFBC}") = "Contractors.Data", "Contractors.Data\Contractors.Data.csproj", "{9E8C7543-28AF-4405-803D-69E5DAE5FD81}"
EndProject
Project("{FAE04EC0-301F-11D3-BF4B-00C04F79EFBC}") = "MMSINC.Core", "..\MMSINC\MMSINC.Core\MMSINC.Core.csproj", "{122B2768-130D-4BEE-A23A-9B2916EAFC67}"
EndProject
Project("{9A19103F-16F7-4668-BE54-9A1E7A4F7556}") = "MMSINC.Testing", "..\MMSINC\MMSINC.Testing\MMSINC.Testing.csproj", "{D6110CB2-1E3C-41B8-8056-26A9C6DF07B3}"
EndProject
Project("{FAE04EC0-301F-11D3-BF4B-00C04F79EFBC}") = "Deleporter", "..\MMSINC\Deleporter\Deleporter.csproj", "{442A205A-2803-4EAE-9CC9-0E20A000FAE1}"
EndProject
Project("{9A19103F-16F7-4668-BE54-9A1E7A4F7556}") = "MapCall.Common", "..\MMSINC\MapCall.Common\MapCall.Common.csproj", "{63ECD277-D26D-4306-A752-1246A35B63BD}"
EndProject
Project("{FAE04EC0-301F-11D3-BF4B-00C04F79EFBC}") = "MMSINC.Core.Mvc", "..\MMSINC\MMSINC.Core.Mvc\MMSINC.Core.Mvc.csproj", "{53CF0CDE-856B-4DC1-ABAE-9BD835C9C5D2}"
EndProject
Project("{9A19103F-16F7-4668-BE54-9A1E7A4F7556}") = "MapCall.Common.Mvc", "..\MMSINC\MapCall.Common.Mvc\MapCall.Common.Mvc.csproj", "{2BF5A04B-77D0-435B-AE0F-D9E3C5370030}"
EndProject
Project("{9A19103F-16F7-4668-BE54-9A1E7A4F7556}") = "MMSINC.Testing.Mvc", "..\mmsinc\MMSINC.Testing.Mvc\MMSINC.Testing.Mvc.csproj", "{E6C5BFE0-B68E-427C-9A4C-8C801ED6CA9C}"
EndProject
Project("{9A19103F-16F7-4668-BE54-9A1E7A4F7556}") = "MapCall.Common.Testing", "..\mmsinc\MapCall.Common.Testing\MapCall.Common.Testing.csproj", "{00096530-6883-4BBA-87D8-D8F49FB41692}"
EndProject
Project("{9A19103F-16F7-4668-BE54-9A1E7A4F7556}") = "MapCall.SAP", "..\mmsinc\MapCall.SAP\MapCall.SAP.csproj", "{9EE96C6B-095A-4792-B247-2F7B28430A9B}"
EndProject
Project("{FAE04EC0-301F-11D3-BF4B-00C04F79EFBC}") = "AuthorizeNET", "..\mmsinc\Authorize.NET\AuthorizeNET.csproj", "{5D52EAEC-42FB-4313-83B8-69E2F55EBF14}"
EndProject
Project("{2150E333-8FDC-42A3-9474-1A3956D46DE8}") = "lib", "lib", "{BC613586-6D6F-4D77-8CCC-4038AFC35B35}"
EndProject
Project("{2150E333-8FDC-42A3-9474-1A3956D46DE8}") = "src", "src", "{C2C5ACA6-DB20-4862-9452-2F26D678450F}"
EndProject
Project("{2150E333-8FDC-42A3-9474-1A3956D46DE8}") = "tests", "tests", "{9413440A-353E-4A62-9655-64B40D155557}"
EndProject
Global
	GlobalSection(SolutionConfigurationPlatforms) = preSolution
		Debug|x64 = Debug|x64
		QA1|x64 = QA1|x64
		QA2|x64 = QA2|x64
		QA3|x64 = QA3|x64
		QA4|x64 = QA4|x64
		Release|x64 = Release|x64
		Training|x64 = Training|x64
	EndGlobalSection
	GlobalSection(ProjectConfigurationPlatforms) = postSolution
		{EAA6CB2E-A2A7-46C3-B9D7-E343A3B075CF}.Debug|x64.ActiveCfg = Debug|x64
		{EAA6CB2E-A2A7-46C3-B9D7-E343A3B075CF}.Debug|x64.Build.0 = Debug|x64
		{EAA6CB2E-A2A7-46C3-B9D7-E343A3B075CF}.QA1|x64.ActiveCfg = QA1|x64
		{EAA6CB2E-A2A7-46C3-B9D7-E343A3B075CF}.QA1|x64.Build.0 = QA1|x64
		{EAA6CB2E-A2A7-46C3-B9D7-E343A3B075CF}.QA2|x64.ActiveCfg = QA2|x64
		{EAA6CB2E-A2A7-46C3-B9D7-E343A3B075CF}.QA2|x64.Build.0 = QA2|x64
		{EAA6CB2E-A2A7-46C3-B9D7-E343A3B075CF}.QA3|x64.ActiveCfg = QA3|x64
		{EAA6CB2E-A2A7-46C3-B9D7-E343A3B075CF}.QA3|x64.Build.0 = QA3|x64
		{EAA6CB2E-A2A7-46C3-B9D7-E343A3B075CF}.QA4|x64.ActiveCfg = QA4|x64
		{EAA6CB2E-A2A7-46C3-B9D7-E343A3B075CF}.QA4|x64.Build.0 = QA4|x64
		{EAA6CB2E-A2A7-46C3-B9D7-E343A3B075CF}.Release|x64.ActiveCfg = Release|x64
		{EAA6CB2E-A2A7-46C3-B9D7-E343A3B075CF}.Release|x64.Build.0 = Release|x64
		{EAA6CB2E-A2A7-46C3-B9D7-E343A3B075CF}.Training|x64.ActiveCfg = Training|x64
		{EAA6CB2E-A2A7-46C3-B9D7-E343A3B075CF}.Training|x64.Build.0 = Training|x64
		{3EF37C21-52DC-4E72-BC09-0D882E026708}.Debug|x64.ActiveCfg = Debug|x64
		{3EF37C21-52DC-4E72-BC09-0D882E026708}.Debug|x64.Build.0 = Debug|x64
		{3EF37C21-52DC-4E72-BC09-0D882E026708}.QA1|x64.ActiveCfg = QA1|x64
		{3EF37C21-52DC-4E72-BC09-0D882E026708}.QA2|x64.ActiveCfg = QA2|x64
		{3EF37C21-52DC-4E72-BC09-0D882E026708}.QA3|x64.ActiveCfg = QA3|x64
		{3EF37C21-52DC-4E72-BC09-0D882E026708}.QA4|x64.ActiveCfg = QA3|x64
		{3EF37C21-52DC-4E72-BC09-0D882E026708}.Release|x64.ActiveCfg = Release|x64
		{3EF37C21-52DC-4E72-BC09-0D882E026708}.Training|x64.ActiveCfg = Training|x64
		{50439A07-FFEF-451A-A8B3-E8A1BDDBA933}.Debug|x64.ActiveCfg = Debug|x64
		{50439A07-FFEF-451A-A8B3-E8A1BDDBA933}.Debug|x64.Build.0 = Debug|x64
		{50439A07-FFEF-451A-A8B3-E8A1BDDBA933}.QA1|x64.ActiveCfg = QA1|x64
		{50439A07-FFEF-451A-A8B3-E8A1BDDBA933}.QA2|x64.ActiveCfg = QA2|x64
		{50439A07-FFEF-451A-A8B3-E8A1BDDBA933}.QA3|x64.ActiveCfg = QA3|x64
		{50439A07-FFEF-451A-A8B3-E8A1BDDBA933}.QA4|x64.ActiveCfg = QA3|x64
		{50439A07-FFEF-451A-A8B3-E8A1BDDBA933}.Release|x64.ActiveCfg = Release|x64
		{50439A07-FFEF-451A-A8B3-E8A1BDDBA933}.Training|x64.ActiveCfg = Training|x64
		{9E8C7543-28AF-4405-803D-69E5DAE5FD81}.Debug|x64.ActiveCfg = Debug|x64
		{9E8C7543-28AF-4405-803D-69E5DAE5FD81}.Debug|x64.Build.0 = Debug|x64
		{9E8C7543-28AF-4405-803D-69E5DAE5FD81}.QA1|x64.ActiveCfg = QA1|x64
		{9E8C7543-28AF-4405-803D-69E5DAE5FD81}.QA1|x64.Build.0 = QA1|x64
		{9E8C7543-28AF-4405-803D-69E5DAE5FD81}.QA2|x64.ActiveCfg = QA2|x64
		{9E8C7543-28AF-4405-803D-69E5DAE5FD81}.QA2|x64.Build.0 = QA2|x64
		{9E8C7543-28AF-4405-803D-69E5DAE5FD81}.QA3|x64.ActiveCfg = Debug|x64
		{9E8C7543-28AF-4405-803D-69E5DAE5FD81}.QA3|x64.Build.0 = Debug|x64
		{9E8C7543-28AF-4405-803D-69E5DAE5FD81}.QA4|x64.ActiveCfg = Debug|x64
		{9E8C7543-28AF-4405-803D-69E5DAE5FD81}.QA4|x64.Build.0 = Debug|x64
		{9E8C7543-28AF-4405-803D-69E5DAE5FD81}.Release|x64.ActiveCfg = Release|x64
		{9E8C7543-28AF-4405-803D-69E5DAE5FD81}.Release|x64.Build.0 = Release|x64
		{9E8C7543-28AF-4405-803D-69E5DAE5FD81}.Training|x64.ActiveCfg = Training|x64
		{9E8C7543-28AF-4405-803D-69E5DAE5FD81}.Training|x64.Build.0 = Training|x64
		{122B2768-130D-4BEE-A23A-9B2916EAFC67}.Debug|x64.ActiveCfg = Debug|x64
		{122B2768-130D-4BEE-A23A-9B2916EAFC67}.Debug|x64.Build.0 = Debug|x64
		{122B2768-130D-4BEE-A23A-9B2916EAFC67}.QA1|x64.ActiveCfg = QA1|x64
		{122B2768-130D-4BEE-A23A-9B2916EAFC67}.QA1|x64.Build.0 = QA1|x64
		{122B2768-130D-4BEE-A23A-9B2916EAFC67}.QA2|x64.ActiveCfg = QA2|x64
		{122B2768-130D-4BEE-A23A-9B2916EAFC67}.QA2|x64.Build.0 = QA2|x64
		{122B2768-130D-4BEE-A23A-9B2916EAFC67}.QA3|x64.ActiveCfg = Debug|x64
		{122B2768-130D-4BEE-A23A-9B2916EAFC67}.QA3|x64.Build.0 = Debug|x64
		{122B2768-130D-4BEE-A23A-9B2916EAFC67}.QA4|x64.ActiveCfg = Debug|x64
		{122B2768-130D-4BEE-A23A-9B2916EAFC67}.QA4|x64.Build.0 = Debug|x64
		{122B2768-130D-4BEE-A23A-9B2916EAFC67}.Release|x64.ActiveCfg = Release|x64
		{122B2768-130D-4BEE-A23A-9B2916EAFC67}.Release|x64.Build.0 = Release|x64
		{122B2768-130D-4BEE-A23A-9B2916EAFC67}.Training|x64.ActiveCfg = Training|x64
		{122B2768-130D-4BEE-A23A-9B2916EAFC67}.Training|x64.Build.0 = Training|x64
		{D6110CB2-1E3C-41B8-8056-26A9C6DF07B3}.Debug|x64.ActiveCfg = Debug|Any CPU
		{D6110CB2-1E3C-41B8-8056-26A9C6DF07B3}.Debug|x64.Build.0 = Debug|Any CPU
		{D6110CB2-1E3C-41B8-8056-26A9C6DF07B3}.QA1|x64.ActiveCfg = QA1|x64
		{D6110CB2-1E3C-41B8-8056-26A9C6DF07B3}.QA2|x64.ActiveCfg = QA2|x64
		{D6110CB2-1E3C-41B8-8056-26A9C6DF07B3}.QA3|x64.ActiveCfg = QA3|x64
		{D6110CB2-1E3C-41B8-8056-26A9C6DF07B3}.QA4|x64.ActiveCfg = QA3|x64
		{D6110CB2-1E3C-41B8-8056-26A9C6DF07B3}.Release|x64.ActiveCfg = Release|x64
		{D6110CB2-1E3C-41B8-8056-26A9C6DF07B3}.Training|x64.ActiveCfg = Training|x64
		{442A205A-2803-4EAE-9CC9-0E20A000FAE1}.Debug|x64.ActiveCfg = Debug|x64
		{442A205A-2803-4EAE-9CC9-0E20A000FAE1}.Debug|x64.Build.0 = Debug|x64
		{442A205A-2803-4EAE-9CC9-0E20A000FAE1}.QA1|x64.ActiveCfg = QA1|x64
		{442A205A-2803-4EAE-9CC9-0E20A000FAE1}.QA2|x64.ActiveCfg = QA2|x64
		{442A205A-2803-4EAE-9CC9-0E20A000FAE1}.QA3|x64.ActiveCfg = QA3|x64
		{442A205A-2803-4EAE-9CC9-0E20A000FAE1}.QA4|x64.ActiveCfg = QA3|x64
		{442A205A-2803-4EAE-9CC9-0E20A000FAE1}.Release|x64.ActiveCfg = Release|x64
		{442A205A-2803-4EAE-9CC9-0E20A000FAE1}.Training|x64.ActiveCfg = Training|x64
		{63ECD277-D26D-4306-A752-1246A35B63BD}.Debug|x64.ActiveCfg = Debug|Any CPU
		{63ECD277-D26D-4306-A752-1246A35B63BD}.Debug|x64.Build.0 = Debug|Any CPU
		{63ECD277-D26D-4306-A752-1246A35B63BD}.QA1|x64.ActiveCfg = QA1|x64
		{63ECD277-D26D-4306-A752-1246A35B63BD}.QA1|x64.Build.0 = QA1|x64
		{63ECD277-D26D-4306-A752-1246A35B63BD}.QA2|x64.ActiveCfg = QA2|x64
		{63ECD277-D26D-4306-A752-1246A35B63BD}.QA2|x64.Build.0 = QA2|x64
		{63ECD277-D26D-4306-A752-1246A35B63BD}.QA3|x64.ActiveCfg = Debug|Any CPU
		{63ECD277-D26D-4306-A752-1246A35B63BD}.QA3|x64.Build.0 = Debug|Any CPU
		{63ECD277-D26D-4306-A752-1246A35B63BD}.QA4|x64.ActiveCfg = Debug|Any CPU
		{63ECD277-D26D-4306-A752-1246A35B63BD}.QA4|x64.Build.0 = Debug|Any CPU
		{63ECD277-D26D-4306-A752-1246A35B63BD}.Release|x64.ActiveCfg = Release|x64
		{63ECD277-D26D-4306-A752-1246A35B63BD}.Release|x64.Build.0 = Release|x64
		{63ECD277-D26D-4306-A752-1246A35B63BD}.Training|x64.ActiveCfg = Training|x64
		{63ECD277-D26D-4306-A752-1246A35B63BD}.Training|x64.Build.0 = Training|x64
		{53CF0CDE-856B-4DC1-ABAE-9BD835C9C5D2}.Debug|x64.ActiveCfg = Debug|x64
		{53CF0CDE-856B-4DC1-ABAE-9BD835C9C5D2}.Debug|x64.Build.0 = Debug|x64
		{53CF0CDE-856B-4DC1-ABAE-9BD835C9C5D2}.QA1|x64.ActiveCfg = QA1|x64
		{53CF0CDE-856B-4DC1-ABAE-9BD835C9C5D2}.QA1|x64.Build.0 = QA1|x64
		{53CF0CDE-856B-4DC1-ABAE-9BD835C9C5D2}.QA2|x64.ActiveCfg = QA2|x64
		{53CF0CDE-856B-4DC1-ABAE-9BD835C9C5D2}.QA2|x64.Build.0 = QA2|x64
		{53CF0CDE-856B-4DC1-ABAE-9BD835C9C5D2}.QA3|x64.ActiveCfg = Debug|x64
		{53CF0CDE-856B-4DC1-ABAE-9BD835C9C5D2}.QA3|x64.Build.0 = Debug|x64
		{53CF0CDE-856B-4DC1-ABAE-9BD835C9C5D2}.QA4|x64.ActiveCfg = Debug|x64
		{53CF0CDE-856B-4DC1-ABAE-9BD835C9C5D2}.QA4|x64.Build.0 = Debug|x64
		{53CF0CDE-856B-4DC1-ABAE-9BD835C9C5D2}.Release|x64.ActiveCfg = Release|x64
		{53CF0CDE-856B-4DC1-ABAE-9BD835C9C5D2}.Release|x64.Build.0 = Release|x64
		{53CF0CDE-856B-4DC1-ABAE-9BD835C9C5D2}.Training|x64.ActiveCfg = Training|x64
		{53CF0CDE-856B-4DC1-ABAE-9BD835C9C5D2}.Training|x64.Build.0 = Training|x64
		{2BF5A04B-77D0-435B-AE0F-D9E3C5370030}.Debug|x64.ActiveCfg = Debug|Any CPU
		{2BF5A04B-77D0-435B-AE0F-D9E3C5370030}.Debug|x64.Build.0 = Debug|Any CPU
		{2BF5A04B-77D0-435B-AE0F-D9E3C5370030}.QA1|x64.ActiveCfg = QA1|x64
		{2BF5A04B-77D0-435B-AE0F-D9E3C5370030}.QA1|x64.Build.0 = QA1|x64
		{2BF5A04B-77D0-435B-AE0F-D9E3C5370030}.QA2|x64.ActiveCfg = QA2|x64
		{2BF5A04B-77D0-435B-AE0F-D9E3C5370030}.QA2|x64.Build.0 = QA2|x64
		{2BF5A04B-77D0-435B-AE0F-D9E3C5370030}.QA3|x64.ActiveCfg = Debug|Any CPU
		{2BF5A04B-77D0-435B-AE0F-D9E3C5370030}.QA3|x64.Build.0 = Debug|Any CPU
		{2BF5A04B-77D0-435B-AE0F-D9E3C5370030}.QA4|x64.ActiveCfg = Debug|Any CPU
		{2BF5A04B-77D0-435B-AE0F-D9E3C5370030}.QA4|x64.Build.0 = Debug|Any CPU
		{2BF5A04B-77D0-435B-AE0F-D9E3C5370030}.Release|x64.ActiveCfg = Release|x64
		{2BF5A04B-77D0-435B-AE0F-D9E3C5370030}.Release|x64.Build.0 = Release|x64
		{2BF5A04B-77D0-435B-AE0F-D9E3C5370030}.Training|x64.ActiveCfg = Training|x64
		{2BF5A04B-77D0-435B-AE0F-D9E3C5370030}.Training|x64.Build.0 = Training|x64
		{E6C5BFE0-B68E-427C-9A4C-8C801ED6CA9C}.Debug|x64.ActiveCfg = Debug|Any CPU
		{E6C5BFE0-B68E-427C-9A4C-8C801ED6CA9C}.Debug|x64.Build.0 = Debug|Any CPU
		{E6C5BFE0-B68E-427C-9A4C-8C801ED6CA9C}.QA1|x64.ActiveCfg = QA1|x64
		{E6C5BFE0-B68E-427C-9A4C-8C801ED6CA9C}.QA2|x64.ActiveCfg = QA2|x64
		{E6C5BFE0-B68E-427C-9A4C-8C801ED6CA9C}.QA3|x64.ActiveCfg = QA3|x64
		{E6C5BFE0-B68E-427C-9A4C-8C801ED6CA9C}.QA4|x64.ActiveCfg = QA3|x64
		{E6C5BFE0-B68E-427C-9A4C-8C801ED6CA9C}.Release|x64.ActiveCfg = Release|x64
		{E6C5BFE0-B68E-427C-9A4C-8C801ED6CA9C}.Training|x64.ActiveCfg = Training|x64
		{00096530-6883-4BBA-87D8-D8F49FB41692}.Debug|x64.ActiveCfg = Debug|Any CPU
		{00096530-6883-4BBA-87D8-D8F49FB41692}.Debug|x64.Build.0 = Debug|Any CPU
		{00096530-6883-4BBA-87D8-D8F49FB41692}.QA1|x64.ActiveCfg = QA1|x64
		{00096530-6883-4BBA-87D8-D8F49FB41692}.QA2|x64.ActiveCfg = QA2|x64
		{00096530-6883-4BBA-87D8-D8F49FB41692}.QA3|x64.ActiveCfg = Debug|Any CPU
		{00096530-6883-4BBA-87D8-D8F49FB41692}.QA4|x64.ActiveCfg = Debug|Any CPU
		{00096530-6883-4BBA-87D8-D8F49FB41692}.Release|x64.ActiveCfg = Release|x64
		{00096530-6883-4BBA-87D8-D8F49FB41692}.Training|x64.ActiveCfg = Training|x64
		{9EE96C6B-095A-4792-B247-2F7B28430A9B}.Debug|x64.ActiveCfg = Debug|Any CPU
		{9EE96C6B-095A-4792-B247-2F7B28430A9B}.Debug|x64.Build.0 = Debug|Any CPU
		{9EE96C6B-095A-4792-B247-2F7B28430A9B}.QA1|x64.ActiveCfg = QA1|x64
		{9EE96C6B-095A-4792-B247-2F7B28430A9B}.QA1|x64.Build.0 = QA1|x64
		{9EE96C6B-095A-4792-B247-2F7B28430A9B}.QA2|x64.ActiveCfg = QA2|x64
		{9EE96C6B-095A-4792-B247-2F7B28430A9B}.QA2|x64.Build.0 = QA2|x64
		{9EE96C6B-095A-4792-B247-2F7B28430A9B}.QA3|x64.ActiveCfg = Debug|Any CPU
		{9EE96C6B-095A-4792-B247-2F7B28430A9B}.QA3|x64.Build.0 = Debug|Any CPU
		{9EE96C6B-095A-4792-B247-2F7B28430A9B}.QA4|x64.ActiveCfg = Debug|Any CPU
		{9EE96C6B-095A-4792-B247-2F7B28430A9B}.QA4|x64.Build.0 = Debug|Any CPU
		{9EE96C6B-095A-4792-B247-2F7B28430A9B}.Release|x64.ActiveCfg = Release|x64
		{9EE96C6B-095A-4792-B247-2F7B28430A9B}.Release|x64.Build.0 = Release|x64
		{9EE96C6B-095A-4792-B247-2F7B28430A9B}.Training|x64.ActiveCfg = Training|x64
		{9EE96C6B-095A-4792-B247-2F7B28430A9B}.Training|x64.Build.0 = Training|x64
		{5D52EAEC-42FB-4313-83B8-69E2F55EBF14}.Debug|x64.ActiveCfg = Debug|x64
		{5D52EAEC-42FB-4313-83B8-69E2F55EBF14}.Debug|x64.Build.0 = Debug|x64
		{5D52EAEC-42FB-4313-83B8-69E2F55EBF14}.QA1|x64.ActiveCfg = QA1|x64
		{5D52EAEC-42FB-4313-83B8-69E2F55EBF14}.QA1|x64.Build.0 = QA1|x64
		{5D52EAEC-42FB-4313-83B8-69E2F55EBF14}.QA2|x64.ActiveCfg = QA2|x64
		{5D52EAEC-42FB-4313-83B8-69E2F55EBF14}.QA2|x64.Build.0 = QA2|x64
		{5D52EAEC-42FB-4313-83B8-69E2F55EBF14}.QA3|x64.ActiveCfg = Debug|x64
		{5D52EAEC-42FB-4313-83B8-69E2F55EBF14}.QA3|x64.Build.0 = Debug|x64
		{5D52EAEC-42FB-4313-83B8-69E2F55EBF14}.QA4|x64.ActiveCfg = Debug|x64
		{5D52EAEC-42FB-4313-83B8-69E2F55EBF14}.QA4|x64.Build.0 = Debug|x64
		{5D52EAEC-42FB-4313-83B8-69E2F55EBF14}.Release|x64.ActiveCfg = Release|x64
		{5D52EAEC-42FB-4313-83B8-69E2F55EBF14}.Release|x64.Build.0 = Release|x64
		{5D52EAEC-42FB-4313-83B8-69E2F55EBF14}.Training|x64.ActiveCfg = Training|x64
		{5D52EAEC-42FB-4313-83B8-69E2F55EBF14}.Training|x64.Build.0 = Training|x64
	EndGlobalSection
	GlobalSection(SolutionProperties) = preSolution
		HideSolutionNode = FALSE
	EndGlobalSection
	GlobalSection(NestedProjects) = preSolution
		{EAA6CB2E-A2A7-46C3-B9D7-E343A3B075CF} = {C2C5ACA6-DB20-4862-9452-2F26D678450F}
		{3EF37C21-52DC-4E72-BC09-0D882E026708} = {9413440A-353E-4A62-9655-64B40D155557}
		{50439A07-FFEF-451A-A8B3-E8A1BDDBA933} = {9413440A-353E-4A62-9655-64B40D155557}
		{9E8C7543-28AF-4405-803D-69E5DAE5FD81} = {C2C5ACA6-DB20-4862-9452-2F26D678450F}
		{122B2768-130D-4BEE-A23A-9B2916EAFC67} = {BC613586-6D6F-4D77-8CCC-4038AFC35B35}
		{D6110CB2-1E3C-41B8-8056-26A9C6DF07B3} = {BC613586-6D6F-4D77-8CCC-4038AFC35B35}
		{442A205A-2803-4EAE-9CC9-0E20A000FAE1} = {BC613586-6D6F-4D77-8CCC-4038AFC35B35}
		{63ECD277-D26D-4306-A752-1246A35B63BD} = {BC613586-6D6F-4D77-8CCC-4038AFC35B35}
		{53CF0CDE-856B-4DC1-ABAE-9BD835C9C5D2} = {BC613586-6D6F-4D77-8CCC-4038AFC35B35}
		{2BF5A04B-77D0-435B-AE0F-D9E3C5370030} = {BC613586-6D6F-4D77-8CCC-4038AFC35B35}
		{E6C5BFE0-B68E-427C-9A4C-8C801ED6CA9C} = {BC613586-6D6F-4D77-8CCC-4038AFC35B35}
		{00096530-6883-4BBA-87D8-D8F49FB41692} = {BC613586-6D6F-4D77-8CCC-4038AFC35B35}
		{9EE96C6B-095A-4792-B247-2F7B28430A9B} = {BC613586-6D6F-4D77-8CCC-4038AFC35B35}
		{5D52EAEC-42FB-4313-83B8-69E2F55EBF14} = {BC613586-6D6F-4D77-8CCC-4038AFC35B35}
	EndGlobalSection
	GlobalSection(ExtensibilityGlobals) = postSolution
		SolutionGuid = {37CFE39C-9FDB-484B-B9E9-F786E2EF92B2}
	EndGlobalSection
	GlobalSection(TestCaseManagementSettings) = postSolution
		CategoryFile = contractors.vsmdi
	EndGlobalSection
EndGlobal
