Microsoft Visual Studio Solution File, Format Version 12.00
# Visual Studio Version 17
VisualStudioVersion = 17.2.32630.192
MinimumVisualStudioVersion = 10.0.40219.1
Project("{FAE04EC0-301F-11D3-BF4B-00C04F79EFBC}") = "LINQTo271", "LINQTo271\LINQTo271.csproj", "{E6B0B2D1-6ECC-4412-8F1D-F365B0E5A9BF}"
EndProject
Project("{FAE04EC0-301F-11D3-BF4B-00C04F79EFBC}") = "271ObjectTests", "271ObjectTests\271ObjectTests.csproj", "{B552DD6C-330E-4D00-A57B-2DFF1DEE55D4}"
EndProject
Project("{FAE04EC0-301F-11D3-BF4B-00C04F79EFBC}") = "WorkOrders", "WorkOrders\WorkOrders.csproj", "{45A068AF-75DC-4446-BB6D-79E6EE978E26}"
EndProject
Project("{FAE04EC0-301F-11D3-BF4B-00C04F79EFBC}") = "IntegrationTests", "IntegrationTests\IntegrationTests.csproj", "{7EB7CCFB-9EA9-4F47-A97E-78A82D69D640}"
EndProject
Project("{FAE04EC0-301F-11D3-BF4B-00C04F79EFBC}") = "WorkOrderImportHelper", "WorkOrderImportHelper\WorkOrderImportHelper.csproj", "{2C060678-1A95-4994-95FF-BB6F69E0455F}"
EndProject
Project("{FAE04EC0-301F-11D3-BF4B-00C04F79EFBC}") = "MMSINC.Core", "..\MMSINC\MMSINC.Core\MMSINC.Core.csproj", "{122B2768-130D-4BEE-A23A-9B2916EAFC67}"
EndProject
Project("{FAE04EC0-301F-11D3-BF4B-00C04F79EFBC}") = "MMSINC.Testing", "..\MMSINC\MMSINC.Testing\MMSINC.Testing.csproj", "{D6110CB2-1E3C-41B8-8056-26A9C6DF07B3}"
EndProject
Project("{FAE04EC0-301F-11D3-BF4B-00C04F79EFBC}") = "RegressionTests", "RegressionTests\RegressionTests.csproj", "{012960C7-57EE-45F6-B320-2EC241012C6F}"
EndProject
Project("{9A19103F-16F7-4668-BE54-9A1E7A4F7556}") = "MapCall.Common", "..\MMSINC\MapCall.Common\MapCall.Common.csproj", "{63ECD277-D26D-4306-A752-1246A35B63BD}"
EndProject
Project("{9A19103F-16F7-4668-BE54-9A1E7A4F7556}") = "MapCall.Common.Testing", "..\MMSINC\MapCall.Common.Testing\MapCall.Common.Testing.csproj", "{00096530-6883-4BBA-87D8-D8F49FB41692}"
EndProject
Project("{FAE04EC0-301F-11D3-BF4B-00C04F79EFBC}") = "MMSINC.Core.WebForms", "..\MMSINC\MMSINC.Core.WebForms\MMSINC.Core.WebForms.csproj", "{718E1B61-19B4-45DE-985F-3B583C0F7705}"
EndProject
Project("{FAE04EC0-301F-11D3-BF4B-00C04F79EFBC}") = "Permits.Data.Client", "..\mmsinc\Permits.Data.Client\Permits.Data.Client.csproj", "{17B00AD4-E78B-4CA2-88D2-9101A372FEA5}"
EndProject
Project("{FAE04EC0-301F-11D3-BF4B-00C04F79EFBC}") = "MMSINC.Testing.WebForms", "..\mmsinc\MMSINC.Testing.WebForms\MMSINC.Testing.WebForms.csproj", "{F613FDBA-47D4-4516-A1E6-1D73F962170E}"
EndProject
Project("{9A19103F-16F7-4668-BE54-9A1E7A4F7556}") = "MapCall.Common.WebForms", "..\mmsinc\MapCall.Common.WebForms\MapCall.Common.WebForms.csproj", "{336D9861-ACDD-4C64-AC42-6F80AC1693EE}"
EndProject
Project("{9A19103F-16F7-4668-BE54-9A1E7A4F7556}") = "MapCall.SAP", "..\mmsinc\MapCall.SAP\MapCall.SAP.csproj", "{9EE96C6B-095A-4792-B247-2F7B28430A9B}"
EndProject
Project("{FAE04EC0-301F-11D3-BF4B-00C04F79EFBC}") = "AuthorizeNET", "..\mmsinc\Authorize.NET\AuthorizeNET.csproj", "{5D52EAEC-42FB-4313-83B8-69E2F55EBF14}"
EndProject
Project("{2150E333-8FDC-42A3-9474-1A3956D46DE8}") = "src", "src", "{A30060F4-9D59-4E6F-AFC8-2BD317946C91}"
EndProject
Project("{2150E333-8FDC-42A3-9474-1A3956D46DE8}") = "tests", "tests", "{14A6F143-93F6-4EB4-BFA6-77BE0243F864}"
EndProject
Project("{2150E333-8FDC-42A3-9474-1A3956D46DE8}") = "lib", "lib", "{79A359C8-1D3F-44DF-BE92-DEBF85D60F0D}"
EndProject
Project("{FAE04EC0-301F-11D3-BF4B-00C04F79EFBC}") = "MMSINC.Testing.Mvc", "..\mmsinc\MMSINC.Testing.Mvc\MMSINC.Testing.Mvc.csproj", "{E6C5BFE0-B68E-427C-9A4C-8C801ED6CA9C}"
EndProject
Project("{FAE04EC0-301F-11D3-BF4B-00C04F79EFBC}") = "MMSINC.Core.Mvc", "..\mmsinc\MMSINC.Core.Mvc\MMSINC.Core.Mvc.csproj", "{53CF0CDE-856B-4DC1-ABAE-9BD835C9C5D2}"
EndProject
Project("{FAE04EC0-301F-11D3-BF4B-00C04F79EFBC}") = "Deleporter", "..\mmsinc\Deleporter\Deleporter.csproj", "{442A205A-2803-4EAE-9CC9-0E20A000FAE1}"
EndProject
Global
	GlobalSection(SolutionConfigurationPlatforms) = preSolution
		Debug|x64 = Debug|x64
		QA2|x64 = QA2|x64
		QA3|x64 = QA3|x64
		QA4|x64 = QA4|x64
		Release|x64 = Release|x64
		Training|x64 = Training|x64
		QA1|x64 = QA1|x64
	EndGlobalSection
	GlobalSection(ProjectConfigurationPlatforms) = postSolution
		{E6B0B2D1-6ECC-4412-8F1D-F365B0E5A9BF}.Debug|x64.ActiveCfg = Debug|x64
		{E6B0B2D1-6ECC-4412-8F1D-F365B0E5A9BF}.Debug|x64.Build.0 = Debug|x64
		{E6B0B2D1-6ECC-4412-8F1D-F365B0E5A9BF}.QA2|x64.ActiveCfg = QA2|x64
		{E6B0B2D1-6ECC-4412-8F1D-F365B0E5A9BF}.QA2|x64.Build.0 = QA2|x64
		{E6B0B2D1-6ECC-4412-8F1D-F365B0E5A9BF}.QA3|x64.ActiveCfg = QA3|x64
		{E6B0B2D1-6ECC-4412-8F1D-F365B0E5A9BF}.QA3|x64.Build.0 = QA3|x64
		{E6B0B2D1-6ECC-4412-8F1D-F365B0E5A9BF}.QA4|x64.ActiveCfg = QA4|x64
		{E6B0B2D1-6ECC-4412-8F1D-F365B0E5A9BF}.QA4|x64.Build.0 = QA4|x64
		{E6B0B2D1-6ECC-4412-8F1D-F365B0E5A9BF}.Release|x64.ActiveCfg = Release|x64
		{E6B0B2D1-6ECC-4412-8F1D-F365B0E5A9BF}.Release|x64.Build.0 = Release|x64
		{E6B0B2D1-6ECC-4412-8F1D-F365B0E5A9BF}.Training|x64.ActiveCfg = Training|x64
		{E6B0B2D1-6ECC-4412-8F1D-F365B0E5A9BF}.Training|x64.Build.0 = Training|x64
		{E6B0B2D1-6ECC-4412-8F1D-F365B0E5A9BF}.QA1|x64.ActiveCfg = QA1|x64
		{E6B0B2D1-6ECC-4412-8F1D-F365B0E5A9BF}.QA1|x64.Build.0 = QA1|x64
		{B552DD6C-330E-4D00-A57B-2DFF1DEE55D4}.Debug|x64.ActiveCfg = Debug|x64
		{B552DD6C-330E-4D00-A57B-2DFF1DEE55D4}.Debug|x64.Build.0 = Debug|x64
		{B552DD6C-330E-4D00-A57B-2DFF1DEE55D4}.QA2|x64.ActiveCfg = QA2|x64
		{B552DD6C-330E-4D00-A57B-2DFF1DEE55D4}.QA3|x64.ActiveCfg = QA3|x64
		{B552DD6C-330E-4D00-A57B-2DFF1DEE55D4}.QA4|x64.ActiveCfg = QA4|x64
		{B552DD6C-330E-4D00-A57B-2DFF1DEE55D4}.Release|x64.ActiveCfg = Debug|x64
		{B552DD6C-330E-4D00-A57B-2DFF1DEE55D4}.Training|x64.ActiveCfg = Training|x64
		{B552DD6C-330E-4D00-A57B-2DFF1DEE55D4}.QA1|x64.ActiveCfg = QA1|x64
		{B552DD6C-330E-4D00-A57B-2DFF1DEE55D4}.QA1|x64.Build.0 = QA1|x64
		{45A068AF-75DC-4446-BB6D-79E6EE978E26}.Debug|x64.ActiveCfg = Debug|x64
		{45A068AF-75DC-4446-BB6D-79E6EE978E26}.Debug|x64.Build.0 = Debug|x64
		{45A068AF-75DC-4446-BB6D-79E6EE978E26}.QA2|x64.ActiveCfg = Debug|x64
		{45A068AF-75DC-4446-BB6D-79E6EE978E26}.QA2|x64.Build.0 = Debug|x64
		{45A068AF-75DC-4446-BB6D-79E6EE978E26}.QA3|x64.ActiveCfg = Debug|x64
		{45A068AF-75DC-4446-BB6D-79E6EE978E26}.QA3|x64.Build.0 = Debug|x64
		{45A068AF-75DC-4446-BB6D-79E6EE978E26}.QA4|x64.ActiveCfg = Debug|x64
		{45A068AF-75DC-4446-BB6D-79E6EE978E26}.QA4|x64.Build.0 = Debug|x64
		{45A068AF-75DC-4446-BB6D-79E6EE978E26}.Release|x64.ActiveCfg = Release|x64
		{45A068AF-75DC-4446-BB6D-79E6EE978E26}.Release|x64.Build.0 = Release|x64
		{45A068AF-75DC-4446-BB6D-79E6EE978E26}.Training|x64.ActiveCfg = Debug|x64
		{45A068AF-75DC-4446-BB6D-79E6EE978E26}.Training|x64.Build.0 = Debug|x64
		{45A068AF-75DC-4446-BB6D-79E6EE978E26}.QA1|x64.ActiveCfg = QA1|x64
		{45A068AF-75DC-4446-BB6D-79E6EE978E26}.QA1|x64.Build.0 = QA1|x64
		{7EB7CCFB-9EA9-4F47-A97E-78A82D69D640}.Debug|x64.ActiveCfg = Debug|x64
		{7EB7CCFB-9EA9-4F47-A97E-78A82D69D640}.Debug|x64.Build.0 = Debug|x64
		{7EB7CCFB-9EA9-4F47-A97E-78A82D69D640}.QA2|x64.ActiveCfg = QA2|x64
		{7EB7CCFB-9EA9-4F47-A97E-78A82D69D640}.QA3|x64.ActiveCfg = QA3|x64
		{7EB7CCFB-9EA9-4F47-A97E-78A82D69D640}.QA4|x64.ActiveCfg = QA4|x64
		{7EB7CCFB-9EA9-4F47-A97E-78A82D69D640}.Release|x64.ActiveCfg = Debug|x64
		{7EB7CCFB-9EA9-4F47-A97E-78A82D69D640}.Training|x64.ActiveCfg = Training|x64
		{7EB7CCFB-9EA9-4F47-A97E-78A82D69D640}.QA1|x64.ActiveCfg = QA1|x64
		{7EB7CCFB-9EA9-4F47-A97E-78A82D69D640}.QA1|x64.Build.0 = QA1|x64
		{2C060678-1A95-4994-95FF-BB6F69E0455F}.Debug|x64.ActiveCfg = Debug|x64
		{2C060678-1A95-4994-95FF-BB6F69E0455F}.Debug|x64.Build.0 = Debug|x64
		{2C060678-1A95-4994-95FF-BB6F69E0455F}.QA2|x64.ActiveCfg = Debug|x64
		{2C060678-1A95-4994-95FF-BB6F69E0455F}.QA3|x64.ActiveCfg = Debug|x64
		{2C060678-1A95-4994-95FF-BB6F69E0455F}.QA4|x64.ActiveCfg = Debug|x64
		{2C060678-1A95-4994-95FF-BB6F69E0455F}.Release|x64.ActiveCfg = Release|x64
		{2C060678-1A95-4994-95FF-BB6F69E0455F}.Training|x64.ActiveCfg = Debug|x64
		{2C060678-1A95-4994-95FF-BB6F69E0455F}.QA1|x64.ActiveCfg = QA1|x64
		{2C060678-1A95-4994-95FF-BB6F69E0455F}.QA1|x64.Build.0 = QA1|x64
		{122B2768-130D-4BEE-A23A-9B2916EAFC67}.Debug|x64.ActiveCfg = Debug|x64
		{122B2768-130D-4BEE-A23A-9B2916EAFC67}.Debug|x64.Build.0 = Debug|x64
		{122B2768-130D-4BEE-A23A-9B2916EAFC67}.QA2|x64.ActiveCfg = Debug|x64
		{122B2768-130D-4BEE-A23A-9B2916EAFC67}.QA2|x64.Build.0 = Debug|x64
		{122B2768-130D-4BEE-A23A-9B2916EAFC67}.QA3|x64.ActiveCfg = Debug|x64
		{122B2768-130D-4BEE-A23A-9B2916EAFC67}.QA3|x64.Build.0 = Debug|x64
		{122B2768-130D-4BEE-A23A-9B2916EAFC67}.QA4|x64.ActiveCfg = Debug|x64
		{122B2768-130D-4BEE-A23A-9B2916EAFC67}.QA4|x64.Build.0 = Debug|x64
		{122B2768-130D-4BEE-A23A-9B2916EAFC67}.Release|x64.ActiveCfg = Release|x64
		{122B2768-130D-4BEE-A23A-9B2916EAFC67}.Release|x64.Build.0 = Release|x64
		{122B2768-130D-4BEE-A23A-9B2916EAFC67}.Training|x64.ActiveCfg = Debug|x64
		{122B2768-130D-4BEE-A23A-9B2916EAFC67}.Training|x64.Build.0 = Debug|x64
		{122B2768-130D-4BEE-A23A-9B2916EAFC67}.QA1|x64.ActiveCfg = QA1|x64
		{122B2768-130D-4BEE-A23A-9B2916EAFC67}.QA1|x64.Build.0 = QA1|x64
		{D6110CB2-1E3C-41B8-8056-26A9C6DF07B3}.Debug|x64.ActiveCfg = Debug|x64
		{D6110CB2-1E3C-41B8-8056-26A9C6DF07B3}.Debug|x64.Build.0 = Debug|x64
		{D6110CB2-1E3C-41B8-8056-26A9C6DF07B3}.QA2|x64.ActiveCfg = QA2|x64
		{D6110CB2-1E3C-41B8-8056-26A9C6DF07B3}.QA3|x64.ActiveCfg = QA3|x64
		{D6110CB2-1E3C-41B8-8056-26A9C6DF07B3}.QA4|x64.ActiveCfg = QA4|x64
		{D6110CB2-1E3C-41B8-8056-26A9C6DF07B3}.Release|x64.ActiveCfg = Release|x64
		{D6110CB2-1E3C-41B8-8056-26A9C6DF07B3}.Training|x64.ActiveCfg = Training|x64
		{D6110CB2-1E3C-41B8-8056-26A9C6DF07B3}.QA1|x64.ActiveCfg = QA1|x64
		{D6110CB2-1E3C-41B8-8056-26A9C6DF07B3}.QA1|x64.Build.0 = QA1|x64
		{012960C7-57EE-45F6-B320-2EC241012C6F}.Debug|x64.ActiveCfg = Debug|x64
		{012960C7-57EE-45F6-B320-2EC241012C6F}.Debug|x64.Build.0 = Debug|x64
		{012960C7-57EE-45F6-B320-2EC241012C6F}.QA2|x64.ActiveCfg = QA2|x64
		{012960C7-57EE-45F6-B320-2EC241012C6F}.QA3|x64.ActiveCfg = QA3|x64
		{012960C7-57EE-45F6-B320-2EC241012C6F}.QA4|x64.ActiveCfg = QA4|x64
		{012960C7-57EE-45F6-B320-2EC241012C6F}.Release|x64.ActiveCfg = Release|x64
		{012960C7-57EE-45F6-B320-2EC241012C6F}.Training|x64.ActiveCfg = Training|x64
		{012960C7-57EE-45F6-B320-2EC241012C6F}.QA1|x64.ActiveCfg = QA1|x64
		{012960C7-57EE-45F6-B320-2EC241012C6F}.QA1|x64.Build.0 = QA1|x64
		{63ECD277-D26D-4306-A752-1246A35B63BD}.Debug|x64.ActiveCfg = Debug|Any CPU
		{63ECD277-D26D-4306-A752-1246A35B63BD}.Debug|x64.Build.0 = Debug|Any CPU
		{63ECD277-D26D-4306-A752-1246A35B63BD}.QA2|x64.ActiveCfg = Debug|Any CPU
		{63ECD277-D26D-4306-A752-1246A35B63BD}.QA2|x64.Build.0 = Debug|Any CPU
		{63ECD277-D26D-4306-A752-1246A35B63BD}.QA3|x64.ActiveCfg = Debug|Any CPU
		{63ECD277-D26D-4306-A752-1246A35B63BD}.QA3|x64.Build.0 = Debug|Any CPU
		{63ECD277-D26D-4306-A752-1246A35B63BD}.QA4|x64.ActiveCfg = Debug|Any CPU
		{63ECD277-D26D-4306-A752-1246A35B63BD}.QA4|x64.Build.0 = Debug|Any CPU
		{63ECD277-D26D-4306-A752-1246A35B63BD}.Release|x64.ActiveCfg = Release|x64
		{63ECD277-D26D-4306-A752-1246A35B63BD}.Release|x64.Build.0 = Release|x64
		{63ECD277-D26D-4306-A752-1246A35B63BD}.Training|x64.ActiveCfg = Debug|Any CPU
		{63ECD277-D26D-4306-A752-1246A35B63BD}.Training|x64.Build.0 = Debug|Any CPU
		{63ECD277-D26D-4306-A752-1246A35B63BD}.QA1|x64.ActiveCfg = QA1|x64
		{63ECD277-D26D-4306-A752-1246A35B63BD}.QA1|x64.Build.0 = QA1|x64
		{00096530-6883-4BBA-87D8-D8F49FB41692}.Debug|x64.ActiveCfg = Debug|Any CPU
		{00096530-6883-4BBA-87D8-D8F49FB41692}.Debug|x64.Build.0 = Debug|Any CPU
		{00096530-6883-4BBA-87D8-D8F49FB41692}.QA2|x64.ActiveCfg = Debug|Any CPU
		{00096530-6883-4BBA-87D8-D8F49FB41692}.QA3|x64.ActiveCfg = Debug|Any CPU
		{00096530-6883-4BBA-87D8-D8F49FB41692}.QA4|x64.ActiveCfg = Debug|Any CPU
		{00096530-6883-4BBA-87D8-D8F49FB41692}.Release|x64.ActiveCfg = Release|x64
		{00096530-6883-4BBA-87D8-D8F49FB41692}.Training|x64.ActiveCfg = Debug|Any CPU
		{00096530-6883-4BBA-87D8-D8F49FB41692}.QA1|x64.ActiveCfg = QA1|x64
		{00096530-6883-4BBA-87D8-D8F49FB41692}.QA1|x64.Build.0 = QA1|x64
		{718E1B61-19B4-45DE-985F-3B583C0F7705}.Debug|x64.ActiveCfg = Debug|x64
		{718E1B61-19B4-45DE-985F-3B583C0F7705}.Debug|x64.Build.0 = Debug|x64
		{718E1B61-19B4-45DE-985F-3B583C0F7705}.QA2|x64.ActiveCfg = Debug|x64
		{718E1B61-19B4-45DE-985F-3B583C0F7705}.QA2|x64.Build.0 = Debug|x64
		{718E1B61-19B4-45DE-985F-3B583C0F7705}.QA3|x64.ActiveCfg = Debug|x64
		{718E1B61-19B4-45DE-985F-3B583C0F7705}.QA3|x64.Build.0 = Debug|x64
		{718E1B61-19B4-45DE-985F-3B583C0F7705}.QA4|x64.ActiveCfg = Debug|x64
		{718E1B61-19B4-45DE-985F-3B583C0F7705}.QA4|x64.Build.0 = Debug|x64
		{718E1B61-19B4-45DE-985F-3B583C0F7705}.Release|x64.ActiveCfg = Release|x64
		{718E1B61-19B4-45DE-985F-3B583C0F7705}.Release|x64.Build.0 = Release|x64
		{718E1B61-19B4-45DE-985F-3B583C0F7705}.Training|x64.ActiveCfg = Debug|x64
		{718E1B61-19B4-45DE-985F-3B583C0F7705}.Training|x64.Build.0 = Debug|x64
		{718E1B61-19B4-45DE-985F-3B583C0F7705}.QA1|x64.ActiveCfg = QA1|x64
		{718E1B61-19B4-45DE-985F-3B583C0F7705}.QA1|x64.Build.0 = QA1|x64
		{17B00AD4-E78B-4CA2-88D2-9101A372FEA5}.Debug|x64.ActiveCfg = Debug|x64
		{17B00AD4-E78B-4CA2-88D2-9101A372FEA5}.Debug|x64.Build.0 = Debug|x64
		{17B00AD4-E78B-4CA2-88D2-9101A372FEA5}.QA2|x64.ActiveCfg = Debug|x64
		{17B00AD4-E78B-4CA2-88D2-9101A372FEA5}.QA2|x64.Build.0 = Debug|x64
		{17B00AD4-E78B-4CA2-88D2-9101A372FEA5}.QA3|x64.ActiveCfg = Debug|x64
		{17B00AD4-E78B-4CA2-88D2-9101A372FEA5}.QA3|x64.Build.0 = Debug|x64
		{17B00AD4-E78B-4CA2-88D2-9101A372FEA5}.QA4|x64.ActiveCfg = Debug|x64
		{17B00AD4-E78B-4CA2-88D2-9101A372FEA5}.QA4|x64.Build.0 = Debug|x64
		{17B00AD4-E78B-4CA2-88D2-9101A372FEA5}.Release|x64.ActiveCfg = Release|x64
		{17B00AD4-E78B-4CA2-88D2-9101A372FEA5}.Release|x64.Build.0 = Release|x64
		{17B00AD4-E78B-4CA2-88D2-9101A372FEA5}.Training|x64.ActiveCfg = Debug|x64
		{17B00AD4-E78B-4CA2-88D2-9101A372FEA5}.Training|x64.Build.0 = Debug|x64
		{17B00AD4-E78B-4CA2-88D2-9101A372FEA5}.QA1|x64.ActiveCfg = QA1|x64
		{17B00AD4-E78B-4CA2-88D2-9101A372FEA5}.QA1|x64.Build.0 = QA1|x64
		{F613FDBA-47D4-4516-A1E6-1D73F962170E}.Debug|x64.ActiveCfg = Debug|x64
		{F613FDBA-47D4-4516-A1E6-1D73F962170E}.Debug|x64.Build.0 = Debug|x64
		{F613FDBA-47D4-4516-A1E6-1D73F962170E}.QA2|x64.ActiveCfg = QA2|x64
		{F613FDBA-47D4-4516-A1E6-1D73F962170E}.QA3|x64.ActiveCfg = QA3|x64
		{F613FDBA-47D4-4516-A1E6-1D73F962170E}.QA4|x64.ActiveCfg = QA4|x64
		{F613FDBA-47D4-4516-A1E6-1D73F962170E}.Release|x64.ActiveCfg = Release|x64
		{F613FDBA-47D4-4516-A1E6-1D73F962170E}.Training|x64.ActiveCfg = Training|x64
		{F613FDBA-47D4-4516-A1E6-1D73F962170E}.QA1|x64.ActiveCfg = QA1|x64
		{F613FDBA-47D4-4516-A1E6-1D73F962170E}.QA1|x64.Build.0 = QA1|x64
		{336D9861-ACDD-4C64-AC42-6F80AC1693EE}.Debug|x64.ActiveCfg = Debug|Any CPU
		{336D9861-ACDD-4C64-AC42-6F80AC1693EE}.Debug|x64.Build.0 = Debug|Any CPU
		{336D9861-ACDD-4C64-AC42-6F80AC1693EE}.QA2|x64.ActiveCfg = Debug|Any CPU
		{336D9861-ACDD-4C64-AC42-6F80AC1693EE}.QA2|x64.Build.0 = Debug|Any CPU
		{336D9861-ACDD-4C64-AC42-6F80AC1693EE}.QA3|x64.ActiveCfg = Debug|Any CPU
		{336D9861-ACDD-4C64-AC42-6F80AC1693EE}.QA3|x64.Build.0 = Debug|Any CPU
		{336D9861-ACDD-4C64-AC42-6F80AC1693EE}.QA4|x64.ActiveCfg = Debug|Any CPU
		{336D9861-ACDD-4C64-AC42-6F80AC1693EE}.QA4|x64.Build.0 = Debug|Any CPU
		{336D9861-ACDD-4C64-AC42-6F80AC1693EE}.Release|x64.ActiveCfg = Release|x64
		{336D9861-ACDD-4C64-AC42-6F80AC1693EE}.Release|x64.Build.0 = Release|x64
		{336D9861-ACDD-4C64-AC42-6F80AC1693EE}.Training|x64.ActiveCfg = Debug|Any CPU
		{336D9861-ACDD-4C64-AC42-6F80AC1693EE}.Training|x64.Build.0 = Debug|Any CPU
		{336D9861-ACDD-4C64-AC42-6F80AC1693EE}.QA1|x64.ActiveCfg = QA1|x64
		{336D9861-ACDD-4C64-AC42-6F80AC1693EE}.QA1|x64.Build.0 = QA1|x64
		{9EE96C6B-095A-4792-B247-2F7B28430A9B}.Debug|x64.ActiveCfg = Debug|Any CPU
		{9EE96C6B-095A-4792-B247-2F7B28430A9B}.Debug|x64.Build.0 = Debug|Any CPU
		{9EE96C6B-095A-4792-B247-2F7B28430A9B}.QA2|x64.ActiveCfg = Debug|Any CPU
		{9EE96C6B-095A-4792-B247-2F7B28430A9B}.QA2|x64.Build.0 = Debug|Any CPU
		{9EE96C6B-095A-4792-B247-2F7B28430A9B}.QA3|x64.ActiveCfg = Debug|Any CPU
		{9EE96C6B-095A-4792-B247-2F7B28430A9B}.QA3|x64.Build.0 = Debug|Any CPU
		{9EE96C6B-095A-4792-B247-2F7B28430A9B}.QA4|x64.ActiveCfg = Debug|Any CPU
		{9EE96C6B-095A-4792-B247-2F7B28430A9B}.QA4|x64.Build.0 = Debug|Any CPU
		{9EE96C6B-095A-4792-B247-2F7B28430A9B}.Release|x64.ActiveCfg = Release|x64
		{9EE96C6B-095A-4792-B247-2F7B28430A9B}.Release|x64.Build.0 = Release|x64
		{9EE96C6B-095A-4792-B247-2F7B28430A9B}.Training|x64.ActiveCfg = Debug|Any CPU
		{9EE96C6B-095A-4792-B247-2F7B28430A9B}.Training|x64.Build.0 = Debug|Any CPU
		{9EE96C6B-095A-4792-B247-2F7B28430A9B}.QA1|x64.ActiveCfg = QA1|x64
		{9EE96C6B-095A-4792-B247-2F7B28430A9B}.QA1|x64.Build.0 = QA1|x64
		{5D52EAEC-42FB-4313-83B8-69E2F55EBF14}.Debug|x64.ActiveCfg = Debug|x64
		{5D52EAEC-42FB-4313-83B8-69E2F55EBF14}.Debug|x64.Build.0 = Debug|x64
		{5D52EAEC-42FB-4313-83B8-69E2F55EBF14}.QA2|x64.ActiveCfg = Debug|x64
		{5D52EAEC-42FB-4313-83B8-69E2F55EBF14}.QA2|x64.Build.0 = Debug|x64
		{5D52EAEC-42FB-4313-83B8-69E2F55EBF14}.QA3|x64.ActiveCfg = Debug|x64
		{5D52EAEC-42FB-4313-83B8-69E2F55EBF14}.QA3|x64.Build.0 = Debug|x64
		{5D52EAEC-42FB-4313-83B8-69E2F55EBF14}.QA4|x64.ActiveCfg = Debug|x64
		{5D52EAEC-42FB-4313-83B8-69E2F55EBF14}.QA4|x64.Build.0 = Debug|x64
		{5D52EAEC-42FB-4313-83B8-69E2F55EBF14}.Release|x64.ActiveCfg = Release|x64
		{5D52EAEC-42FB-4313-83B8-69E2F55EBF14}.Release|x64.Build.0 = Release|x64
		{5D52EAEC-42FB-4313-83B8-69E2F55EBF14}.Training|x64.ActiveCfg = Debug|x64
		{5D52EAEC-42FB-4313-83B8-69E2F55EBF14}.Training|x64.Build.0 = Debug|x64
		{5D52EAEC-42FB-4313-83B8-69E2F55EBF14}.QA1|x64.ActiveCfg = QA1|x64
		{5D52EAEC-42FB-4313-83B8-69E2F55EBF14}.QA1|x64.Build.0 = QA1|x64
		{E6C5BFE0-B68E-427C-9A4C-8C801ED6CA9C}.Debug|x64.ActiveCfg = Debug|x64
		{E6C5BFE0-B68E-427C-9A4C-8C801ED6CA9C}.Debug|x64.Build.0 = Debug|x64
		{E6C5BFE0-B68E-427C-9A4C-8C801ED6CA9C}.QA2|x64.ActiveCfg = QA2|x64
		{E6C5BFE0-B68E-427C-9A4C-8C801ED6CA9C}.QA3|x64.ActiveCfg = QA3|x64
		{E6C5BFE0-B68E-427C-9A4C-8C801ED6CA9C}.QA4|x64.ActiveCfg = QA4|x64
		{E6C5BFE0-B68E-427C-9A4C-8C801ED6CA9C}.Release|x64.ActiveCfg = Release|x64
		{E6C5BFE0-B68E-427C-9A4C-8C801ED6CA9C}.Training|x64.ActiveCfg = Training|x64
		{E6C5BFE0-B68E-427C-9A4C-8C801ED6CA9C}.QA1|x64.ActiveCfg = QA1|x64
		{E6C5BFE0-B68E-427C-9A4C-8C801ED6CA9C}.QA1|x64.Build.0 = QA1|x64
		{53CF0CDE-856B-4DC1-ABAE-9BD835C9C5D2}.Debug|x64.ActiveCfg = Debug|x64
		{53CF0CDE-856B-4DC1-ABAE-9BD835C9C5D2}.Debug|x64.Build.0 = Debug|x64
		{53CF0CDE-856B-4DC1-ABAE-9BD835C9C5D2}.QA2|x64.ActiveCfg = Debug|x64
		{53CF0CDE-856B-4DC1-ABAE-9BD835C9C5D2}.QA2|x64.Build.0 = Debug|x64
		{53CF0CDE-856B-4DC1-ABAE-9BD835C9C5D2}.QA3|x64.ActiveCfg = Debug|x64
		{53CF0CDE-856B-4DC1-ABAE-9BD835C9C5D2}.QA3|x64.Build.0 = Debug|x64
		{53CF0CDE-856B-4DC1-ABAE-9BD835C9C5D2}.QA4|x64.ActiveCfg = Debug|x64
		{53CF0CDE-856B-4DC1-ABAE-9BD835C9C5D2}.QA4|x64.Build.0 = Debug|x64
		{53CF0CDE-856B-4DC1-ABAE-9BD835C9C5D2}.Release|x64.ActiveCfg = Release|x64
		{53CF0CDE-856B-4DC1-ABAE-9BD835C9C5D2}.Release|x64.Build.0 = Release|x64
		{53CF0CDE-856B-4DC1-ABAE-9BD835C9C5D2}.Training|x64.ActiveCfg = Debug|x64
		{53CF0CDE-856B-4DC1-ABAE-9BD835C9C5D2}.Training|x64.Build.0 = Debug|x64
		{53CF0CDE-856B-4DC1-ABAE-9BD835C9C5D2}.QA1|x64.ActiveCfg = QA1|x64
		{53CF0CDE-856B-4DC1-ABAE-9BD835C9C5D2}.QA1|x64.Build.0 = QA1|x64
		{442A205A-2803-4EAE-9CC9-0E20A000FAE1}.Debug|x64.ActiveCfg = Debug|x64
		{442A205A-2803-4EAE-9CC9-0E20A000FAE1}.Debug|x64.Build.0 = Debug|x64
		{442A205A-2803-4EAE-9CC9-0E20A000FAE1}.QA2|x64.ActiveCfg = QA2|x64
		{442A205A-2803-4EAE-9CC9-0E20A000FAE1}.QA3|x64.ActiveCfg = QA3|x64
		{442A205A-2803-4EAE-9CC9-0E20A000FAE1}.QA4|x64.ActiveCfg = QA4|x64
		{442A205A-2803-4EAE-9CC9-0E20A000FAE1}.Release|x64.ActiveCfg = Release|x64
		{442A205A-2803-4EAE-9CC9-0E20A000FAE1}.Training|x64.ActiveCfg = Training|x64
		{442A205A-2803-4EAE-9CC9-0E20A000FAE1}.QA1|x64.ActiveCfg = QA1|x64
		{442A205A-2803-4EAE-9CC9-0E20A000FAE1}.QA1|x64.Build.0 = QA1|x64
	EndGlobalSection
	GlobalSection(SolutionProperties) = preSolution
		HideSolutionNode = FALSE
	EndGlobalSection
	GlobalSection(NestedProjects) = preSolution
		{E6B0B2D1-6ECC-4412-8F1D-F365B0E5A9BF} = {A30060F4-9D59-4E6F-AFC8-2BD317946C91}
		{B552DD6C-330E-4D00-A57B-2DFF1DEE55D4} = {14A6F143-93F6-4EB4-BFA6-77BE0243F864}
		{45A068AF-75DC-4446-BB6D-79E6EE978E26} = {A30060F4-9D59-4E6F-AFC8-2BD317946C91}
		{7EB7CCFB-9EA9-4F47-A97E-78A82D69D640} = {14A6F143-93F6-4EB4-BFA6-77BE0243F864}
		{2C060678-1A95-4994-95FF-BB6F69E0455F} = {A30060F4-9D59-4E6F-AFC8-2BD317946C91}
		{122B2768-130D-4BEE-A23A-9B2916EAFC67} = {79A359C8-1D3F-44DF-BE92-DEBF85D60F0D}
		{D6110CB2-1E3C-41B8-8056-26A9C6DF07B3} = {79A359C8-1D3F-44DF-BE92-DEBF85D60F0D}
		{012960C7-57EE-45F6-B320-2EC241012C6F} = {14A6F143-93F6-4EB4-BFA6-77BE0243F864}
		{63ECD277-D26D-4306-A752-1246A35B63BD} = {79A359C8-1D3F-44DF-BE92-DEBF85D60F0D}
		{00096530-6883-4BBA-87D8-D8F49FB41692} = {79A359C8-1D3F-44DF-BE92-DEBF85D60F0D}
		{718E1B61-19B4-45DE-985F-3B583C0F7705} = {79A359C8-1D3F-44DF-BE92-DEBF85D60F0D}
		{17B00AD4-E78B-4CA2-88D2-9101A372FEA5} = {79A359C8-1D3F-44DF-BE92-DEBF85D60F0D}
		{F613FDBA-47D4-4516-A1E6-1D73F962170E} = {79A359C8-1D3F-44DF-BE92-DEBF85D60F0D}
		{336D9861-ACDD-4C64-AC42-6F80AC1693EE} = {79A359C8-1D3F-44DF-BE92-DEBF85D60F0D}
		{9EE96C6B-095A-4792-B247-2F7B28430A9B} = {79A359C8-1D3F-44DF-BE92-DEBF85D60F0D}
		{5D52EAEC-42FB-4313-83B8-69E2F55EBF14} = {79A359C8-1D3F-44DF-BE92-DEBF85D60F0D}
		{E6C5BFE0-B68E-427C-9A4C-8C801ED6CA9C} = {79A359C8-1D3F-44DF-BE92-DEBF85D60F0D}
		{53CF0CDE-856B-4DC1-ABAE-9BD835C9C5D2} = {79A359C8-1D3F-44DF-BE92-DEBF85D60F0D}
		{442A205A-2803-4EAE-9CC9-0E20A000FAE1} = {79A359C8-1D3F-44DF-BE92-DEBF85D60F0D}
	EndGlobalSection
	GlobalSection(ExtensibilityGlobals) = postSolution
		SolutionGuid = {42722B50-9363-4438-A751-B25FDED8CA88}
	EndGlobalSection
	GlobalSection(TestCaseManagementSettings) = postSolution
		CategoryFile = LINQTo271.vsmdi
	EndGlobalSection
EndGlobal
