
Microsoft Visual Studio Solution File, Format Version 12.00
# Visual Studio Version 16
VisualStudioVersion = 16.0.29519.181
MinimumVisualStudioVersion = 10.0.40219.1
Project("{FAE04EC0-301F-11D3-BF4B-00C04F79EFBC}") = "MapCallActiveMQListener.Core", "src\MapCallActiveMQListener.Core\MapCallActiveMQListener.Core.csproj", "{7967666B-C7CA-4FBA-AB82-50CD8165B0A6}"
EndProject
Project("{2150E333-8FDC-42A3-9474-1A3956D46DE8}") = "src", "src", "{487714D6-A5E1-4269-AEC2-49FB5E2AEDFD}"
EndProject
Project("{2150E333-8FDC-42A3-9474-1A3956D46DE8}") = "tests", "tests", "{1C7F800B-7EAF-4753-9A52-47BE5490525C}"
EndProject
Project("{FAE04EC0-301F-11D3-BF4B-00C04F79EFBC}") = "MapCallActiveMQListener", "src\MapCallActiveMQListener\MapCallActiveMQListener.csproj", "{1B0C4551-D414-46DD-8ED2-09898B33D616}"
EndProject
Project("{FAE04EC0-301F-11D3-BF4B-00C04F79EFBC}") = "MapCallActiveMQListener.Tests", "tests\MapCallActiveMQListener.Tests\MapCallActiveMQListener.Tests.csproj", "{90A64895-7FD3-4329-94C5-B365C5391327}"
EndProject
Project("{2150E333-8FDC-42A3-9474-1A3956D46DE8}") = "lib", "lib", "{5724143E-EE70-4BD8-AC8B-5EF7D394F622}"
EndProject
Project("{FAE04EC0-301F-11D3-BF4B-00C04F79EFBC}") = "MMSINC.Core", "..\mmsinc\MMSINC.Core\MMSINC.Core.csproj", "{122B2768-130D-4BEE-A23A-9B2916EAFC67}"
EndProject
Project("{FAE04EC0-301F-11D3-BF4B-00C04F79EFBC}") = "TestActiveMQBroker", "lib\TestActiveMQBroker\TestActiveMQBroker.csproj", "{B1738F2C-C487-44E2-8A59-18B5272F3832}"
EndProject
Project("{FAE04EC0-301F-11D3-BF4B-00C04F79EFBC}") = "MapCall.Common", "..\mmsinc\MapCall.Common\MapCall.Common.csproj", "{63ECD277-D26D-4306-A752-1246A35B63BD}"
EndProject
Project("{FAE04EC0-301F-11D3-BF4B-00C04F79EFBC}") = "MapCall.Common.Testing", "..\mmsinc\MapCall.Common.Testing\MapCall.Common.Testing.csproj", "{00096530-6883-4BBA-87D8-D8F49FB41692}"
EndProject
Project("{FAE04EC0-301F-11D3-BF4B-00C04F79EFBC}") = "MMSINC.Testing", "..\mmsinc\MMSINC.Testing\MMSINC.Testing.csproj", "{D6110CB2-1E3C-41B8-8056-26A9C6DF07B3}"
EndProject
Project("{FAE04EC0-301F-11D3-BF4B-00C04F79EFBC}") = "MapCall.SAP", "..\mmsinc\MapCall.SAP\MapCall.SAP.csproj", "{9EE96C6B-095A-4792-B247-2F7B28430A9B}"
EndProject
Project("{FAE04EC0-301F-11D3-BF4B-00C04F79EFBC}") = "AuthorizeNET", "..\mmsinc\Authorize.NET\AuthorizeNET.csproj", "{5D52EAEC-42FB-4313-83B8-69E2F55EBF14}"
EndProject
Project("{FAE04EC0-301F-11D3-BF4B-00C04F79EFBC}") = "MMSINC.Core.Mvc", "..\mmsinc\MMSINC.Core.Mvc\MMSINC.Core.Mvc.csproj", "{53CF0CDE-856B-4DC1-ABAE-9BD835C9C5D2}"
EndProject
Project("{FAE04EC0-301F-11D3-BF4B-00C04F79EFBC}") = "MMSINC.Testing.Mvc", "..\mmsinc\MMSINC.Testing.Mvc\MMSINC.Testing.Mvc.csproj", "{E6C5BFE0-B68E-427C-9A4C-8C801ED6CA9C}"
EndProject
Project("{FAE04EC0-301F-11D3-BF4B-00C04F79EFBC}") = "Deleporter", "..\mmsinc\Deleporter\Deleporter.csproj", "{442A205A-2803-4EAE-9CC9-0E20A000FAE1}"
EndProject
Global
	GlobalSection(SolutionConfigurationPlatforms) = preSolution
		Debug|x64 = Debug|x64
		QA|x64 = QA|x64
		QA2|x64 = QA2|x64
		Release|x64 = Release|x64
	EndGlobalSection
	GlobalSection(ProjectConfigurationPlatforms) = postSolution
		{7967666B-C7CA-4FBA-AB82-50CD8165B0A6}.Debug|x64.ActiveCfg = Debug|x64
		{7967666B-C7CA-4FBA-AB82-50CD8165B0A6}.Debug|x64.Build.0 = Debug|x64
		{7967666B-C7CA-4FBA-AB82-50CD8165B0A6}.QA|x64.ActiveCfg = Debug|x64
		{7967666B-C7CA-4FBA-AB82-50CD8165B0A6}.QA|x64.Build.0 = Debug|x64
		{7967666B-C7CA-4FBA-AB82-50CD8165B0A6}.QA2|x64.ActiveCfg = Debug|x64
		{7967666B-C7CA-4FBA-AB82-50CD8165B0A6}.QA2|x64.Build.0 = Debug|x64
		{7967666B-C7CA-4FBA-AB82-50CD8165B0A6}.Release|x64.ActiveCfg = Release|x64
		{7967666B-C7CA-4FBA-AB82-50CD8165B0A6}.Release|x64.Build.0 = Release|x64
		{1B0C4551-D414-46DD-8ED2-09898B33D616}.Debug|x64.ActiveCfg = Debug|x64
		{1B0C4551-D414-46DD-8ED2-09898B33D616}.Debug|x64.Build.0 = Debug|x64
		{1B0C4551-D414-46DD-8ED2-09898B33D616}.QA|x64.ActiveCfg = Debug|x64
		{1B0C4551-D414-46DD-8ED2-09898B33D616}.QA|x64.Build.0 = Debug|x64
		{1B0C4551-D414-46DD-8ED2-09898B33D616}.QA2|x64.ActiveCfg = Debug|x64
		{1B0C4551-D414-46DD-8ED2-09898B33D616}.QA2|x64.Build.0 = Debug|x64
		{1B0C4551-D414-46DD-8ED2-09898B33D616}.Release|x64.ActiveCfg = Release|x64
		{1B0C4551-D414-46DD-8ED2-09898B33D616}.Release|x64.Build.0 = Release|x64
		{90A64895-7FD3-4329-94C5-B365C5391327}.Debug|x64.ActiveCfg = Debug|x64
		{90A64895-7FD3-4329-94C5-B365C5391327}.Debug|x64.Build.0 = Debug|x64
		{90A64895-7FD3-4329-94C5-B365C5391327}.QA|x64.ActiveCfg = Debug|x64
		{90A64895-7FD3-4329-94C5-B365C5391327}.QA|x64.Build.0 = Debug|x64
		{90A64895-7FD3-4329-94C5-B365C5391327}.QA2|x64.ActiveCfg = Debug|x64
		{90A64895-7FD3-4329-94C5-B365C5391327}.QA2|x64.Build.0 = Debug|x64
		{90A64895-7FD3-4329-94C5-B365C5391327}.Release|x64.ActiveCfg = Release|x64
		{122B2768-130D-4BEE-A23A-9B2916EAFC67}.Debug|x64.ActiveCfg = Debug|x64
		{122B2768-130D-4BEE-A23A-9B2916EAFC67}.Debug|x64.Build.0 = Debug|x64
		{122B2768-130D-4BEE-A23A-9B2916EAFC67}.QA|x64.ActiveCfg = QA|x64
		{122B2768-130D-4BEE-A23A-9B2916EAFC67}.QA|x64.Build.0 = QA|x64
		{122B2768-130D-4BEE-A23A-9B2916EAFC67}.QA2|x64.ActiveCfg = QA2|x64
		{122B2768-130D-4BEE-A23A-9B2916EAFC67}.QA2|x64.Build.0 = QA2|x64
		{122B2768-130D-4BEE-A23A-9B2916EAFC67}.Release|x64.ActiveCfg = Release|x64
		{122B2768-130D-4BEE-A23A-9B2916EAFC67}.Release|x64.Build.0 = Release|x64
		{B1738F2C-C487-44E2-8A59-18B5272F3832}.Debug|x64.ActiveCfg = Debug|x64
		{B1738F2C-C487-44E2-8A59-18B5272F3832}.Debug|x64.Build.0 = Debug|x64
		{B1738F2C-C487-44E2-8A59-18B5272F3832}.QA|x64.ActiveCfg = Debug|x64
		{B1738F2C-C487-44E2-8A59-18B5272F3832}.QA|x64.Build.0 = Debug|x64
		{B1738F2C-C487-44E2-8A59-18B5272F3832}.QA2|x64.ActiveCfg = Debug|x64
		{B1738F2C-C487-44E2-8A59-18B5272F3832}.QA2|x64.Build.0 = Debug|x64
		{B1738F2C-C487-44E2-8A59-18B5272F3832}.Release|x64.ActiveCfg = Release|x64
		{63ECD277-D26D-4306-A752-1246A35B63BD}.Debug|x64.ActiveCfg = Debug|x64
		{63ECD277-D26D-4306-A752-1246A35B63BD}.Debug|x64.Build.0 = Debug|x64
		{63ECD277-D26D-4306-A752-1246A35B63BD}.QA|x64.ActiveCfg = QA|x64
		{63ECD277-D26D-4306-A752-1246A35B63BD}.QA|x64.Build.0 = QA|x64
		{63ECD277-D26D-4306-A752-1246A35B63BD}.QA2|x64.ActiveCfg = QA2|x64
		{63ECD277-D26D-4306-A752-1246A35B63BD}.QA2|x64.Build.0 = QA2|x64
		{63ECD277-D26D-4306-A752-1246A35B63BD}.Release|x64.ActiveCfg = Release|x64
		{63ECD277-D26D-4306-A752-1246A35B63BD}.Release|x64.Build.0 = Release|x64
		{00096530-6883-4BBA-87D8-D8F49FB41692}.Debug|x64.ActiveCfg = Debug|x64
		{00096530-6883-4BBA-87D8-D8F49FB41692}.Debug|x64.Build.0 = Debug|x64
		{00096530-6883-4BBA-87D8-D8F49FB41692}.QA|x64.ActiveCfg = QA|x64
		{00096530-6883-4BBA-87D8-D8F49FB41692}.QA|x64.Build.0 = QA|x64
		{00096530-6883-4BBA-87D8-D8F49FB41692}.QA2|x64.ActiveCfg = QA2|x64
		{00096530-6883-4BBA-87D8-D8F49FB41692}.QA2|x64.Build.0 = QA2|x64
		{00096530-6883-4BBA-87D8-D8F49FB41692}.Release|x64.ActiveCfg = Release|x64
		{D6110CB2-1E3C-41B8-8056-26A9C6DF07B3}.Debug|x64.ActiveCfg = Debug|x64
		{D6110CB2-1E3C-41B8-8056-26A9C6DF07B3}.Debug|x64.Build.0 = Debug|x64
		{D6110CB2-1E3C-41B8-8056-26A9C6DF07B3}.QA|x64.ActiveCfg = QA|x64
		{D6110CB2-1E3C-41B8-8056-26A9C6DF07B3}.QA|x64.Build.0 = QA|x64
		{D6110CB2-1E3C-41B8-8056-26A9C6DF07B3}.QA2|x64.ActiveCfg = QA2|x64
		{D6110CB2-1E3C-41B8-8056-26A9C6DF07B3}.QA2|x64.Build.0 = QA2|x64
		{D6110CB2-1E3C-41B8-8056-26A9C6DF07B3}.Release|x64.ActiveCfg = Release|x64
		{9EE96C6B-095A-4792-B247-2F7B28430A9B}.Debug|x64.ActiveCfg = Debug|x64
		{9EE96C6B-095A-4792-B247-2F7B28430A9B}.Debug|x64.Build.0 = Debug|x64
		{9EE96C6B-095A-4792-B247-2F7B28430A9B}.QA|x64.ActiveCfg = QA|x64
		{9EE96C6B-095A-4792-B247-2F7B28430A9B}.QA|x64.Build.0 = QA|x64
		{9EE96C6B-095A-4792-B247-2F7B28430A9B}.QA2|x64.ActiveCfg = QA2|x64
		{9EE96C6B-095A-4792-B247-2F7B28430A9B}.QA2|x64.Build.0 = QA2|x64
		{9EE96C6B-095A-4792-B247-2F7B28430A9B}.Release|x64.ActiveCfg = Release|x64
		{9EE96C6B-095A-4792-B247-2F7B28430A9B}.Release|x64.Build.0 = Release|x64
		{5D52EAEC-42FB-4313-83B8-69E2F55EBF14}.Debug|x64.ActiveCfg = Debug|x64
		{5D52EAEC-42FB-4313-83B8-69E2F55EBF14}.Debug|x64.Build.0 = Debug|x64
		{5D52EAEC-42FB-4313-83B8-69E2F55EBF14}.QA|x64.ActiveCfg = QA|x64
		{5D52EAEC-42FB-4313-83B8-69E2F55EBF14}.QA|x64.Build.0 = QA|x64
		{5D52EAEC-42FB-4313-83B8-69E2F55EBF14}.QA2|x64.ActiveCfg = QA2|x64
		{5D52EAEC-42FB-4313-83B8-69E2F55EBF14}.QA2|x64.Build.0 = QA2|x64
		{5D52EAEC-42FB-4313-83B8-69E2F55EBF14}.Release|x64.ActiveCfg = Release|x64
		{5D52EAEC-42FB-4313-83B8-69E2F55EBF14}.Release|x64.Build.0 = Release|x64
		{53CF0CDE-856B-4DC1-ABAE-9BD835C9C5D2}.Debug|x64.ActiveCfg = Debug|x64
		{53CF0CDE-856B-4DC1-ABAE-9BD835C9C5D2}.Debug|x64.Build.0 = Debug|x64
		{53CF0CDE-856B-4DC1-ABAE-9BD835C9C5D2}.QA|x64.ActiveCfg = QA|x64
		{53CF0CDE-856B-4DC1-ABAE-9BD835C9C5D2}.QA|x64.Build.0 = QA|x64
		{53CF0CDE-856B-4DC1-ABAE-9BD835C9C5D2}.QA2|x64.ActiveCfg = QA2|x64
		{53CF0CDE-856B-4DC1-ABAE-9BD835C9C5D2}.QA2|x64.Build.0 = QA2|x64
		{53CF0CDE-856B-4DC1-ABAE-9BD835C9C5D2}.Release|x64.ActiveCfg = Release|x64
		{53CF0CDE-856B-4DC1-ABAE-9BD835C9C5D2}.Release|x64.Build.0 = Release|x64
		{E6C5BFE0-B68E-427C-9A4C-8C801ED6CA9C}.Debug|x64.ActiveCfg = Debug|x64
		{E6C5BFE0-B68E-427C-9A4C-8C801ED6CA9C}.Debug|x64.Build.0 = Debug|x64
		{E6C5BFE0-B68E-427C-9A4C-8C801ED6CA9C}.QA|x64.ActiveCfg = QA|x64
		{E6C5BFE0-B68E-427C-9A4C-8C801ED6CA9C}.QA|x64.Build.0 = QA|x64
		{E6C5BFE0-B68E-427C-9A4C-8C801ED6CA9C}.QA2|x64.ActiveCfg = QA2|x64
		{E6C5BFE0-B68E-427C-9A4C-8C801ED6CA9C}.QA2|x64.Build.0 = QA2|x64
		{E6C5BFE0-B68E-427C-9A4C-8C801ED6CA9C}.Release|x64.ActiveCfg = Release|x64
		{442A205A-2803-4EAE-9CC9-0E20A000FAE1}.Debug|x64.ActiveCfg = Debug|x64
		{442A205A-2803-4EAE-9CC9-0E20A000FAE1}.Debug|x64.Build.0 = Debug|x64
		{442A205A-2803-4EAE-9CC9-0E20A000FAE1}.QA|x64.ActiveCfg = QA|x64
		{442A205A-2803-4EAE-9CC9-0E20A000FAE1}.QA|x64.Build.0 = QA|x64
		{442A205A-2803-4EAE-9CC9-0E20A000FAE1}.QA2|x64.ActiveCfg = QA2|x64
		{442A205A-2803-4EAE-9CC9-0E20A000FAE1}.QA2|x64.Build.0 = QA2|x64
		{442A205A-2803-4EAE-9CC9-0E20A000FAE1}.Release|x64.ActiveCfg = Release|x64
	EndGlobalSection
	GlobalSection(SolutionProperties) = preSolution
		HideSolutionNode = FALSE
	EndGlobalSection
	GlobalSection(NestedProjects) = preSolution
		{7967666B-C7CA-4FBA-AB82-50CD8165B0A6} = {487714D6-A5E1-4269-AEC2-49FB5E2AEDFD}
		{1B0C4551-D414-46DD-8ED2-09898B33D616} = {487714D6-A5E1-4269-AEC2-49FB5E2AEDFD}
		{90A64895-7FD3-4329-94C5-B365C5391327} = {1C7F800B-7EAF-4753-9A52-47BE5490525C}
		{122B2768-130D-4BEE-A23A-9B2916EAFC67} = {5724143E-EE70-4BD8-AC8B-5EF7D394F622}
		{B1738F2C-C487-44E2-8A59-18B5272F3832} = {5724143E-EE70-4BD8-AC8B-5EF7D394F622}
		{63ECD277-D26D-4306-A752-1246A35B63BD} = {5724143E-EE70-4BD8-AC8B-5EF7D394F622}
		{00096530-6883-4BBA-87D8-D8F49FB41692} = {5724143E-EE70-4BD8-AC8B-5EF7D394F622}
		{D6110CB2-1E3C-41B8-8056-26A9C6DF07B3} = {5724143E-EE70-4BD8-AC8B-5EF7D394F622}
		{9EE96C6B-095A-4792-B247-2F7B28430A9B} = {5724143E-EE70-4BD8-AC8B-5EF7D394F622}
		{5D52EAEC-42FB-4313-83B8-69E2F55EBF14} = {5724143E-EE70-4BD8-AC8B-5EF7D394F622}
		{53CF0CDE-856B-4DC1-ABAE-9BD835C9C5D2} = {5724143E-EE70-4BD8-AC8B-5EF7D394F622}
		{E6C5BFE0-B68E-427C-9A4C-8C801ED6CA9C} = {5724143E-EE70-4BD8-AC8B-5EF7D394F622}
		{442A205A-2803-4EAE-9CC9-0E20A000FAE1} = {5724143E-EE70-4BD8-AC8B-5EF7D394F622}
	EndGlobalSection
	GlobalSection(ExtensibilityGlobals) = postSolution
		SolutionGuid = {0FED1F68-68AE-4EE5-83EB-F1CAE9D889D5}
	EndGlobalSection
EndGlobal
