
Microsoft Visual Studio Solution File, Format Version 12.00
# Visual Studio Version 17
VisualStudioVersion = 17.2.32630.192
MinimumVisualStudioVersion = 10.0.40219.1
Project("{FAE04EC0-301F-11D3-BF4B-00C04F79EFBC}") = "MapCallScheduler.Service", "MapCallScheduler.Service\MapCallScheduler.Service.csproj", "{E21BBEF1-EEE2-4F2B-BE14-65792C97E27B}"
EndProject
Project("{FAE04EC0-301F-11D3-BF4B-00C04F79EFBC}") = "MMSINC.Core", "..\mmsinc\MMSINC.Core\MMSINC.Core.csproj", "{122B2768-130D-4BEE-A23A-9B2916EAFC67}"
EndProject
Project("{9A19103F-16F7-4668-BE54-9A1E7A4F7556}") = "MapCall.Common", "..\mmsinc\MapCall.Common\MapCall.Common.csproj", "{63ECD277-D26D-4306-A752-1246A35B63BD}"
EndProject
Project("{FAE04EC0-301F-11D3-BF4B-00C04F79EFBC}") = "MapCallScheduler.Console", "MapCallScheduler.Console\MapCallScheduler.Console.csproj", "{D4D2AE73-EF83-494D-8B73-A2B0830A588C}"
EndProject
Project("{FAE04EC0-301F-11D3-BF4B-00C04F79EFBC}") = "MapCallScheduler.Tests", "MapCallScheduler.Tests\MapCallScheduler.Tests.csproj", "{2F17EC3A-B43D-4609-B0A1-45BB839EAF98}"
EndProject
Project("{FAE04EC0-301F-11D3-BF4B-00C04F79EFBC}") = "MMSINC.Testing", "..\mmsinc\MMSINC.Testing\MMSINC.Testing.csproj", "{D6110CB2-1E3C-41B8-8056-26A9C6DF07B3}"
EndProject
Project("{FAE04EC0-301F-11D3-BF4B-00C04F79EFBC}") = "MapCallScheduler.Core", "MapCallScheduler.Core\MapCallScheduler.Core.csproj", "{255563D9-1008-4AF4-B292-F4F939EB4B20}"
EndProject
Project("{9A19103F-16F7-4668-BE54-9A1E7A4F7556}") = "MapCall.Common.Testing", "..\mmsinc\MapCall.Common.Testing\MapCall.Common.Testing.csproj", "{00096530-6883-4BBA-87D8-D8F49FB41692}"
EndProject
Project("{FAE04EC0-301F-11D3-BF4B-00C04F79EFBC}") = "Historian.Data.Client", "..\mmsinc\Historian.Data.Client\Historian.Data.Client.csproj", "{CF6EA71F-8570-42D0-BCC9-D35E58181E6E}"
EndProject
Project("{9A19103F-16F7-4668-BE54-9A1E7A4F7556}") = "MapCall.SAP", "..\mmsinc\MapCall.SAP\MapCall.SAP.csproj", "{9EE96C6B-095A-4792-B247-2F7B28430A9B}"
	ProjectSection(ProjectDependencies) = postProject
		{122B2768-130D-4BEE-A23A-9B2916EAFC67} = {122B2768-130D-4BEE-A23A-9B2916EAFC67}
	EndProjectSection
EndProject
Project("{FAE04EC0-301F-11D3-BF4B-00C04F79EFBC}") = "AuthorizeNET", "..\mmsinc\Authorize.NET\AuthorizeNET.csproj", "{5D52EAEC-42FB-4313-83B8-69E2F55EBF14}"
EndProject
Project("{2150E333-8FDC-42A3-9474-1A3956D46DE8}") = "src", "src", "{77D7DDB8-FA8E-4E4B-9B2F-C1CA59DBA0C8}"
EndProject
Project("{2150E333-8FDC-42A3-9474-1A3956D46DE8}") = "lib", "lib", "{C8E8DAA3-9F2A-447D-966E-47E19A04F59D}"
EndProject
Project("{2150E333-8FDC-42A3-9474-1A3956D46DE8}") = "tests", "tests", "{7ED0C4E0-4FDE-4CA3-B23E-4792308C0F2D}"
EndProject
Project("{FAE04EC0-301F-11D3-BF4B-00C04F79EFBC}") = "MapCallImporter.Core", "..\importer\src\MapCallImporter.Core\MapCallImporter.Core.csproj", "{B474E607-49EE-4138-BA8E-41711788D3C9}"
EndProject
Project("{FAE04EC0-301F-11D3-BF4B-00C04F79EFBC}") = "MapCallMVC", "..\mvc\MapCallMVC\MapCallMVC.csproj", "{787BEADF-BD8F-439B-99A3-B7F0B360DF55}"
EndProject
Project("{FAE04EC0-301F-11D3-BF4B-00C04F79EFBC}") = "MMSINC.Core.Mvc", "..\mmsinc\MMSINC.Core.Mvc\MMSINC.Core.Mvc.csproj", "{53CF0CDE-856B-4DC1-ABAE-9BD835C9C5D2}"
EndProject
Project("{FAE04EC0-301F-11D3-BF4B-00C04F79EFBC}") = "MMSINC.Testing.Mvc", "..\mmsinc\MMSINC.Testing.Mvc\MMSINC.Testing.Mvc.csproj", "{E6C5BFE0-B68E-427C-9A4C-8C801ED6CA9C}"
EndProject
Project("{FAE04EC0-301F-11D3-BF4B-00C04F79EFBC}") = "Permits.Data.Client", "..\mmsinc\Permits.Data.Client\Permits.Data.Client.csproj", "{17B00AD4-E78B-4CA2-88D2-9101A372FEA5}"
EndProject
Project("{9A19103F-16F7-4668-BE54-9A1E7A4F7556}") = "MapCall.Common.Mvc", "..\mmsinc\MapCall.Common.Mvc\MapCall.Common.Mvc.csproj", "{2BF5A04B-77D0-435B-AE0F-D9E3C5370030}"
EndProject
Project("{FAE04EC0-301F-11D3-BF4B-00C04F79EFBC}") = "Deleporter", "..\mmsinc\Deleporter\Deleporter.csproj", "{442A205A-2803-4EAE-9CC9-0E20A000FAE1}"
EndProject
Project("{9A19103F-16F7-4668-BE54-9A1E7A4F7556}") = "MapCall.LIMS", "..\mmsinc\MapCall.LIMS\MapCall.LIMS.csproj", "{F51FFDC4-3469-4A95-955A-0734F118B6EE}"
EndProject
Global
	GlobalSection(SolutionConfigurationPlatforms) = preSolution
		Debug|x64 = Debug|x64
		QA2|x64 = QA2|x64
		QA3|x64 = QA3|x64
		QA4|x64 = QA4|x64
		Release|x64 = Release|x64
		Training|x64 = Training|x64
		QA1|x64 = QA1|x64
	EndGlobalSection
	GlobalSection(ProjectConfigurationPlatforms) = postSolution
		{E21BBEF1-EEE2-4F2B-BE14-65792C97E27B}.Debug|x64.ActiveCfg = Debug|x64
		{E21BBEF1-EEE2-4F2B-BE14-65792C97E27B}.Debug|x64.Build.0 = Debug|x64
		{E21BBEF1-EEE2-4F2B-BE14-65792C97E27B}.QA2|x64.ActiveCfg = QA|x64
		{E21BBEF1-EEE2-4F2B-BE14-65792C97E27B}.QA2|x64.Build.0 = QA|x64
		{E21BBEF1-EEE2-4F2B-BE14-65792C97E27B}.QA3|x64.ActiveCfg = Debug|x64
		{E21BBEF1-EEE2-4F2B-BE14-65792C97E27B}.QA3|x64.Build.0 = Debug|x64
		{E21BBEF1-EEE2-4F2B-BE14-65792C97E27B}.QA4|x64.ActiveCfg = QA4|x64
		{E21BBEF1-EEE2-4F2B-BE14-65792C97E27B}.QA4|x64.Build.0 = QA4|x64
		{E21BBEF1-EEE2-4F2B-BE14-65792C97E27B}.Release|x64.ActiveCfg = Release|x64
		{E21BBEF1-EEE2-4F2B-BE14-65792C97E27B}.Release|x64.Build.0 = Release|x64
		{E21BBEF1-EEE2-4F2B-BE14-65792C97E27B}.Training|x64.ActiveCfg = Training|x64
		{E21BBEF1-EEE2-4F2B-BE14-65792C97E27B}.Training|x64.Build.0 = Training|x64
		{E21BBEF1-EEE2-4F2B-BE14-65792C97E27B}.QA1|x64.ActiveCfg = QA1|x64
		{E21BBEF1-EEE2-4F2B-BE14-65792C97E27B}.QA1|x64.Build.0 = QA1|x64
		{122B2768-130D-4BEE-A23A-9B2916EAFC67}.Debug|x64.ActiveCfg = Debug|x64
		{122B2768-130D-4BEE-A23A-9B2916EAFC67}.Debug|x64.Build.0 = Debug|x64
		{122B2768-130D-4BEE-A23A-9B2916EAFC67}.QA2|x64.ActiveCfg = Debug|x64
		{122B2768-130D-4BEE-A23A-9B2916EAFC67}.QA2|x64.Build.0 = Debug|x64
		{122B2768-130D-4BEE-A23A-9B2916EAFC67}.QA3|x64.ActiveCfg = Debug|x64
		{122B2768-130D-4BEE-A23A-9B2916EAFC67}.QA3|x64.Build.0 = Debug|x64
		{122B2768-130D-4BEE-A23A-9B2916EAFC67}.QA4|x64.ActiveCfg = Debug|x64
		{122B2768-130D-4BEE-A23A-9B2916EAFC67}.QA4|x64.Build.0 = Debug|x64
		{122B2768-130D-4BEE-A23A-9B2916EAFC67}.Release|x64.ActiveCfg = Release|x64
		{122B2768-130D-4BEE-A23A-9B2916EAFC67}.Release|x64.Build.0 = Release|x64
		{122B2768-130D-4BEE-A23A-9B2916EAFC67}.Training|x64.ActiveCfg = Debug|x64
		{122B2768-130D-4BEE-A23A-9B2916EAFC67}.Training|x64.Build.0 = Debug|x64
		{122B2768-130D-4BEE-A23A-9B2916EAFC67}.QA1|x64.ActiveCfg = QA1|x64
		{122B2768-130D-4BEE-A23A-9B2916EAFC67}.QA1|x64.Build.0 = QA1|x64
		{63ECD277-D26D-4306-A752-1246A35B63BD}.Debug|x64.ActiveCfg = Debug|Any CPU
		{63ECD277-D26D-4306-A752-1246A35B63BD}.Debug|x64.Build.0 = Debug|Any CPU
		{63ECD277-D26D-4306-A752-1246A35B63BD}.QA2|x64.ActiveCfg = Debug|Any CPU
		{63ECD277-D26D-4306-A752-1246A35B63BD}.QA2|x64.Build.0 = Debug|Any CPU
		{63ECD277-D26D-4306-A752-1246A35B63BD}.QA3|x64.ActiveCfg = Debug|Any CPU
		{63ECD277-D26D-4306-A752-1246A35B63BD}.QA3|x64.Build.0 = Debug|Any CPU
		{63ECD277-D26D-4306-A752-1246A35B63BD}.QA4|x64.ActiveCfg = Debug|Any CPU
		{63ECD277-D26D-4306-A752-1246A35B63BD}.QA4|x64.Build.0 = Debug|Any CPU
		{63ECD277-D26D-4306-A752-1246A35B63BD}.Release|x64.ActiveCfg = Release|x64
		{63ECD277-D26D-4306-A752-1246A35B63BD}.Release|x64.Build.0 = Release|x64
		{63ECD277-D26D-4306-A752-1246A35B63BD}.Training|x64.ActiveCfg = Debug|Any CPU
		{63ECD277-D26D-4306-A752-1246A35B63BD}.Training|x64.Build.0 = Debug|Any CPU
		{63ECD277-D26D-4306-A752-1246A35B63BD}.QA1|x64.ActiveCfg = QA1|x64
		{63ECD277-D26D-4306-A752-1246A35B63BD}.QA1|x64.Build.0 = QA1|x64
		{D4D2AE73-EF83-494D-8B73-A2B0830A588C}.Debug|x64.ActiveCfg = Debug|x64
		{D4D2AE73-EF83-494D-8B73-A2B0830A588C}.Debug|x64.Build.0 = Debug|x64
		{D4D2AE73-EF83-494D-8B73-A2B0830A588C}.QA2|x64.ActiveCfg = QA|x64
		{D4D2AE73-EF83-494D-8B73-A2B0830A588C}.QA2|x64.Build.0 = QA|x64
		{D4D2AE73-EF83-494D-8B73-A2B0830A588C}.QA3|x64.ActiveCfg = QA3|x64
		{D4D2AE73-EF83-494D-8B73-A2B0830A588C}.QA3|x64.Build.0 = QA3|x64
		{D4D2AE73-EF83-494D-8B73-A2B0830A588C}.QA4|x64.ActiveCfg = QA4|x64
		{D4D2AE73-EF83-494D-8B73-A2B0830A588C}.QA4|x64.Build.0 = QA4|x64
		{D4D2AE73-EF83-494D-8B73-A2B0830A588C}.Release|x64.ActiveCfg = Release|x64
		{D4D2AE73-EF83-494D-8B73-A2B0830A588C}.Release|x64.Build.0 = Release|x64
		{D4D2AE73-EF83-494D-8B73-A2B0830A588C}.Training|x64.ActiveCfg = Training|x64
		{D4D2AE73-EF83-494D-8B73-A2B0830A588C}.Training|x64.Build.0 = Training|x64
		{D4D2AE73-EF83-494D-8B73-A2B0830A588C}.QA1|x64.ActiveCfg = QA1|x64
		{D4D2AE73-EF83-494D-8B73-A2B0830A588C}.QA1|x64.Build.0 = QA1|x64
		{2F17EC3A-B43D-4609-B0A1-45BB839EAF98}.Debug|x64.ActiveCfg = Debug|x64
		{2F17EC3A-B43D-4609-B0A1-45BB839EAF98}.Debug|x64.Build.0 = Debug|x64
		{2F17EC3A-B43D-4609-B0A1-45BB839EAF98}.QA2|x64.ActiveCfg = QA|x64
		{2F17EC3A-B43D-4609-B0A1-45BB839EAF98}.QA3|x64.ActiveCfg = QA3|x64
		{2F17EC3A-B43D-4609-B0A1-45BB839EAF98}.QA4|x64.ActiveCfg = Debug|x64
		{2F17EC3A-B43D-4609-B0A1-45BB839EAF98}.Release|x64.ActiveCfg = Release|x64
		{2F17EC3A-B43D-4609-B0A1-45BB839EAF98}.Training|x64.ActiveCfg = Debug|x64
		{2F17EC3A-B43D-4609-B0A1-45BB839EAF98}.QA1|x64.ActiveCfg = QA1|x64
		{2F17EC3A-B43D-4609-B0A1-45BB839EAF98}.QA1|x64.Build.0 = QA1|x64
		{D6110CB2-1E3C-41B8-8056-26A9C6DF07B3}.Debug|x64.ActiveCfg = Debug|x64
		{D6110CB2-1E3C-41B8-8056-26A9C6DF07B3}.Debug|x64.Build.0 = Debug|x64
		{D6110CB2-1E3C-41B8-8056-26A9C6DF07B3}.QA2|x64.ActiveCfg = QA2|x64
		{D6110CB2-1E3C-41B8-8056-26A9C6DF07B3}.QA3|x64.ActiveCfg = QA3|x64
		{D6110CB2-1E3C-41B8-8056-26A9C6DF07B3}.QA4|x64.ActiveCfg = QA4|x64
		{D6110CB2-1E3C-41B8-8056-26A9C6DF07B3}.Release|x64.ActiveCfg = Release|x64
		{D6110CB2-1E3C-41B8-8056-26A9C6DF07B3}.Training|x64.ActiveCfg = Training|x64
		{D6110CB2-1E3C-41B8-8056-26A9C6DF07B3}.QA1|x64.ActiveCfg = QA1|x64
		{D6110CB2-1E3C-41B8-8056-26A9C6DF07B3}.QA1|x64.Build.0 = QA1|x64
		{255563D9-1008-4AF4-B292-F4F939EB4B20}.Debug|x64.ActiveCfg = Debug|x64
		{255563D9-1008-4AF4-B292-F4F939EB4B20}.Debug|x64.Build.0 = Debug|x64
		{255563D9-1008-4AF4-B292-F4F939EB4B20}.QA2|x64.ActiveCfg = Debug|x64
		{255563D9-1008-4AF4-B292-F4F939EB4B20}.QA2|x64.Build.0 = Debug|x64
		{255563D9-1008-4AF4-B292-F4F939EB4B20}.QA3|x64.ActiveCfg = Debug|x64
		{255563D9-1008-4AF4-B292-F4F939EB4B20}.QA3|x64.Build.0 = Debug|x64
		{255563D9-1008-4AF4-B292-F4F939EB4B20}.QA4|x64.ActiveCfg = Debug|x64
		{255563D9-1008-4AF4-B292-F4F939EB4B20}.QA4|x64.Build.0 = Debug|x64
		{255563D9-1008-4AF4-B292-F4F939EB4B20}.Release|x64.ActiveCfg = Release|x64
		{255563D9-1008-4AF4-B292-F4F939EB4B20}.Release|x64.Build.0 = Release|x64
		{255563D9-1008-4AF4-B292-F4F939EB4B20}.Training|x64.ActiveCfg = Debug|x64
		{255563D9-1008-4AF4-B292-F4F939EB4B20}.Training|x64.Build.0 = Debug|x64
		{255563D9-1008-4AF4-B292-F4F939EB4B20}.QA1|x64.ActiveCfg = QA1|x64
		{255563D9-1008-4AF4-B292-F4F939EB4B20}.QA1|x64.Build.0 = QA1|x64
		{00096530-6883-4BBA-87D8-D8F49FB41692}.Debug|x64.ActiveCfg = Debug|Any CPU
		{00096530-6883-4BBA-87D8-D8F49FB41692}.Debug|x64.Build.0 = Debug|Any CPU
		{00096530-6883-4BBA-87D8-D8F49FB41692}.QA2|x64.ActiveCfg = Debug|Any CPU
		{00096530-6883-4BBA-87D8-D8F49FB41692}.QA3|x64.ActiveCfg = Debug|Any CPU
		{00096530-6883-4BBA-87D8-D8F49FB41692}.QA4|x64.ActiveCfg = Debug|Any CPU
		{00096530-6883-4BBA-87D8-D8F49FB41692}.Release|x64.ActiveCfg = Release|x64
		{00096530-6883-4BBA-87D8-D8F49FB41692}.Training|x64.ActiveCfg = Debug|Any CPU
		{00096530-6883-4BBA-87D8-D8F49FB41692}.QA1|x64.ActiveCfg = QA1|x64
		{00096530-6883-4BBA-87D8-D8F49FB41692}.QA1|x64.Build.0 = QA1|x64
		{CF6EA71F-8570-42D0-BCC9-D35E58181E6E}.Debug|x64.ActiveCfg = Debug|x64
		{CF6EA71F-8570-42D0-BCC9-D35E58181E6E}.Debug|x64.Build.0 = Debug|x64
		{CF6EA71F-8570-42D0-BCC9-D35E58181E6E}.QA2|x64.ActiveCfg = QA2|x64
		{CF6EA71F-8570-42D0-BCC9-D35E58181E6E}.QA2|x64.Build.0 = QA2|x64
		{CF6EA71F-8570-42D0-BCC9-D35E58181E6E}.QA3|x64.ActiveCfg = Debug|x64
		{CF6EA71F-8570-42D0-BCC9-D35E58181E6E}.QA3|x64.Build.0 = Debug|x64
		{CF6EA71F-8570-42D0-BCC9-D35E58181E6E}.QA4|x64.ActiveCfg = Debug|x64
		{CF6EA71F-8570-42D0-BCC9-D35E58181E6E}.QA4|x64.Build.0 = Debug|x64
		{CF6EA71F-8570-42D0-BCC9-D35E58181E6E}.Release|x64.ActiveCfg = Release|x64
		{CF6EA71F-8570-42D0-BCC9-D35E58181E6E}.Release|x64.Build.0 = Release|x64
		{CF6EA71F-8570-42D0-BCC9-D35E58181E6E}.Training|x64.ActiveCfg = Debug|x64
		{CF6EA71F-8570-42D0-BCC9-D35E58181E6E}.Training|x64.Build.0 = Debug|x64
		{CF6EA71F-8570-42D0-BCC9-D35E58181E6E}.QA1|x64.ActiveCfg = QA1|x64
		{CF6EA71F-8570-42D0-BCC9-D35E58181E6E}.QA1|x64.Build.0 = QA1|x64
		{9EE96C6B-095A-4792-B247-2F7B28430A9B}.Debug|x64.ActiveCfg = Debug|Any CPU
		{9EE96C6B-095A-4792-B247-2F7B28430A9B}.Debug|x64.Build.0 = Debug|Any CPU
		{9EE96C6B-095A-4792-B247-2F7B28430A9B}.QA2|x64.ActiveCfg = Debug|Any CPU
		{9EE96C6B-095A-4792-B247-2F7B28430A9B}.QA2|x64.Build.0 = Debug|Any CPU
		{9EE96C6B-095A-4792-B247-2F7B28430A9B}.QA3|x64.ActiveCfg = Debug|Any CPU
		{9EE96C6B-095A-4792-B247-2F7B28430A9B}.QA3|x64.Build.0 = Debug|Any CPU
		{9EE96C6B-095A-4792-B247-2F7B28430A9B}.QA4|x64.ActiveCfg = Debug|Any CPU
		{9EE96C6B-095A-4792-B247-2F7B28430A9B}.QA4|x64.Build.0 = Debug|Any CPU
		{9EE96C6B-095A-4792-B247-2F7B28430A9B}.Release|x64.ActiveCfg = Release|x64
		{9EE96C6B-095A-4792-B247-2F7B28430A9B}.Release|x64.Build.0 = Release|x64
		{9EE96C6B-095A-4792-B247-2F7B28430A9B}.Training|x64.ActiveCfg = Debug|Any CPU
		{9EE96C6B-095A-4792-B247-2F7B28430A9B}.Training|x64.Build.0 = Debug|Any CPU
		{9EE96C6B-095A-4792-B247-2F7B28430A9B}.QA1|x64.ActiveCfg = QA1|x64
		{9EE96C6B-095A-4792-B247-2F7B28430A9B}.QA1|x64.Build.0 = QA1|x64
		{5D52EAEC-42FB-4313-83B8-69E2F55EBF14}.Debug|x64.ActiveCfg = Debug|x64
		{5D52EAEC-42FB-4313-83B8-69E2F55EBF14}.Debug|x64.Build.0 = Debug|x64
		{5D52EAEC-42FB-4313-83B8-69E2F55EBF14}.QA2|x64.ActiveCfg = QA2|x64
		{5D52EAEC-42FB-4313-83B8-69E2F55EBF14}.QA2|x64.Build.0 = QA2|x64
		{5D52EAEC-42FB-4313-83B8-69E2F55EBF14}.QA3|x64.ActiveCfg = Debug|x64
		{5D52EAEC-42FB-4313-83B8-69E2F55EBF14}.QA3|x64.Build.0 = Debug|x64
		{5D52EAEC-42FB-4313-83B8-69E2F55EBF14}.QA4|x64.ActiveCfg = Debug|x64
		{5D52EAEC-42FB-4313-83B8-69E2F55EBF14}.QA4|x64.Build.0 = Debug|x64
		{5D52EAEC-42FB-4313-83B8-69E2F55EBF14}.Release|x64.ActiveCfg = Release|x64
		{5D52EAEC-42FB-4313-83B8-69E2F55EBF14}.Release|x64.Build.0 = Release|x64
		{5D52EAEC-42FB-4313-83B8-69E2F55EBF14}.Training|x64.ActiveCfg = Debug|x64
		{5D52EAEC-42FB-4313-83B8-69E2F55EBF14}.Training|x64.Build.0 = Debug|x64
		{5D52EAEC-42FB-4313-83B8-69E2F55EBF14}.QA1|x64.ActiveCfg = QA1|x64
		{5D52EAEC-42FB-4313-83B8-69E2F55EBF14}.QA1|x64.Build.0 = QA1|x64
		{B474E607-49EE-4138-BA8E-41711788D3C9}.Debug|x64.ActiveCfg = Debug|x64
		{B474E607-49EE-4138-BA8E-41711788D3C9}.Debug|x64.Build.0 = Debug|x64
		{B474E607-49EE-4138-BA8E-41711788D3C9}.QA2|x64.ActiveCfg = Debug|x64
		{B474E607-49EE-4138-BA8E-41711788D3C9}.QA2|x64.Build.0 = Debug|x64
		{B474E607-49EE-4138-BA8E-41711788D3C9}.QA3|x64.ActiveCfg = Debug|x64
		{B474E607-49EE-4138-BA8E-41711788D3C9}.QA3|x64.Build.0 = Debug|x64
		{B474E607-49EE-4138-BA8E-41711788D3C9}.QA4|x64.ActiveCfg = Debug|x64
		{B474E607-49EE-4138-BA8E-41711788D3C9}.QA4|x64.Build.0 = Debug|x64
		{B474E607-49EE-4138-BA8E-41711788D3C9}.Release|x64.ActiveCfg = Release|x64
		{B474E607-49EE-4138-BA8E-41711788D3C9}.Release|x64.Build.0 = Release|x64
		{B474E607-49EE-4138-BA8E-41711788D3C9}.Training|x64.ActiveCfg = Debug|x64
		{B474E607-49EE-4138-BA8E-41711788D3C9}.Training|x64.Build.0 = Debug|x64
		{B474E607-49EE-4138-BA8E-41711788D3C9}.QA1|x64.ActiveCfg = QA1|x64
		{B474E607-49EE-4138-BA8E-41711788D3C9}.QA1|x64.Build.0 = QA1|x64
		{787BEADF-BD8F-439B-99A3-B7F0B360DF55}.Debug|x64.ActiveCfg = Debug|x64
		{787BEADF-BD8F-439B-99A3-B7F0B360DF55}.Debug|x64.Build.0 = Debug|x64
		{787BEADF-BD8F-439B-99A3-B7F0B360DF55}.QA2|x64.ActiveCfg = QA2|x64
		{787BEADF-BD8F-439B-99A3-B7F0B360DF55}.QA2|x64.Build.0 = QA2|x64
		{787BEADF-BD8F-439B-99A3-B7F0B360DF55}.QA3|x64.ActiveCfg = QA3|x64
		{787BEADF-BD8F-439B-99A3-B7F0B360DF55}.QA3|x64.Build.0 = QA3|x64
		{787BEADF-BD8F-439B-99A3-B7F0B360DF55}.QA4|x64.ActiveCfg = QA4|x64
		{787BEADF-BD8F-439B-99A3-B7F0B360DF55}.QA4|x64.Build.0 = QA4|x64
		{787BEADF-BD8F-439B-99A3-B7F0B360DF55}.Release|x64.ActiveCfg = Release|x64
		{787BEADF-BD8F-439B-99A3-B7F0B360DF55}.Release|x64.Build.0 = Release|x64
		{787BEADF-BD8F-439B-99A3-B7F0B360DF55}.Training|x64.ActiveCfg = Training|x64
		{787BEADF-BD8F-439B-99A3-B7F0B360DF55}.Training|x64.Build.0 = Training|x64
		{787BEADF-BD8F-439B-99A3-B7F0B360DF55}.QA1|x64.ActiveCfg = QA1|x64
		{787BEADF-BD8F-439B-99A3-B7F0B360DF55}.QA1|x64.Build.0 = QA1|x64
		{53CF0CDE-856B-4DC1-ABAE-9BD835C9C5D2}.Debug|x64.ActiveCfg = Debug|x64
		{53CF0CDE-856B-4DC1-ABAE-9BD835C9C5D2}.Debug|x64.Build.0 = Debug|x64
		{53CF0CDE-856B-4DC1-ABAE-9BD835C9C5D2}.QA2|x64.ActiveCfg = Debug|x64
		{53CF0CDE-856B-4DC1-ABAE-9BD835C9C5D2}.QA2|x64.Build.0 = Debug|x64
		{53CF0CDE-856B-4DC1-ABAE-9BD835C9C5D2}.QA3|x64.ActiveCfg = Debug|x64
		{53CF0CDE-856B-4DC1-ABAE-9BD835C9C5D2}.QA3|x64.Build.0 = Debug|x64
		{53CF0CDE-856B-4DC1-ABAE-9BD835C9C5D2}.QA4|x64.ActiveCfg = Debug|x64
		{53CF0CDE-856B-4DC1-ABAE-9BD835C9C5D2}.QA4|x64.Build.0 = Debug|x64
		{53CF0CDE-856B-4DC1-ABAE-9BD835C9C5D2}.Release|x64.ActiveCfg = Release|x64
		{53CF0CDE-856B-4DC1-ABAE-9BD835C9C5D2}.Release|x64.Build.0 = Release|x64
		{53CF0CDE-856B-4DC1-ABAE-9BD835C9C5D2}.Training|x64.ActiveCfg = Debug|x64
		{53CF0CDE-856B-4DC1-ABAE-9BD835C9C5D2}.Training|x64.Build.0 = Debug|x64
		{53CF0CDE-856B-4DC1-ABAE-9BD835C9C5D2}.QA1|x64.ActiveCfg = QA1|x64
		{53CF0CDE-856B-4DC1-ABAE-9BD835C9C5D2}.QA1|x64.Build.0 = QA1|x64
		{E6C5BFE0-B68E-427C-9A4C-8C801ED6CA9C}.Debug|x64.ActiveCfg = Debug|x64
		{E6C5BFE0-B68E-427C-9A4C-8C801ED6CA9C}.Debug|x64.Build.0 = Debug|x64
		{E6C5BFE0-B68E-427C-9A4C-8C801ED6CA9C}.QA2|x64.ActiveCfg = QA2|x64
		{E6C5BFE0-B68E-427C-9A4C-8C801ED6CA9C}.QA3|x64.ActiveCfg = QA3|x64
		{E6C5BFE0-B68E-427C-9A4C-8C801ED6CA9C}.QA4|x64.ActiveCfg = QA4|x64
		{E6C5BFE0-B68E-427C-9A4C-8C801ED6CA9C}.Release|x64.ActiveCfg = Release|x64
		{E6C5BFE0-B68E-427C-9A4C-8C801ED6CA9C}.Training|x64.ActiveCfg = Training|x64
		{E6C5BFE0-B68E-427C-9A4C-8C801ED6CA9C}.QA1|x64.ActiveCfg = QA1|x64
		{E6C5BFE0-B68E-427C-9A4C-8C801ED6CA9C}.QA1|x64.Build.0 = QA1|x64
		{17B00AD4-E78B-4CA2-88D2-9101A372FEA5}.Debug|x64.ActiveCfg = Debug|x64
		{17B00AD4-E78B-4CA2-88D2-9101A372FEA5}.Debug|x64.Build.0 = Debug|x64
		{17B00AD4-E78B-4CA2-88D2-9101A372FEA5}.QA2|x64.ActiveCfg = Debug|x64
		{17B00AD4-E78B-4CA2-88D2-9101A372FEA5}.QA2|x64.Build.0 = Debug|x64
		{17B00AD4-E78B-4CA2-88D2-9101A372FEA5}.QA3|x64.ActiveCfg = Debug|x64
		{17B00AD4-E78B-4CA2-88D2-9101A372FEA5}.QA3|x64.Build.0 = Debug|x64
		{17B00AD4-E78B-4CA2-88D2-9101A372FEA5}.QA4|x64.ActiveCfg = Debug|x64
		{17B00AD4-E78B-4CA2-88D2-9101A372FEA5}.QA4|x64.Build.0 = Debug|x64
		{17B00AD4-E78B-4CA2-88D2-9101A372FEA5}.Release|x64.ActiveCfg = Release|x64
		{17B00AD4-E78B-4CA2-88D2-9101A372FEA5}.Release|x64.Build.0 = Release|x64
		{17B00AD4-E78B-4CA2-88D2-9101A372FEA5}.Training|x64.ActiveCfg = Debug|x64
		{17B00AD4-E78B-4CA2-88D2-9101A372FEA5}.Training|x64.Build.0 = Debug|x64
		{17B00AD4-E78B-4CA2-88D2-9101A372FEA5}.QA1|x64.ActiveCfg = QA1|x64
		{17B00AD4-E78B-4CA2-88D2-9101A372FEA5}.QA1|x64.Build.0 = QA1|x64
		{2BF5A04B-77D0-435B-AE0F-D9E3C5370030}.Debug|x64.ActiveCfg = Debug|Any CPU
		{2BF5A04B-77D0-435B-AE0F-D9E3C5370030}.Debug|x64.Build.0 = Debug|Any CPU
		{2BF5A04B-77D0-435B-AE0F-D9E3C5370030}.QA2|x64.ActiveCfg = Debug|Any CPU
		{2BF5A04B-77D0-435B-AE0F-D9E3C5370030}.QA2|x64.Build.0 = Debug|Any CPU
		{2BF5A04B-77D0-435B-AE0F-D9E3C5370030}.QA3|x64.ActiveCfg = Debug|Any CPU
		{2BF5A04B-77D0-435B-AE0F-D9E3C5370030}.QA3|x64.Build.0 = Debug|Any CPU
		{2BF5A04B-77D0-435B-AE0F-D9E3C5370030}.QA4|x64.ActiveCfg = Debug|Any CPU
		{2BF5A04B-77D0-435B-AE0F-D9E3C5370030}.QA4|x64.Build.0 = Debug|Any CPU
		{2BF5A04B-77D0-435B-AE0F-D9E3C5370030}.Release|x64.ActiveCfg = Release|x64
		{2BF5A04B-77D0-435B-AE0F-D9E3C5370030}.Release|x64.Build.0 = Release|x64
		{2BF5A04B-77D0-435B-AE0F-D9E3C5370030}.Training|x64.ActiveCfg = Debug|Any CPU
		{2BF5A04B-77D0-435B-AE0F-D9E3C5370030}.Training|x64.Build.0 = Debug|Any CPU
		{2BF5A04B-77D0-435B-AE0F-D9E3C5370030}.QA1|x64.ActiveCfg = QA1|x64
		{2BF5A04B-77D0-435B-AE0F-D9E3C5370030}.QA1|x64.Build.0 = QA1|x64
		{442A205A-2803-4EAE-9CC9-0E20A000FAE1}.Debug|x64.ActiveCfg = Debug|x64
		{442A205A-2803-4EAE-9CC9-0E20A000FAE1}.Debug|x64.Build.0 = Debug|x64
		{442A205A-2803-4EAE-9CC9-0E20A000FAE1}.QA2|x64.ActiveCfg = QA2|x64
		{442A205A-2803-4EAE-9CC9-0E20A000FAE1}.QA3|x64.ActiveCfg = QA3|x64
		{442A205A-2803-4EAE-9CC9-0E20A000FAE1}.QA4|x64.ActiveCfg = QA4|x64
		{442A205A-2803-4EAE-9CC9-0E20A000FAE1}.Release|x64.ActiveCfg = Release|x64
		{442A205A-2803-4EAE-9CC9-0E20A000FAE1}.Release|x64.Build.0 = Release|x64
		{442A205A-2803-4EAE-9CC9-0E20A000FAE1}.Training|x64.ActiveCfg = Training|x64
		{442A205A-2803-4EAE-9CC9-0E20A000FAE1}.QA1|x64.ActiveCfg = QA1|x64
		{442A205A-2803-4EAE-9CC9-0E20A000FAE1}.QA1|x64.Build.0 = QA1|x64
		{F51FFDC4-3469-4A95-955A-0734F118B6EE}.Debug|x64.ActiveCfg = Debug|Any CPU
		{F51FFDC4-3469-4A95-955A-0734F118B6EE}.Debug|x64.Build.0 = Debug|Any CPU
		{F51FFDC4-3469-4A95-955A-0734F118B6EE}.QA2|x64.ActiveCfg = Debug|Any CPU
		{F51FFDC4-3469-4A95-955A-0734F118B6EE}.QA2|x64.Build.0 = Debug|Any CPU
		{F51FFDC4-3469-4A95-955A-0734F118B6EE}.QA3|x64.ActiveCfg = Debug|Any CPU
		{F51FFDC4-3469-4A95-955A-0734F118B6EE}.QA3|x64.Build.0 = Debug|Any CPU
		{F51FFDC4-3469-4A95-955A-0734F118B6EE}.QA4|x64.ActiveCfg = Debug|Any CPU
		{F51FFDC4-3469-4A95-955A-0734F118B6EE}.QA4|x64.Build.0 = Debug|Any CPU
		{F51FFDC4-3469-4A95-955A-0734F118B6EE}.Release|x64.ActiveCfg = Release|x64
		{F51FFDC4-3469-4A95-955A-0734F118B6EE}.Release|x64.Build.0 = Release|x64
		{F51FFDC4-3469-4A95-955A-0734F118B6EE}.Training|x64.ActiveCfg = Debug|Any CPU
		{F51FFDC4-3469-4A95-955A-0734F118B6EE}.Training|x64.Build.0 = Debug|Any CPU
		{F51FFDC4-3469-4A95-955A-0734F118B6EE}.QA1|x64.ActiveCfg = QA1|x64
		{F51FFDC4-3469-4A95-955A-0734F118B6EE}.QA1|x64.Build.0 = QA1|x64
	EndGlobalSection
	GlobalSection(SolutionProperties) = preSolution
		HideSolutionNode = FALSE
	EndGlobalSection
	GlobalSection(NestedProjects) = preSolution
		{E21BBEF1-EEE2-4F2B-BE14-65792C97E27B} = {77D7DDB8-FA8E-4E4B-9B2F-C1CA59DBA0C8}
		{122B2768-130D-4BEE-A23A-9B2916EAFC67} = {C8E8DAA3-9F2A-447D-966E-47E19A04F59D}
		{63ECD277-D26D-4306-A752-1246A35B63BD} = {C8E8DAA3-9F2A-447D-966E-47E19A04F59D}
		{D4D2AE73-EF83-494D-8B73-A2B0830A588C} = {77D7DDB8-FA8E-4E4B-9B2F-C1CA59DBA0C8}
		{2F17EC3A-B43D-4609-B0A1-45BB839EAF98} = {7ED0C4E0-4FDE-4CA3-B23E-4792308C0F2D}
		{D6110CB2-1E3C-41B8-8056-26A9C6DF07B3} = {C8E8DAA3-9F2A-447D-966E-47E19A04F59D}
		{255563D9-1008-4AF4-B292-F4F939EB4B20} = {77D7DDB8-FA8E-4E4B-9B2F-C1CA59DBA0C8}
		{00096530-6883-4BBA-87D8-D8F49FB41692} = {C8E8DAA3-9F2A-447D-966E-47E19A04F59D}
		{CF6EA71F-8570-42D0-BCC9-D35E58181E6E} = {C8E8DAA3-9F2A-447D-966E-47E19A04F59D}
		{9EE96C6B-095A-4792-B247-2F7B28430A9B} = {C8E8DAA3-9F2A-447D-966E-47E19A04F59D}
		{5D52EAEC-42FB-4313-83B8-69E2F55EBF14} = {C8E8DAA3-9F2A-447D-966E-47E19A04F59D}
		{B474E607-49EE-4138-BA8E-41711788D3C9} = {C8E8DAA3-9F2A-447D-966E-47E19A04F59D}
		{787BEADF-BD8F-439B-99A3-B7F0B360DF55} = {C8E8DAA3-9F2A-447D-966E-47E19A04F59D}
		{53CF0CDE-856B-4DC1-ABAE-9BD835C9C5D2} = {C8E8DAA3-9F2A-447D-966E-47E19A04F59D}
		{E6C5BFE0-B68E-427C-9A4C-8C801ED6CA9C} = {C8E8DAA3-9F2A-447D-966E-47E19A04F59D}
		{17B00AD4-E78B-4CA2-88D2-9101A372FEA5} = {C8E8DAA3-9F2A-447D-966E-47E19A04F59D}
		{2BF5A04B-77D0-435B-AE0F-D9E3C5370030} = {C8E8DAA3-9F2A-447D-966E-47E19A04F59D}
		{442A205A-2803-4EAE-9CC9-0E20A000FAE1} = {C8E8DAA3-9F2A-447D-966E-47E19A04F59D}
		{F51FFDC4-3469-4A95-955A-0734F118B6EE} = {C8E8DAA3-9F2A-447D-966E-47E19A04F59D}
	EndGlobalSection
	GlobalSection(ExtensibilityGlobals) = postSolution
		SolutionGuid = {49819179-A9F3-48E8-96B6-A40FDEBA36C9}
	EndGlobalSection
EndGlobal
