
Microsoft Visual Studio Solution File, Format Version 12.00
# Visual Studio Version 17
VisualStudioVersion = 17.2.32630.192
MinimumVisualStudioVersion = 10.0.40219.1
Project("{FAE04EC0-301F-11D3-BF4B-00C04F79EFBC}") = "MapCallImporter.Core", "src\MapCallImporter.Core\MapCallImporter.Core.csproj", "{B474E607-49EE-4138-BA8E-41711788D3C9}"
EndProject
Project("{FAE04EC0-301F-11D3-BF4B-00C04F79EFBC}") = "MapCallImporter.UI", "src\MapCallImporter.UI\MapCallImporter.UI.csproj", "{183D78D0-697F-4A1E-B86A-6E0AA7934994}"
EndProject
Project("{FAE04EC0-301F-11D3-BF4B-00C04F79EFBC}") = "MapCallImporter.Tests", "tests\MapCallImporter.Tests\MapCallImporter.Tests.csproj", "{485EE674-D74B-4903-9437-6B6068BDB9B0}"
EndProject
Project("{FAE04EC0-301F-11D3-BF4B-00C04F79EFBC}") = "MMSINC.Core", "..\mmsinc\MMSINC.Core\MMSINC.Core.csproj", "{122B2768-130D-4BEE-A23A-9B2916EAFC67}"
EndProject
Project("{9A19103F-16F7-4668-BE54-9A1E7A4F7556}") = "MapCall.Common", "..\mmsinc\MapCall.Common\MapCall.Common.csproj", "{63ECD277-D26D-4306-A752-1246A35B63BD}"
EndProject
Project("{2150E333-8FDC-42A3-9474-1A3956D46DE8}") = "doc", "doc", "{B8805219-C566-4FB6-ADFE-B253CD7C33BB}"
	ProjectSection(SolutionItems) = preProject
		CHANGELOG.txt = CHANGELOG.txt
		Local.testsettings = Local.testsettings
		README.md = README.md
		TODO.md = TODO.md
		VERSION.txt = VERSION.txt
	EndProjectSection
EndProject
Project("{FAE04EC0-301F-11D3-BF4B-00C04F79EFBC}") = "MMSINC.Testing", "..\mmsinc\MMSINC.Testing\MMSINC.Testing.csproj", "{D6110CB2-1E3C-41B8-8056-26A9C6DF07B3}"
EndProject
Project("{FAE04EC0-301F-11D3-BF4B-00C04F79EFBC}") = "MapCallMVC", "..\mvc\MapCallMVC\MapCallMVC.csproj", "{787BEADF-BD8F-439B-99A3-B7F0B360DF55}"
EndProject
Project("{9A19103F-16F7-4668-BE54-9A1E7A4F7556}") = "MapCall.Common.Mvc", "..\mmsinc\MapCall.Common.Mvc\MapCall.Common.Mvc.csproj", "{2BF5A04B-77D0-435B-AE0F-D9E3C5370030}"
EndProject
Project("{FAE04EC0-301F-11D3-BF4B-00C04F79EFBC}") = "MMSINC.Core.Mvc", "..\mmsinc\MMSINC.Core.Mvc\MMSINC.Core.Mvc.csproj", "{53CF0CDE-856B-4DC1-ABAE-9BD835C9C5D2}"
EndProject
Project("{9A19103F-16F7-4668-BE54-9A1E7A4F7556}") = "MapCall.SAP", "..\mmsinc\MapCall.SAP\MapCall.SAP.csproj", "{9EE96C6B-095A-4792-B247-2F7B28430A9B}"
EndProject
Project("{9A19103F-16F7-4668-BE54-9A1E7A4F7556}") = "MapCallImporter.MappingAnalysis", "analysis\MapCallImporter.MappingAnalysis\MapCallImporter.MappingAnalysis.csproj", "{23C18942-A815-425A-8975-D85304951D9F}"
EndProject
Project("{2150E333-8FDC-42A3-9474-1A3956D46DE8}") = "src", "src", "{27891C76-B4BE-4887-996F-87819EB66285}"
EndProject
Project("{2150E333-8FDC-42A3-9474-1A3956D46DE8}") = "lib", "lib", "{56D0316D-0ED2-41E8-8471-971ADE0FCDC5}"
EndProject
Project("{2150E333-8FDC-42A3-9474-1A3956D46DE8}") = "tests", "tests", "{6452C30E-9463-4888-83A0-38231E12728C}"
EndProject
Project("{2150E333-8FDC-42A3-9474-1A3956D46DE8}") = "analysis", "analysis", "{14F03F70-53B2-4A8A-AD4F-BE5E11051D80}"
EndProject
Project("{FAE04EC0-301F-11D3-BF4B-00C04F79EFBC}") = "MapCallImporter.Console", "src\MapCallImporter.Console\MapCallImporter.Console.csproj", "{0CC42F13-804D-4354-953E-09B09878E4D7}"
EndProject
Project("{FAE04EC0-301F-11D3-BF4B-00C04F79EFBC}") = "Permits.Data.Client", "..\mmsinc\Permits.Data.Client\Permits.Data.Client.csproj", "{17B00AD4-E78B-4CA2-88D2-9101A372FEA5}"
EndProject
Project("{9A19103F-16F7-4668-BE54-9A1E7A4F7556}") = "MapCall.Common.Testing", "..\mmsinc\MapCall.Common.Testing\MapCall.Common.Testing.csproj", "{00096530-6883-4BBA-87D8-D8F49FB41692}"
EndProject
Project("{FAE04EC0-301F-11D3-BF4B-00C04F79EFBC}") = "MMSINC.Testing.Mvc", "..\mmsinc\MMSINC.Testing.Mvc\MMSINC.Testing.Mvc.csproj", "{E6C5BFE0-B68E-427C-9A4C-8C801ED6CA9C}"
EndProject
Project("{FAE04EC0-301F-11D3-BF4B-00C04F79EFBC}") = "Deleporter", "..\mmsinc\Deleporter\Deleporter.csproj", "{442A205A-2803-4EAE-9CC9-0E20A000FAE1}"
EndProject
Project("{FAE04EC0-301F-11D3-BF4B-00C04F79EFBC}") = "Historian.Data.Client", "..\mmsinc\Historian.Data.Client\Historian.Data.Client.csproj", "{CF6EA71F-8570-42D0-BCC9-D35E58181E6E}"
EndProject
Project("{FAE04EC0-301F-11D3-BF4B-00C04F79EFBC}") = "AuthorizeNET", "..\mmsinc\Authorize.NET\AuthorizeNET.csproj", "{5D52EAEC-42FB-4313-83B8-69E2F55EBF14}"
EndProject
Global
	GlobalSection(SolutionConfigurationPlatforms) = preSolution
		Debug|x64 = Debug|x64
		QA|x64 = QA|x64
		QA2|x64 = QA2|x64
		Release|x64 = Release|x64
	EndGlobalSection
	GlobalSection(ProjectConfigurationPlatforms) = postSolution
		{B474E607-49EE-4138-BA8E-41711788D3C9}.Debug|x64.ActiveCfg = Debug|x64
		{B474E607-49EE-4138-BA8E-41711788D3C9}.Debug|x64.Build.0 = Debug|x64
		{B474E607-49EE-4138-BA8E-41711788D3C9}.QA|x64.ActiveCfg = Release|x64
		{B474E607-49EE-4138-BA8E-41711788D3C9}.QA|x64.Build.0 = Release|x64
		{B474E607-49EE-4138-BA8E-41711788D3C9}.QA2|x64.ActiveCfg = Release|x64
		{B474E607-49EE-4138-BA8E-41711788D3C9}.QA2|x64.Build.0 = Release|x64
		{B474E607-49EE-4138-BA8E-41711788D3C9}.Release|x64.ActiveCfg = Release|x64
		{B474E607-49EE-4138-BA8E-41711788D3C9}.Release|x64.Build.0 = Release|x64
		{183D78D0-697F-4A1E-B86A-6E0AA7934994}.Debug|x64.ActiveCfg = Debug|x64
		{183D78D0-697F-4A1E-B86A-6E0AA7934994}.Debug|x64.Build.0 = Debug|x64
		{183D78D0-697F-4A1E-B86A-6E0AA7934994}.QA|x64.ActiveCfg = Release|x64
		{183D78D0-697F-4A1E-B86A-6E0AA7934994}.QA|x64.Build.0 = Release|x64
		{183D78D0-697F-4A1E-B86A-6E0AA7934994}.QA2|x64.ActiveCfg = Release|x64
		{183D78D0-697F-4A1E-B86A-6E0AA7934994}.QA2|x64.Build.0 = Release|x64
		{183D78D0-697F-4A1E-B86A-6E0AA7934994}.Release|x64.ActiveCfg = Release|x64
		{183D78D0-697F-4A1E-B86A-6E0AA7934994}.Release|x64.Build.0 = Release|x64
		{485EE674-D74B-4903-9437-6B6068BDB9B0}.Debug|x64.ActiveCfg = Debug|x64
		{485EE674-D74B-4903-9437-6B6068BDB9B0}.Debug|x64.Build.0 = Debug|x64
		{485EE674-D74B-4903-9437-6B6068BDB9B0}.QA|x64.ActiveCfg = Release|x64
		{485EE674-D74B-4903-9437-6B6068BDB9B0}.QA|x64.Build.0 = Release|x64
		{485EE674-D74B-4903-9437-6B6068BDB9B0}.QA2|x64.ActiveCfg = Release|x64
		{485EE674-D74B-4903-9437-6B6068BDB9B0}.QA2|x64.Build.0 = Release|x64
		{485EE674-D74B-4903-9437-6B6068BDB9B0}.Release|x64.ActiveCfg = Release|x64
		{485EE674-D74B-4903-9437-6B6068BDB9B0}.Release|x64.Build.0 = Release|x64
		{122B2768-130D-4BEE-A23A-9B2916EAFC67}.Debug|x64.ActiveCfg = Debug|x64
		{122B2768-130D-4BEE-A23A-9B2916EAFC67}.Debug|x64.Build.0 = Debug|x64
		{122B2768-130D-4BEE-A23A-9B2916EAFC67}.QA|x64.ActiveCfg = QA|x64
		{122B2768-130D-4BEE-A23A-9B2916EAFC67}.QA|x64.Build.0 = QA|x64
		{122B2768-130D-4BEE-A23A-9B2916EAFC67}.QA2|x64.ActiveCfg = QA2|x64
		{122B2768-130D-4BEE-A23A-9B2916EAFC67}.QA2|x64.Build.0 = QA2|x64
		{122B2768-130D-4BEE-A23A-9B2916EAFC67}.Release|x64.ActiveCfg = Release|x64
		{122B2768-130D-4BEE-A23A-9B2916EAFC67}.Release|x64.Build.0 = Release|x64
		{63ECD277-D26D-4306-A752-1246A35B63BD}.Debug|x64.ActiveCfg = Debug|Any CPU
		{63ECD277-D26D-4306-A752-1246A35B63BD}.Debug|x64.Build.0 = Debug|Any CPU
		{63ECD277-D26D-4306-A752-1246A35B63BD}.QA|x64.ActiveCfg = QA|x64
		{63ECD277-D26D-4306-A752-1246A35B63BD}.QA|x64.Build.0 = QA|x64
		{63ECD277-D26D-4306-A752-1246A35B63BD}.QA2|x64.ActiveCfg = QA2|x64
		{63ECD277-D26D-4306-A752-1246A35B63BD}.QA2|x64.Build.0 = QA2|x64
		{63ECD277-D26D-4306-A752-1246A35B63BD}.Release|x64.ActiveCfg = Release|x64
		{63ECD277-D26D-4306-A752-1246A35B63BD}.Release|x64.Build.0 = Release|x64
		{D6110CB2-1E3C-41B8-8056-26A9C6DF07B3}.Debug|x64.ActiveCfg = Debug|x64
		{D6110CB2-1E3C-41B8-8056-26A9C6DF07B3}.Debug|x64.Build.0 = Debug|x64
		{D6110CB2-1E3C-41B8-8056-26A9C6DF07B3}.QA|x64.ActiveCfg = QA|x64
		{D6110CB2-1E3C-41B8-8056-26A9C6DF07B3}.QA|x64.Build.0 = QA|x64
		{D6110CB2-1E3C-41B8-8056-26A9C6DF07B3}.QA2|x64.ActiveCfg = QA2|x64
		{D6110CB2-1E3C-41B8-8056-26A9C6DF07B3}.QA2|x64.Build.0 = QA2|x64
		{D6110CB2-1E3C-41B8-8056-26A9C6DF07B3}.Release|x64.ActiveCfg = Release|x64
		{D6110CB2-1E3C-41B8-8056-26A9C6DF07B3}.Release|x64.Build.0 = Release|x64
		{787BEADF-BD8F-439B-99A3-B7F0B360DF55}.Debug|x64.ActiveCfg = Debug|x64
		{787BEADF-BD8F-439B-99A3-B7F0B360DF55}.Debug|x64.Build.0 = Debug|x64
		{787BEADF-BD8F-439B-99A3-B7F0B360DF55}.QA|x64.ActiveCfg = QA|x64
		{787BEADF-BD8F-439B-99A3-B7F0B360DF55}.QA|x64.Build.0 = QA|x64
		{787BEADF-BD8F-439B-99A3-B7F0B360DF55}.QA2|x64.ActiveCfg = QA2|x64
		{787BEADF-BD8F-439B-99A3-B7F0B360DF55}.QA2|x64.Build.0 = QA2|x64
		{787BEADF-BD8F-439B-99A3-B7F0B360DF55}.Release|x64.ActiveCfg = Release|x64
		{787BEADF-BD8F-439B-99A3-B7F0B360DF55}.Release|x64.Build.0 = Release|x64
		{2BF5A04B-77D0-435B-AE0F-D9E3C5370030}.Debug|x64.ActiveCfg = Debug|Any CPU
		{2BF5A04B-77D0-435B-AE0F-D9E3C5370030}.Debug|x64.Build.0 = Debug|Any CPU
		{2BF5A04B-77D0-435B-AE0F-D9E3C5370030}.QA|x64.ActiveCfg = QA|x64
		{2BF5A04B-77D0-435B-AE0F-D9E3C5370030}.QA|x64.Build.0 = QA|x64
		{2BF5A04B-77D0-435B-AE0F-D9E3C5370030}.QA2|x64.ActiveCfg = QA2|x64
		{2BF5A04B-77D0-435B-AE0F-D9E3C5370030}.QA2|x64.Build.0 = QA2|x64
		{2BF5A04B-77D0-435B-AE0F-D9E3C5370030}.Release|x64.ActiveCfg = Release|x64
		{2BF5A04B-77D0-435B-AE0F-D9E3C5370030}.Release|x64.Build.0 = Release|x64
		{53CF0CDE-856B-4DC1-ABAE-9BD835C9C5D2}.Debug|x64.ActiveCfg = Debug|x64
		{53CF0CDE-856B-4DC1-ABAE-9BD835C9C5D2}.Debug|x64.Build.0 = Debug|x64
		{53CF0CDE-856B-4DC1-ABAE-9BD835C9C5D2}.QA|x64.ActiveCfg = QA|x64
		{53CF0CDE-856B-4DC1-ABAE-9BD835C9C5D2}.QA|x64.Build.0 = QA|x64
		{53CF0CDE-856B-4DC1-ABAE-9BD835C9C5D2}.QA2|x64.ActiveCfg = QA2|x64
		{53CF0CDE-856B-4DC1-ABAE-9BD835C9C5D2}.QA2|x64.Build.0 = QA2|x64
		{53CF0CDE-856B-4DC1-ABAE-9BD835C9C5D2}.Release|x64.ActiveCfg = Release|x64
		{53CF0CDE-856B-4DC1-ABAE-9BD835C9C5D2}.Release|x64.Build.0 = Release|x64
		{9EE96C6B-095A-4792-B247-2F7B28430A9B}.Debug|x64.ActiveCfg = Debug|Any CPU
		{9EE96C6B-095A-4792-B247-2F7B28430A9B}.Debug|x64.Build.0 = Debug|Any CPU
		{9EE96C6B-095A-4792-B247-2F7B28430A9B}.QA|x64.ActiveCfg = QA|x64
		{9EE96C6B-095A-4792-B247-2F7B28430A9B}.QA|x64.Build.0 = QA|x64
		{9EE96C6B-095A-4792-B247-2F7B28430A9B}.QA2|x64.ActiveCfg = QA2|x64
		{9EE96C6B-095A-4792-B247-2F7B28430A9B}.QA2|x64.Build.0 = QA2|x64
		{9EE96C6B-095A-4792-B247-2F7B28430A9B}.Release|x64.ActiveCfg = Release|x64
		{9EE96C6B-095A-4792-B247-2F7B28430A9B}.Release|x64.Build.0 = Release|x64
		{23C18942-A815-425A-8975-D85304951D9F}.Debug|x64.ActiveCfg = Debug|x64
		{23C18942-A815-425A-8975-D85304951D9F}.QA|x64.ActiveCfg = Release|x64
		{23C18942-A815-425A-8975-D85304951D9F}.QA2|x64.ActiveCfg = Release|x64
		{23C18942-A815-425A-8975-D85304951D9F}.Release|x64.ActiveCfg = Release|x64
		{23C18942-A815-425A-8975-D85304951D9F}.Release|x64.Build.0 = Release|x64
		{0CC42F13-804D-4354-953E-09B09878E4D7}.Debug|x64.ActiveCfg = Debug|x64
		{0CC42F13-804D-4354-953E-09B09878E4D7}.Debug|x64.Build.0 = Debug|x64
		{0CC42F13-804D-4354-953E-09B09878E4D7}.QA|x64.ActiveCfg = Release|x64
		{0CC42F13-804D-4354-953E-09B09878E4D7}.QA|x64.Build.0 = Release|x64
		{0CC42F13-804D-4354-953E-09B09878E4D7}.QA2|x64.ActiveCfg = Release|x64
		{0CC42F13-804D-4354-953E-09B09878E4D7}.QA2|x64.Build.0 = Release|x64
		{0CC42F13-804D-4354-953E-09B09878E4D7}.Release|x64.ActiveCfg = Release|x64
		{0CC42F13-804D-4354-953E-09B09878E4D7}.Release|x64.Build.0 = Release|x64
		{17B00AD4-E78B-4CA2-88D2-9101A372FEA5}.Debug|x64.ActiveCfg = Debug|x64
		{17B00AD4-E78B-4CA2-88D2-9101A372FEA5}.Debug|x64.Build.0 = Debug|x64
		{17B00AD4-E78B-4CA2-88D2-9101A372FEA5}.QA|x64.ActiveCfg = QA|x64
		{17B00AD4-E78B-4CA2-88D2-9101A372FEA5}.QA|x64.Build.0 = QA|x64
		{17B00AD4-E78B-4CA2-88D2-9101A372FEA5}.QA2|x64.ActiveCfg = QA2|x64
		{17B00AD4-E78B-4CA2-88D2-9101A372FEA5}.QA2|x64.Build.0 = QA2|x64
		{17B00AD4-E78B-4CA2-88D2-9101A372FEA5}.Release|x64.ActiveCfg = Release|x64
		{17B00AD4-E78B-4CA2-88D2-9101A372FEA5}.Release|x64.Build.0 = Release|x64
		{00096530-6883-4BBA-87D8-D8F49FB41692}.Debug|x64.ActiveCfg = Debug|Any CPU
		{00096530-6883-4BBA-87D8-D8F49FB41692}.Debug|x64.Build.0 = Debug|Any CPU
		{00096530-6883-4BBA-87D8-D8F49FB41692}.QA|x64.ActiveCfg = QA|x64
		{00096530-6883-4BBA-87D8-D8F49FB41692}.QA|x64.Build.0 = QA|x64
		{00096530-6883-4BBA-87D8-D8F49FB41692}.QA2|x64.ActiveCfg = QA2|x64
		{00096530-6883-4BBA-87D8-D8F49FB41692}.QA2|x64.Build.0 = QA2|x64
		{00096530-6883-4BBA-87D8-D8F49FB41692}.Release|x64.ActiveCfg = Release|x64
		{00096530-6883-4BBA-87D8-D8F49FB41692}.Release|x64.Build.0 = Release|x64
		{E6C5BFE0-B68E-427C-9A4C-8C801ED6CA9C}.Debug|x64.ActiveCfg = Debug|x64
		{E6C5BFE0-B68E-427C-9A4C-8C801ED6CA9C}.Debug|x64.Build.0 = Debug|x64
		{E6C5BFE0-B68E-427C-9A4C-8C801ED6CA9C}.QA|x64.ActiveCfg = QA|x64
		{E6C5BFE0-B68E-427C-9A4C-8C801ED6CA9C}.QA|x64.Build.0 = QA|x64
		{E6C5BFE0-B68E-427C-9A4C-8C801ED6CA9C}.QA2|x64.ActiveCfg = QA2|x64
		{E6C5BFE0-B68E-427C-9A4C-8C801ED6CA9C}.QA2|x64.Build.0 = QA2|x64
		{E6C5BFE0-B68E-427C-9A4C-8C801ED6CA9C}.Release|x64.ActiveCfg = Release|x64
		{E6C5BFE0-B68E-427C-9A4C-8C801ED6CA9C}.Release|x64.Build.0 = Release|x64
		{442A205A-2803-4EAE-9CC9-0E20A000FAE1}.Debug|x64.ActiveCfg = Debug|x64
		{442A205A-2803-4EAE-9CC9-0E20A000FAE1}.Debug|x64.Build.0 = Debug|x64
		{442A205A-2803-4EAE-9CC9-0E20A000FAE1}.QA|x64.ActiveCfg = QA|x64
		{442A205A-2803-4EAE-9CC9-0E20A000FAE1}.QA|x64.Build.0 = QA|x64
		{442A205A-2803-4EAE-9CC9-0E20A000FAE1}.QA2|x64.ActiveCfg = QA2|x64
		{442A205A-2803-4EAE-9CC9-0E20A000FAE1}.QA2|x64.Build.0 = QA2|x64
		{442A205A-2803-4EAE-9CC9-0E20A000FAE1}.Release|x64.ActiveCfg = Release|x64
		{442A205A-2803-4EAE-9CC9-0E20A000FAE1}.Release|x64.Build.0 = Release|x64
		{CF6EA71F-8570-42D0-BCC9-D35E58181E6E}.Debug|x64.ActiveCfg = Debug|x64
		{CF6EA71F-8570-42D0-BCC9-D35E58181E6E}.Debug|x64.Build.0 = Debug|x64
		{CF6EA71F-8570-42D0-BCC9-D35E58181E6E}.QA|x64.ActiveCfg = QA|x64
		{CF6EA71F-8570-42D0-BCC9-D35E58181E6E}.QA|x64.Build.0 = QA|x64
		{CF6EA71F-8570-42D0-BCC9-D35E58181E6E}.QA2|x64.ActiveCfg = QA2|x64
		{CF6EA71F-8570-42D0-BCC9-D35E58181E6E}.QA2|x64.Build.0 = QA2|x64
		{CF6EA71F-8570-42D0-BCC9-D35E58181E6E}.Release|x64.ActiveCfg = Release|x64
		{CF6EA71F-8570-42D0-BCC9-D35E58181E6E}.Release|x64.Build.0 = Release|x64
		{5D52EAEC-42FB-4313-83B8-69E2F55EBF14}.Debug|x64.ActiveCfg = Debug|x64
		{5D52EAEC-42FB-4313-83B8-69E2F55EBF14}.Debug|x64.Build.0 = Debug|x64
		{5D52EAEC-42FB-4313-83B8-69E2F55EBF14}.QA|x64.ActiveCfg = QA|x64
		{5D52EAEC-42FB-4313-83B8-69E2F55EBF14}.QA|x64.Build.0 = QA|x64
		{5D52EAEC-42FB-4313-83B8-69E2F55EBF14}.QA2|x64.ActiveCfg = QA2|x64
		{5D52EAEC-42FB-4313-83B8-69E2F55EBF14}.QA2|x64.Build.0 = QA2|x64
		{5D52EAEC-42FB-4313-83B8-69E2F55EBF14}.Release|x64.ActiveCfg = Release|x64
		{5D52EAEC-42FB-4313-83B8-69E2F55EBF14}.Release|x64.Build.0 = Release|x64
	EndGlobalSection
	GlobalSection(SolutionProperties) = preSolution
		HideSolutionNode = FALSE
	EndGlobalSection
	GlobalSection(NestedProjects) = preSolution
		{B474E607-49EE-4138-BA8E-41711788D3C9} = {27891C76-B4BE-4887-996F-87819EB66285}
		{183D78D0-697F-4A1E-B86A-6E0AA7934994} = {27891C76-B4BE-4887-996F-87819EB66285}
		{485EE674-D74B-4903-9437-6B6068BDB9B0} = {6452C30E-9463-4888-83A0-38231E12728C}
		{122B2768-130D-4BEE-A23A-9B2916EAFC67} = {56D0316D-0ED2-41E8-8471-971ADE0FCDC5}
		{63ECD277-D26D-4306-A752-1246A35B63BD} = {56D0316D-0ED2-41E8-8471-971ADE0FCDC5}
		{D6110CB2-1E3C-41B8-8056-26A9C6DF07B3} = {56D0316D-0ED2-41E8-8471-971ADE0FCDC5}
		{787BEADF-BD8F-439B-99A3-B7F0B360DF55} = {56D0316D-0ED2-41E8-8471-971ADE0FCDC5}
		{2BF5A04B-77D0-435B-AE0F-D9E3C5370030} = {56D0316D-0ED2-41E8-8471-971ADE0FCDC5}
		{53CF0CDE-856B-4DC1-ABAE-9BD835C9C5D2} = {56D0316D-0ED2-41E8-8471-971ADE0FCDC5}
		{9EE96C6B-095A-4792-B247-2F7B28430A9B} = {56D0316D-0ED2-41E8-8471-971ADE0FCDC5}
		{23C18942-A815-425A-8975-D85304951D9F} = {14F03F70-53B2-4A8A-AD4F-BE5E11051D80}
		{0CC42F13-804D-4354-953E-09B09878E4D7} = {27891C76-B4BE-4887-996F-87819EB66285}
		{17B00AD4-E78B-4CA2-88D2-9101A372FEA5} = {56D0316D-0ED2-41E8-8471-971ADE0FCDC5}
		{00096530-6883-4BBA-87D8-D8F49FB41692} = {56D0316D-0ED2-41E8-8471-971ADE0FCDC5}
		{E6C5BFE0-B68E-427C-9A4C-8C801ED6CA9C} = {56D0316D-0ED2-41E8-8471-971ADE0FCDC5}
		{442A205A-2803-4EAE-9CC9-0E20A000FAE1} = {56D0316D-0ED2-41E8-8471-971ADE0FCDC5}
		{CF6EA71F-8570-42D0-BCC9-D35E58181E6E} = {56D0316D-0ED2-41E8-8471-971ADE0FCDC5}
		{5D52EAEC-42FB-4313-83B8-69E2F55EBF14} = {56D0316D-0ED2-41E8-8471-971ADE0FCDC5}
	EndGlobalSection
	GlobalSection(ExtensibilityGlobals) = postSolution
		SolutionGuid = {CE4C2131-D80F-4433-910C-04744A1FCCE8}
	EndGlobalSection
	GlobalSection(Performance) = preSolution
		HasPerformanceSessions = true
	EndGlobalSection
	GlobalSection(Performance) = preSolution
		HasPerformanceSessions = true
	EndGlobalSection
	GlobalSection(Performance) = preSolution
		HasPerformanceSessions = true
	EndGlobalSection
	GlobalSection(Performance) = preSolution
		HasPerformanceSessions = true
	EndGlobalSection
	GlobalSection(Performance) = preSolution
		HasPerformanceSessions = true
	EndGlobalSection
	GlobalSection(Performance) = preSolution
		HasPerformanceSessions = true
	EndGlobalSection
	GlobalSection(Performance) = preSolution
		HasPerformanceSessions = true
	EndGlobalSection
	GlobalSection(Performance) = preSolution
		HasPerformanceSessions = true
	EndGlobalSection
	GlobalSection(Performance) = preSolution
		HasPerformanceSessions = true
	EndGlobalSection
	GlobalSection(Performance) = preSolution
		HasPerformanceSessions = true
	EndGlobalSection
	GlobalSection(Performance) = preSolution
		HasPerformanceSessions = true
	EndGlobalSection
EndGlobal
