
Microsoft Visual Studio Solution File, Format Version 12.00
# Visual Studio Version 17
VisualStudioVersion = 17.2.32630.192
MinimumVisualStudioVersion = 10.0.40219.1
Project("{FAE04EC0-301F-11D3-BF4B-00C04F79EFBC}") = "MapCallApi", "MapCallApi\MapCallApi.csproj", "{1622517F-6086-4A69-9458-123376BBF162}"
EndProject
Project("{9A19103F-16F7-4668-BE54-9A1E7A4F7556}") = "MapCall.Common", "..\mmsinc\MapCall.Common\MapCall.Common.csproj", "{63ECD277-D26D-4306-A752-1246A35B63BD}"
EndProject
Project("{9A19103F-16F7-4668-BE54-9A1E7A4F7556}") = "MapCall.Common.Mvc", "..\mmsinc\MapCall.Common.Mvc\MapCall.Common.Mvc.csproj", "{2BF5A04B-77D0-435B-AE0F-D9E3C5370030}"
EndProject
Project("{FAE04EC0-301F-11D3-BF4B-00C04F79EFBC}") = "MMSINC.Core", "..\mmsinc\MMSINC.Core\MMSINC.Core.csproj", "{122B2768-130D-4BEE-A23A-9B2916EAFC67}"
EndProject
Project("{FAE04EC0-301F-11D3-BF4B-00C04F79EFBC}") = "MMSINC.Core.Mvc", "..\mmsinc\MMSINC.Core.Mvc\MMSINC.Core.Mvc.csproj", "{53CF0CDE-856B-4DC1-ABAE-9BD835C9C5D2}"
EndProject
Project("{FAE04EC0-301F-11D3-BF4B-00C04F79EFBC}") = "MapCallApi.Tests", "MapCallApi.Tests\MapCallApi.Tests.csproj", "{7E1A19E6-8134-43E0-8404-B5DD3FBED142}"
EndProject
Project("{9A19103F-16F7-4668-BE54-9A1E7A4F7556}") = "MapCall.Common.Testing", "..\mmsinc\MapCall.Common.Testing\MapCall.Common.Testing.csproj", "{00096530-6883-4BBA-87D8-D8F49FB41692}"
EndProject
Project("{FAE04EC0-301F-11D3-BF4B-00C04F79EFBC}") = "MMSINC.Testing", "..\mmsinc\MMSINC.Testing\MMSINC.Testing.csproj", "{D6110CB2-1E3C-41B8-8056-26A9C6DF07B3}"
EndProject
Project("{FAE04EC0-301F-11D3-BF4B-00C04F79EFBC}") = "MMSINC.Testing.Mvc", "..\mmsinc\MMSINC.Testing.Mvc\MMSINC.Testing.Mvc.csproj", "{E6C5BFE0-B68E-427C-9A4C-8C801ED6CA9C}"
EndProject
Project("{FAE04EC0-301F-11D3-BF4B-00C04F79EFBC}") = "Deleporter", "..\mmsinc\Deleporter\Deleporter.csproj", "{442A205A-2803-4EAE-9CC9-0E20A000FAE1}"
EndProject
Project("{FAE04EC0-301F-11D3-BF4B-00C04F79EFBC}") = "MapCallApi.Load.Tests", "MapCallApi.Load.Tests\MapCallApi.Load.Tests.csproj", "{E8DF1DD5-A3CD-4A5D-A631-538ABBC4D48E}"
EndProject
Project("{9A19103F-16F7-4668-BE54-9A1E7A4F7556}") = "MapCall.SAP", "..\mmsinc\MapCall.SAP\MapCall.SAP.csproj", "{9EE96C6B-095A-4792-B247-2F7B28430A9B}"
EndProject
Project("{2150E333-8FDC-42A3-9474-1A3956D46DE8}") = "lib", "lib", "{728FDE16-84F6-4166-A9EF-57FC09D90688}"
EndProject
Project("{2150E333-8FDC-42A3-9474-1A3956D46DE8}") = "src", "src", "{22E42B86-CFAE-4D99-A2FB-B46D164F5E7F}"
EndProject
Project("{2150E333-8FDC-42A3-9474-1A3956D46DE8}") = "tests", "tests", "{B5DCB36E-1924-49C6-8D79-A99E13F9BF77}"
EndProject
Project("{FAE04EC0-301F-11D3-BF4B-00C04F79EFBC}") = "AuthorizeNET", "..\mmsinc\Authorize.NET\AuthorizeNET.csproj", "{5D52EAEC-42FB-4313-83B8-69E2F55EBF14}"
EndProject
Project("{FAE04EC0-301F-11D3-BF4B-00C04F79EFBC}") = "FunctionalTests", "FunctionalTests\FunctionalTests.csproj", "{C64B6038-69D6-43C1-80D1-16B80BB7D689}"
EndProject
Global
	GlobalSection(SolutionConfigurationPlatforms) = preSolution
		Debug|x64 = Debug|x64
		QA2|x64 = QA2|x64
		QA3|x64 = QA3|x64
		QA4|x64 = QA4|x64
		Release|x64 = Release|x64
		Training|x64 = Training|x64
		QA1|x64 = QA1|x64
	EndGlobalSection
	GlobalSection(ProjectConfigurationPlatforms) = postSolution
		{1622517F-6086-4A69-9458-123376BBF162}.Debug|x64.ActiveCfg = Debug|x64
		{1622517F-6086-4A69-9458-123376BBF162}.Debug|x64.Build.0 = Debug|x64
		{1622517F-6086-4A69-9458-123376BBF162}.QA2|x64.ActiveCfg = QA2|x64
		{1622517F-6086-4A69-9458-123376BBF162}.QA2|x64.Build.0 = QA2|x64
		{1622517F-6086-4A69-9458-123376BBF162}.QA3|x64.ActiveCfg = QA3|x64
		{1622517F-6086-4A69-9458-123376BBF162}.QA3|x64.Build.0 = QA3|x64
		{1622517F-6086-4A69-9458-123376BBF162}.QA4|x64.ActiveCfg = QA4|x64
		{1622517F-6086-4A69-9458-123376BBF162}.QA4|x64.Build.0 = QA4|x64
		{1622517F-6086-4A69-9458-123376BBF162}.Release|x64.ActiveCfg = Release|x64
		{1622517F-6086-4A69-9458-123376BBF162}.Release|x64.Build.0 = Release|x64
		{1622517F-6086-4A69-9458-123376BBF162}.Training|x64.ActiveCfg = Training|x64
		{1622517F-6086-4A69-9458-123376BBF162}.Training|x64.Build.0 = Training|x64
		{1622517F-6086-4A69-9458-123376BBF162}.QA1|x64.ActiveCfg = QA1|x64
		{1622517F-6086-4A69-9458-123376BBF162}.QA1|x64.Build.0 = QA1|x64
		{63ECD277-D26D-4306-A752-1246A35B63BD}.Debug|x64.ActiveCfg = Debug|Any CPU
		{63ECD277-D26D-4306-A752-1246A35B63BD}.Debug|x64.Build.0 = Debug|Any CPU
		{63ECD277-D26D-4306-A752-1246A35B63BD}.QA2|x64.ActiveCfg = Debug|Any CPU
		{63ECD277-D26D-4306-A752-1246A35B63BD}.QA2|x64.Build.0 = Debug|Any CPU
		{63ECD277-D26D-4306-A752-1246A35B63BD}.QA3|x64.ActiveCfg = Debug|Any CPU
		{63ECD277-D26D-4306-A752-1246A35B63BD}.QA3|x64.Build.0 = Debug|Any CPU
		{63ECD277-D26D-4306-A752-1246A35B63BD}.QA4|x64.ActiveCfg = Debug|Any CPU
		{63ECD277-D26D-4306-A752-1246A35B63BD}.QA4|x64.Build.0 = Debug|Any CPU
		{63ECD277-D26D-4306-A752-1246A35B63BD}.Release|x64.ActiveCfg = Release|Any CPU
		{63ECD277-D26D-4306-A752-1246A35B63BD}.Release|x64.Build.0 = Release|Any CPU
		{63ECD277-D26D-4306-A752-1246A35B63BD}.Training|x64.ActiveCfg = Debug|Any CPU
		{63ECD277-D26D-4306-A752-1246A35B63BD}.Training|x64.Build.0 = Debug|Any CPU
		{63ECD277-D26D-4306-A752-1246A35B63BD}.QA1|x64.ActiveCfg = QA1|x64
		{63ECD277-D26D-4306-A752-1246A35B63BD}.QA1|x64.Build.0 = QA1|x64
		{2BF5A04B-77D0-435B-AE0F-D9E3C5370030}.Debug|x64.ActiveCfg = Debug|Any CPU
		{2BF5A04B-77D0-435B-AE0F-D9E3C5370030}.Debug|x64.Build.0 = Debug|Any CPU
		{2BF5A04B-77D0-435B-AE0F-D9E3C5370030}.QA2|x64.ActiveCfg = Debug|Any CPU
		{2BF5A04B-77D0-435B-AE0F-D9E3C5370030}.QA2|x64.Build.0 = Debug|Any CPU
		{2BF5A04B-77D0-435B-AE0F-D9E3C5370030}.QA3|x64.ActiveCfg = Debug|Any CPU
		{2BF5A04B-77D0-435B-AE0F-D9E3C5370030}.QA3|x64.Build.0 = Debug|Any CPU
		{2BF5A04B-77D0-435B-AE0F-D9E3C5370030}.QA4|x64.ActiveCfg = Debug|Any CPU
		{2BF5A04B-77D0-435B-AE0F-D9E3C5370030}.QA4|x64.Build.0 = Debug|Any CPU
		{2BF5A04B-77D0-435B-AE0F-D9E3C5370030}.Release|x64.ActiveCfg = Release|Any CPU
		{2BF5A04B-77D0-435B-AE0F-D9E3C5370030}.Release|x64.Build.0 = Release|Any CPU
		{2BF5A04B-77D0-435B-AE0F-D9E3C5370030}.Training|x64.ActiveCfg = Debug|Any CPU
		{2BF5A04B-77D0-435B-AE0F-D9E3C5370030}.Training|x64.Build.0 = Debug|Any CPU
		{2BF5A04B-77D0-435B-AE0F-D9E3C5370030}.QA1|x64.ActiveCfg = QA1|x64
		{2BF5A04B-77D0-435B-AE0F-D9E3C5370030}.QA1|x64.Build.0 = QA1|x64
		{122B2768-130D-4BEE-A23A-9B2916EAFC67}.Debug|x64.ActiveCfg = Debug|x64
		{122B2768-130D-4BEE-A23A-9B2916EAFC67}.Debug|x64.Build.0 = Debug|x64
		{122B2768-130D-4BEE-A23A-9B2916EAFC67}.QA2|x64.ActiveCfg = Debug|x64
		{122B2768-130D-4BEE-A23A-9B2916EAFC67}.QA2|x64.Build.0 = Debug|x64
		{122B2768-130D-4BEE-A23A-9B2916EAFC67}.QA3|x64.ActiveCfg = Debug|x64
		{122B2768-130D-4BEE-A23A-9B2916EAFC67}.QA3|x64.Build.0 = Debug|x64
		{122B2768-130D-4BEE-A23A-9B2916EAFC67}.QA4|x64.ActiveCfg = Debug|x64
		{122B2768-130D-4BEE-A23A-9B2916EAFC67}.QA4|x64.Build.0 = Debug|x64
		{122B2768-130D-4BEE-A23A-9B2916EAFC67}.Release|x64.ActiveCfg = Release|x64
		{122B2768-130D-4BEE-A23A-9B2916EAFC67}.Release|x64.Build.0 = Release|x64
		{122B2768-130D-4BEE-A23A-9B2916EAFC67}.Training|x64.ActiveCfg = Debug|x64
		{122B2768-130D-4BEE-A23A-9B2916EAFC67}.Training|x64.Build.0 = Debug|x64
		{122B2768-130D-4BEE-A23A-9B2916EAFC67}.QA1|x64.ActiveCfg = QA1|x64
		{122B2768-130D-4BEE-A23A-9B2916EAFC67}.QA1|x64.Build.0 = QA1|x64
		{53CF0CDE-856B-4DC1-ABAE-9BD835C9C5D2}.Debug|x64.ActiveCfg = Debug|x64
		{53CF0CDE-856B-4DC1-ABAE-9BD835C9C5D2}.Debug|x64.Build.0 = Debug|x64
		{53CF0CDE-856B-4DC1-ABAE-9BD835C9C5D2}.QA2|x64.ActiveCfg = Debug|x64
		{53CF0CDE-856B-4DC1-ABAE-9BD835C9C5D2}.QA2|x64.Build.0 = Debug|x64
		{53CF0CDE-856B-4DC1-ABAE-9BD835C9C5D2}.QA3|x64.ActiveCfg = Debug|x64
		{53CF0CDE-856B-4DC1-ABAE-9BD835C9C5D2}.QA3|x64.Build.0 = Debug|x64
		{53CF0CDE-856B-4DC1-ABAE-9BD835C9C5D2}.QA4|x64.ActiveCfg = Debug|x64
		{53CF0CDE-856B-4DC1-ABAE-9BD835C9C5D2}.QA4|x64.Build.0 = Debug|x64
		{53CF0CDE-856B-4DC1-ABAE-9BD835C9C5D2}.Release|x64.ActiveCfg = Release|x64
		{53CF0CDE-856B-4DC1-ABAE-9BD835C9C5D2}.Release|x64.Build.0 = Release|x64
		{53CF0CDE-856B-4DC1-ABAE-9BD835C9C5D2}.Training|x64.ActiveCfg = Debug|x64
		{53CF0CDE-856B-4DC1-ABAE-9BD835C9C5D2}.Training|x64.Build.0 = Debug|x64
		{53CF0CDE-856B-4DC1-ABAE-9BD835C9C5D2}.QA1|x64.ActiveCfg = QA1|x64
		{53CF0CDE-856B-4DC1-ABAE-9BD835C9C5D2}.QA1|x64.Build.0 = QA1|x64
		{7E1A19E6-8134-43E0-8404-B5DD3FBED142}.Debug|x64.ActiveCfg = Debug|x64
		{7E1A19E6-8134-43E0-8404-B5DD3FBED142}.Debug|x64.Build.0 = Debug|x64
		{7E1A19E6-8134-43E0-8404-B5DD3FBED142}.QA2|x64.ActiveCfg = QA2|x64
		{7E1A19E6-8134-43E0-8404-B5DD3FBED142}.QA3|x64.ActiveCfg = QA3|x64
		{7E1A19E6-8134-43E0-8404-B5DD3FBED142}.QA4|x64.ActiveCfg = QA4|x64
		{7E1A19E6-8134-43E0-8404-B5DD3FBED142}.Release|x64.ActiveCfg = Release|x64
		{7E1A19E6-8134-43E0-8404-B5DD3FBED142}.Training|x64.ActiveCfg = Training|x64
		{7E1A19E6-8134-43E0-8404-B5DD3FBED142}.QA1|x64.ActiveCfg = QA1|x64
		{00096530-6883-4BBA-87D8-D8F49FB41692}.Debug|x64.ActiveCfg = Debug|Any CPU
		{00096530-6883-4BBA-87D8-D8F49FB41692}.Debug|x64.Build.0 = Debug|Any CPU
		{00096530-6883-4BBA-87D8-D8F49FB41692}.QA2|x64.ActiveCfg = Debug|Any CPU
		{00096530-6883-4BBA-87D8-D8F49FB41692}.QA3|x64.ActiveCfg = Debug|Any CPU
		{00096530-6883-4BBA-87D8-D8F49FB41692}.QA4|x64.ActiveCfg = Debug|Any CPU
		{00096530-6883-4BBA-87D8-D8F49FB41692}.Release|x64.ActiveCfg = Release|Any CPU
		{00096530-6883-4BBA-87D8-D8F49FB41692}.Training|x64.ActiveCfg = Debug|Any CPU
		{00096530-6883-4BBA-87D8-D8F49FB41692}.QA1|x64.ActiveCfg = QA1|x64
		{D6110CB2-1E3C-41B8-8056-26A9C6DF07B3}.Debug|x64.ActiveCfg = Debug|x64
		{D6110CB2-1E3C-41B8-8056-26A9C6DF07B3}.Debug|x64.Build.0 = Debug|x64
		{D6110CB2-1E3C-41B8-8056-26A9C6DF07B3}.QA2|x64.ActiveCfg = QA2|x64
		{D6110CB2-1E3C-41B8-8056-26A9C6DF07B3}.QA3|x64.ActiveCfg = QA3|x64
		{D6110CB2-1E3C-41B8-8056-26A9C6DF07B3}.QA4|x64.ActiveCfg = QA4|x64
		{D6110CB2-1E3C-41B8-8056-26A9C6DF07B3}.Release|x64.ActiveCfg = Release|x64
		{D6110CB2-1E3C-41B8-8056-26A9C6DF07B3}.Training|x64.ActiveCfg = Training|x64
		{D6110CB2-1E3C-41B8-8056-26A9C6DF07B3}.QA1|x64.ActiveCfg = QA1|x64
		{E6C5BFE0-B68E-427C-9A4C-8C801ED6CA9C}.Debug|x64.ActiveCfg = Debug|x64
		{E6C5BFE0-B68E-427C-9A4C-8C801ED6CA9C}.Debug|x64.Build.0 = Debug|x64
		{E6C5BFE0-B68E-427C-9A4C-8C801ED6CA9C}.QA2|x64.ActiveCfg = QA2|x64
		{E6C5BFE0-B68E-427C-9A4C-8C801ED6CA9C}.QA3|x64.ActiveCfg = QA3|x64
		{E6C5BFE0-B68E-427C-9A4C-8C801ED6CA9C}.QA4|x64.ActiveCfg = QA4|x64
		{E6C5BFE0-B68E-427C-9A4C-8C801ED6CA9C}.Release|x64.ActiveCfg = Release|x64
		{E6C5BFE0-B68E-427C-9A4C-8C801ED6CA9C}.Training|x64.ActiveCfg = Training|x64
		{E6C5BFE0-B68E-427C-9A4C-8C801ED6CA9C}.QA1|x64.ActiveCfg = QA1|x64
		{442A205A-2803-4EAE-9CC9-0E20A000FAE1}.Debug|x64.ActiveCfg = Debug|x64
		{442A205A-2803-4EAE-9CC9-0E20A000FAE1}.Debug|x64.Build.0 = Debug|x64
		{442A205A-2803-4EAE-9CC9-0E20A000FAE1}.QA2|x64.ActiveCfg = QA2|x64
		{442A205A-2803-4EAE-9CC9-0E20A000FAE1}.QA3|x64.ActiveCfg = QA3|x64
		{442A205A-2803-4EAE-9CC9-0E20A000FAE1}.QA4|x64.ActiveCfg = QA4|x64
		{442A205A-2803-4EAE-9CC9-0E20A000FAE1}.Release|x64.ActiveCfg = Release|x64
		{442A205A-2803-4EAE-9CC9-0E20A000FAE1}.Training|x64.ActiveCfg = Training|x64
		{442A205A-2803-4EAE-9CC9-0E20A000FAE1}.Training|x64.Build.0 = Training|x64
		{442A205A-2803-4EAE-9CC9-0E20A000FAE1}.QA1|x64.ActiveCfg = QA1|x64
		{E8DF1DD5-A3CD-4A5D-A631-538ABBC4D48E}.Debug|x64.ActiveCfg = Debug|x64
		{E8DF1DD5-A3CD-4A5D-A631-538ABBC4D48E}.QA2|x64.ActiveCfg = Debug|x64
		{E8DF1DD5-A3CD-4A5D-A631-538ABBC4D48E}.QA3|x64.ActiveCfg = QA3|x64
		{E8DF1DD5-A3CD-4A5D-A631-538ABBC4D48E}.QA4|x64.ActiveCfg = QA4|x64
		{E8DF1DD5-A3CD-4A5D-A631-538ABBC4D48E}.Release|x64.ActiveCfg = Release|x64
		{E8DF1DD5-A3CD-4A5D-A631-538ABBC4D48E}.Training|x64.ActiveCfg = Training|x64
		{E8DF1DD5-A3CD-4A5D-A631-538ABBC4D48E}.QA1|x64.ActiveCfg = QA1|x64
		{9EE96C6B-095A-4792-B247-2F7B28430A9B}.Debug|x64.ActiveCfg = Debug|Any CPU
		{9EE96C6B-095A-4792-B247-2F7B28430A9B}.Debug|x64.Build.0 = Debug|Any CPU
		{9EE96C6B-095A-4792-B247-2F7B28430A9B}.QA2|x64.ActiveCfg = Debug|Any CPU
		{9EE96C6B-095A-4792-B247-2F7B28430A9B}.QA2|x64.Build.0 = Debug|Any CPU
		{9EE96C6B-095A-4792-B247-2F7B28430A9B}.QA3|x64.ActiveCfg = Debug|Any CPU
		{9EE96C6B-095A-4792-B247-2F7B28430A9B}.QA3|x64.Build.0 = Debug|Any CPU
		{9EE96C6B-095A-4792-B247-2F7B28430A9B}.QA4|x64.ActiveCfg = Debug|Any CPU
		{9EE96C6B-095A-4792-B247-2F7B28430A9B}.QA4|x64.Build.0 = Debug|Any CPU
		{9EE96C6B-095A-4792-B247-2F7B28430A9B}.Release|x64.ActiveCfg = Release|Any CPU
		{9EE96C6B-095A-4792-B247-2F7B28430A9B}.Release|x64.Build.0 = Release|Any CPU
		{9EE96C6B-095A-4792-B247-2F7B28430A9B}.Training|x64.ActiveCfg = Debug|Any CPU
		{9EE96C6B-095A-4792-B247-2F7B28430A9B}.Training|x64.Build.0 = Debug|Any CPU
		{9EE96C6B-095A-4792-B247-2F7B28430A9B}.QA1|x64.ActiveCfg = QA1|x64
		{9EE96C6B-095A-4792-B247-2F7B28430A9B}.QA1|x64.Build.0 = QA1|x64
		{5D52EAEC-42FB-4313-83B8-69E2F55EBF14}.Debug|x64.ActiveCfg = Debug|x64
		{5D52EAEC-42FB-4313-83B8-69E2F55EBF14}.Debug|x64.Build.0 = Debug|x64
		{5D52EAEC-42FB-4313-83B8-69E2F55EBF14}.QA2|x64.ActiveCfg = Debug|x64
		{5D52EAEC-42FB-4313-83B8-69E2F55EBF14}.QA2|x64.Build.0 = Debug|x64
		{5D52EAEC-42FB-4313-83B8-69E2F55EBF14}.QA3|x64.ActiveCfg = Debug|x64
		{5D52EAEC-42FB-4313-83B8-69E2F55EBF14}.QA3|x64.Build.0 = Debug|x64
		{5D52EAEC-42FB-4313-83B8-69E2F55EBF14}.QA4|x64.ActiveCfg = Debug|x64
		{5D52EAEC-42FB-4313-83B8-69E2F55EBF14}.QA4|x64.Build.0 = Debug|x64
		{5D52EAEC-42FB-4313-83B8-69E2F55EBF14}.Release|x64.ActiveCfg = Release|x64
		{5D52EAEC-42FB-4313-83B8-69E2F55EBF14}.Release|x64.Build.0 = Release|x64
		{5D52EAEC-42FB-4313-83B8-69E2F55EBF14}.Training|x64.ActiveCfg = Debug|x64
		{5D52EAEC-42FB-4313-83B8-69E2F55EBF14}.Training|x64.Build.0 = Debug|x64
		{5D52EAEC-42FB-4313-83B8-69E2F55EBF14}.QA1|x64.ActiveCfg = QA1|x64
		{5D52EAEC-42FB-4313-83B8-69E2F55EBF14}.QA1|x64.Build.0 = QA1|x64
		{C64B6038-69D6-43C1-80D1-16B80BB7D689}.Debug|x64.ActiveCfg = Debug|x64
		{C64B6038-69D6-43C1-80D1-16B80BB7D689}.Debug|x64.Build.0 = Debug|x64
		{C64B6038-69D6-43C1-80D1-16B80BB7D689}.QA2|x64.ActiveCfg = Debug|x64
		{C64B6038-69D6-43C1-80D1-16B80BB7D689}.QA3|x64.ActiveCfg = Debug|x64
		{C64B6038-69D6-43C1-80D1-16B80BB7D689}.QA4|x64.ActiveCfg = QA4|x64
		{C64B6038-69D6-43C1-80D1-16B80BB7D689}.Release|x64.ActiveCfg = Release|x64
		{C64B6038-69D6-43C1-80D1-16B80BB7D689}.Training|x64.ActiveCfg = Debug|x64
		{C64B6038-69D6-43C1-80D1-16B80BB7D689}.QA1|x64.ActiveCfg = QA1|x64
	EndGlobalSection
	GlobalSection(SolutionProperties) = preSolution
		HideSolutionNode = FALSE
	EndGlobalSection
	GlobalSection(NestedProjects) = preSolution
		{1622517F-6086-4A69-9458-123376BBF162} = {22E42B86-CFAE-4D99-A2FB-B46D164F5E7F}
		{63ECD277-D26D-4306-A752-1246A35B63BD} = {728FDE16-84F6-4166-A9EF-57FC09D90688}
		{2BF5A04B-77D0-435B-AE0F-D9E3C5370030} = {728FDE16-84F6-4166-A9EF-57FC09D90688}
		{122B2768-130D-4BEE-A23A-9B2916EAFC67} = {728FDE16-84F6-4166-A9EF-57FC09D90688}
		{53CF0CDE-856B-4DC1-ABAE-9BD835C9C5D2} = {728FDE16-84F6-4166-A9EF-57FC09D90688}
		{7E1A19E6-8134-43E0-8404-B5DD3FBED142} = {B5DCB36E-1924-49C6-8D79-A99E13F9BF77}
		{00096530-6883-4BBA-87D8-D8F49FB41692} = {728FDE16-84F6-4166-A9EF-57FC09D90688}
		{D6110CB2-1E3C-41B8-8056-26A9C6DF07B3} = {728FDE16-84F6-4166-A9EF-57FC09D90688}
		{E6C5BFE0-B68E-427C-9A4C-8C801ED6CA9C} = {728FDE16-84F6-4166-A9EF-57FC09D90688}
		{442A205A-2803-4EAE-9CC9-0E20A000FAE1} = {728FDE16-84F6-4166-A9EF-57FC09D90688}
		{E8DF1DD5-A3CD-4A5D-A631-538ABBC4D48E} = {B5DCB36E-1924-49C6-8D79-A99E13F9BF77}
		{9EE96C6B-095A-4792-B247-2F7B28430A9B} = {728FDE16-84F6-4166-A9EF-57FC09D90688}
		{5D52EAEC-42FB-4313-83B8-69E2F55EBF14} = {728FDE16-84F6-4166-A9EF-57FC09D90688}
		{C64B6038-69D6-43C1-80D1-16B80BB7D689} = {B5DCB36E-1924-49C6-8D79-A99E13F9BF77}
	EndGlobalSection
	GlobalSection(ExtensibilityGlobals) = postSolution
		SolutionGuid = {24ED0D22-ED19-4445-8B00-63830E61316F}
	EndGlobalSection
EndGlobal
